
Microsoft Visual Studio Solution File, Format Version 12.00
# Visual Studio Version 16
VisualStudioVersion = 16.0.28729.10
MinimumVisualStudioVersion = 10.0.40219.1
Project("{9A19103F-16F7-4668-BE54-9A1E7A4F7556}") = "kh.kh2", "kh.kh2\kh.kh2.csproj", "{D5B36CD1-5B5D-4CE9-A673-209AD386D68A}"
EndProject
Project("{2150E333-8FDC-42A3-9474-1A3956D46DE8}") = "Solution Items", "Solution Items", "{DC4CA2F6-9A43-4112-92A8-8ACFF5E6C5A2}"
	ProjectSection(SolutionItems) = preProject
		LICENSE = LICENSE
		README.md = README.md
	EndProjectSection
EndProject
Project("{FAE04EC0-301F-11D3-BF4B-00C04F79EFBC}") = "kh.tools.bar", "kh.tools.bar\kh.tools.bar.csproj", "{5A6A483A-527E-4B96-9174-F0E648BCA950}"
EndProject
Project("{9A19103F-16F7-4668-BE54-9A1E7A4F7556}") = "Xe", "XeEngine.Tools.Public\Xe\Xe.csproj", "{E3882222-BB73-4FBE-9185-BB5C76E56912}"
EndProject
Project("{FAE04EC0-301F-11D3-BF4B-00C04F79EFBC}") = "Xe.Tools.Wpf", "XeEngine.Tools.Public\Xe.Tools.Wpf\Xe.Tools.Wpf.csproj", "{F6E4E1DF-ACC6-4DDE-912F-C6465CB3D393}"
EndProject
Project("{9A19103F-16F7-4668-BE54-9A1E7A4F7556}") = "Xe.Tools", "XeEngine.Tools.Public\Xe.Tools\Xe.Tools.csproj", "{C02F5C8B-16A0-4591-A65D-8A7E845D5F59}"
EndProject
Project("{FAE04EC0-301F-11D3-BF4B-00C04F79EFBC}") = "kh.tools.imgd", "kh.tools.imgd\kh.tools.imgd.csproj", "{321FE2DC-2A1E-4AE1-8188-22C781D18283}"
EndProject
Project("{FAE04EC0-301F-11D3-BF4B-00C04F79EFBC}") = "kh.tools.imgz", "kh.tools.imgz\kh.tools.imgz.csproj", "{9CC152F7-1517-46FE-9C1B-C53FCE34E648}"
EndProject
Project("{FAE04EC0-301F-11D3-BF4B-00C04F79EFBC}") = "ConsoleApp1", "ConsoleApp1\ConsoleApp1.csproj", "{812E9C9B-C5AA-459B-9C30-FCAE79A0B3B9}"
EndProject
Project("{FAE04EC0-301F-11D3-BF4B-00C04F79EFBC}") = "kh.tools.dpd", "kh.tools.dpd\kh.tools.dpd.csproj", "{CC70D894-EAFB-43F8-9DF3-3AC6DE95E093}"
EndProject
Project("{9A19103F-16F7-4668-BE54-9A1E7A4F7556}") = "kh.tests", "kh.tests\kh.tests.csproj", "{B2B253FE-1A8D-473D-9501-748C2E37E34D}"
EndProject
Project("{9A19103F-16F7-4668-BE54-9A1E7A4F7556}") = "GenerateKh2FilesMarkdown", "GenerateKh2FilesMarkdown\GenerateKh2FilesMarkdown.csproj", "{64B4B066-DFD5-469A-9259-DA1E57BD0984}"
EndProject
Project("{2150E333-8FDC-42A3-9474-1A3956D46DE8}") = "Research", "Research", "{9AEB4887-7C23-4992-A26D-A1E73DC4FE53}"
EndProject
Project("{9A19103F-16F7-4668-BE54-9A1E7A4F7556}") = "BruteforceKh2Names", "BruteforceKh2Names\BruteforceKh2Names.csproj", "{8171D53D-5329-4809-9716-66FE5EFE4CE7}"
EndProject
Project("{9A19103F-16F7-4668-BE54-9A1E7A4F7556}") = "BruteforceKh2Names.Tests", "BruteforceKh2Names.Tests\BruteforceKh2Names.Tests.csproj", "{8CA56F52-E3C1-42F8-9385-60861FC6DBF9}"
EndProject
Project("{FAE04EC0-301F-11D3-BF4B-00C04F79EFBC}") = "kh.cmd.idximg", "kh.cmd.idximg\kh.cmd.idximg.csproj", "{11D9F155-69EA-4486-908B-51CB799E4E01}"
EndProject
Global
	GlobalSection(SolutionConfigurationPlatforms) = preSolution
		Debug|Any CPU = Debug|Any CPU
		Debug|ARM = Debug|ARM
		Debug|x64 = Debug|x64
		Debug|x86 = Debug|x86
		Release|Any CPU = Release|Any CPU
		Release|ARM = Release|ARM
		Release|x64 = Release|x64
		Release|x86 = Release|x86
	EndGlobalSection
	GlobalSection(ProjectConfigurationPlatforms) = postSolution
		{D5B36CD1-5B5D-4CE9-A673-209AD386D68A}.Debug|Any CPU.ActiveCfg = Debug|Any CPU
		{D5B36CD1-5B5D-4CE9-A673-209AD386D68A}.Debug|Any CPU.Build.0 = Debug|Any CPU
		{D5B36CD1-5B5D-4CE9-A673-209AD386D68A}.Debug|ARM.ActiveCfg = Debug|Any CPU
		{D5B36CD1-5B5D-4CE9-A673-209AD386D68A}.Debug|ARM.Build.0 = Debug|Any CPU
		{D5B36CD1-5B5D-4CE9-A673-209AD386D68A}.Debug|x64.ActiveCfg = Debug|Any CPU
		{D5B36CD1-5B5D-4CE9-A673-209AD386D68A}.Debug|x64.Build.0 = Debug|Any CPU
		{D5B36CD1-5B5D-4CE9-A673-209AD386D68A}.Debug|x86.ActiveCfg = Debug|Any CPU
		{D5B36CD1-5B5D-4CE9-A673-209AD386D68A}.Debug|x86.Build.0 = Debug|Any CPU
		{D5B36CD1-5B5D-4CE9-A673-209AD386D68A}.Release|Any CPU.ActiveCfg = Release|Any CPU
		{D5B36CD1-5B5D-4CE9-A673-209AD386D68A}.Release|Any CPU.Build.0 = Release|Any CPU
		{D5B36CD1-5B5D-4CE9-A673-209AD386D68A}.Release|ARM.ActiveCfg = Release|Any CPU
		{D5B36CD1-5B5D-4CE9-A673-209AD386D68A}.Release|ARM.Build.0 = Release|Any CPU
		{D5B36CD1-5B5D-4CE9-A673-209AD386D68A}.Release|x64.ActiveCfg = Release|Any CPU
		{D5B36CD1-5B5D-4CE9-A673-209AD386D68A}.Release|x64.Build.0 = Release|Any CPU
		{D5B36CD1-5B5D-4CE9-A673-209AD386D68A}.Release|x86.ActiveCfg = Release|Any CPU
		{D5B36CD1-5B5D-4CE9-A673-209AD386D68A}.Release|x86.Build.0 = Release|Any CPU
		{5A6A483A-527E-4B96-9174-F0E648BCA950}.Debug|Any CPU.ActiveCfg = Debug|Any CPU
		{5A6A483A-527E-4B96-9174-F0E648BCA950}.Debug|Any CPU.Build.0 = Debug|Any CPU
		{5A6A483A-527E-4B96-9174-F0E648BCA950}.Debug|ARM.ActiveCfg = Debug|Any CPU
		{5A6A483A-527E-4B96-9174-F0E648BCA950}.Debug|ARM.Build.0 = Debug|Any CPU
		{5A6A483A-527E-4B96-9174-F0E648BCA950}.Debug|x64.ActiveCfg = Debug|Any CPU
		{5A6A483A-527E-4B96-9174-F0E648BCA950}.Debug|x64.Build.0 = Debug|Any CPU
		{5A6A483A-527E-4B96-9174-F0E648BCA950}.Debug|x86.ActiveCfg = Debug|Any CPU
		{5A6A483A-527E-4B96-9174-F0E648BCA950}.Debug|x86.Build.0 = Debug|Any CPU
		{5A6A483A-527E-4B96-9174-F0E648BCA950}.Release|Any CPU.ActiveCfg = Release|Any CPU
		{5A6A483A-527E-4B96-9174-F0E648BCA950}.Release|Any CPU.Build.0 = Release|Any CPU
		{5A6A483A-527E-4B96-9174-F0E648BCA950}.Release|ARM.ActiveCfg = Release|Any CPU
		{5A6A483A-527E-4B96-9174-F0E648BCA950}.Release|ARM.Build.0 = Release|Any CPU
		{5A6A483A-527E-4B96-9174-F0E648BCA950}.Release|x64.ActiveCfg = Release|Any CPU
		{5A6A483A-527E-4B96-9174-F0E648BCA950}.Release|x64.Build.0 = Release|Any CPU
		{5A6A483A-527E-4B96-9174-F0E648BCA950}.Release|x86.ActiveCfg = Release|Any CPU
		{5A6A483A-527E-4B96-9174-F0E648BCA950}.Release|x86.Build.0 = Release|Any CPU
		{E3882222-BB73-4FBE-9185-BB5C76E56912}.Debug|Any CPU.ActiveCfg = Debug|Any CPU
		{E3882222-BB73-4FBE-9185-BB5C76E56912}.Debug|Any CPU.Build.0 = Debug|Any CPU
		{E3882222-BB73-4FBE-9185-BB5C76E56912}.Debug|ARM.ActiveCfg = Debug|Any CPU
		{E3882222-BB73-4FBE-9185-BB5C76E56912}.Debug|ARM.Build.0 = Debug|Any CPU
		{E3882222-BB73-4FBE-9185-BB5C76E56912}.Debug|x64.ActiveCfg = Debug|Any CPU
		{E3882222-BB73-4FBE-9185-BB5C76E56912}.Debug|x64.Build.0 = Debug|Any CPU
		{E3882222-BB73-4FBE-9185-BB5C76E56912}.Debug|x86.ActiveCfg = Debug|Any CPU
		{E3882222-BB73-4FBE-9185-BB5C76E56912}.Debug|x86.Build.0 = Debug|Any CPU
		{E3882222-BB73-4FBE-9185-BB5C76E56912}.Release|Any CPU.ActiveCfg = Release|Any CPU
		{E3882222-BB73-4FBE-9185-BB5C76E56912}.Release|Any CPU.Build.0 = Release|Any CPU
		{E3882222-BB73-4FBE-9185-BB5C76E56912}.Release|ARM.ActiveCfg = Release|Any CPU
		{E3882222-BB73-4FBE-9185-BB5C76E56912}.Release|ARM.Build.0 = Release|Any CPU
		{E3882222-BB73-4FBE-9185-BB5C76E56912}.Release|x64.ActiveCfg = Release|Any CPU
		{E3882222-BB73-4FBE-9185-BB5C76E56912}.Release|x64.Build.0 = Release|Any CPU
		{E3882222-BB73-4FBE-9185-BB5C76E56912}.Release|x86.ActiveCfg = Release|Any CPU
		{E3882222-BB73-4FBE-9185-BB5C76E56912}.Release|x86.Build.0 = Release|Any CPU
		{F6E4E1DF-ACC6-4DDE-912F-C6465CB3D393}.Debug|Any CPU.ActiveCfg = Debug|Any CPU
		{F6E4E1DF-ACC6-4DDE-912F-C6465CB3D393}.Debug|Any CPU.Build.0 = Debug|Any CPU
		{F6E4E1DF-ACC6-4DDE-912F-C6465CB3D393}.Debug|ARM.ActiveCfg = Debug|Any CPU
		{F6E4E1DF-ACC6-4DDE-912F-C6465CB3D393}.Debug|ARM.Build.0 = Debug|Any CPU
		{F6E4E1DF-ACC6-4DDE-912F-C6465CB3D393}.Debug|x64.ActiveCfg = Debug|Any CPU
		{F6E4E1DF-ACC6-4DDE-912F-C6465CB3D393}.Debug|x64.Build.0 = Debug|Any CPU
		{F6E4E1DF-ACC6-4DDE-912F-C6465CB3D393}.Debug|x86.ActiveCfg = Debug|Any CPU
		{F6E4E1DF-ACC6-4DDE-912F-C6465CB3D393}.Debug|x86.Build.0 = Debug|Any CPU
		{F6E4E1DF-ACC6-4DDE-912F-C6465CB3D393}.Release|Any CPU.ActiveCfg = Release|Any CPU
		{F6E4E1DF-ACC6-4DDE-912F-C6465CB3D393}.Release|Any CPU.Build.0 = Release|Any CPU
		{F6E4E1DF-ACC6-4DDE-912F-C6465CB3D393}.Release|ARM.ActiveCfg = Release|Any CPU
		{F6E4E1DF-ACC6-4DDE-912F-C6465CB3D393}.Release|ARM.Build.0 = Release|Any CPU
		{F6E4E1DF-ACC6-4DDE-912F-C6465CB3D393}.Release|x64.ActiveCfg = Release|Any CPU
		{F6E4E1DF-ACC6-4DDE-912F-C6465CB3D393}.Release|x64.Build.0 = Release|Any CPU
		{F6E4E1DF-ACC6-4DDE-912F-C6465CB3D393}.Release|x86.ActiveCfg = Release|Any CPU
		{F6E4E1DF-ACC6-4DDE-912F-C6465CB3D393}.Release|x86.Build.0 = Release|Any CPU
		{C02F5C8B-16A0-4591-A65D-8A7E845D5F59}.Debug|Any CPU.ActiveCfg = Debug|Any CPU
		{C02F5C8B-16A0-4591-A65D-8A7E845D5F59}.Debug|Any CPU.Build.0 = Debug|Any CPU
		{C02F5C8B-16A0-4591-A65D-8A7E845D5F59}.Debug|ARM.ActiveCfg = Debug|Any CPU
		{C02F5C8B-16A0-4591-A65D-8A7E845D5F59}.Debug|ARM.Build.0 = Debug|Any CPU
		{C02F5C8B-16A0-4591-A65D-8A7E845D5F59}.Debug|x64.ActiveCfg = Debug|Any CPU
		{C02F5C8B-16A0-4591-A65D-8A7E845D5F59}.Debug|x64.Build.0 = Debug|Any CPU
		{C02F5C8B-16A0-4591-A65D-8A7E845D5F59}.Debug|x86.ActiveCfg = Debug|Any CPU
		{C02F5C8B-16A0-4591-A65D-8A7E845D5F59}.Debug|x86.Build.0 = Debug|Any CPU
		{C02F5C8B-16A0-4591-A65D-8A7E845D5F59}.Release|Any CPU.ActiveCfg = Release|Any CPU
		{C02F5C8B-16A0-4591-A65D-8A7E845D5F59}.Release|Any CPU.Build.0 = Release|Any CPU
		{C02F5C8B-16A0-4591-A65D-8A7E845D5F59}.Release|ARM.ActiveCfg = Release|Any CPU
		{C02F5C8B-16A0-4591-A65D-8A7E845D5F59}.Release|ARM.Build.0 = Release|Any CPU
		{C02F5C8B-16A0-4591-A65D-8A7E845D5F59}.Release|x64.ActiveCfg = Release|Any CPU
		{C02F5C8B-16A0-4591-A65D-8A7E845D5F59}.Release|x64.Build.0 = Release|Any CPU
		{C02F5C8B-16A0-4591-A65D-8A7E845D5F59}.Release|x86.ActiveCfg = Release|Any CPU
		{C02F5C8B-16A0-4591-A65D-8A7E845D5F59}.Release|x86.Build.0 = Release|Any CPU
		{321FE2DC-2A1E-4AE1-8188-22C781D18283}.Debug|Any CPU.ActiveCfg = Debug|Any CPU
		{321FE2DC-2A1E-4AE1-8188-22C781D18283}.Debug|Any CPU.Build.0 = Debug|Any CPU
		{321FE2DC-2A1E-4AE1-8188-22C781D18283}.Debug|ARM.ActiveCfg = Debug|Any CPU
		{321FE2DC-2A1E-4AE1-8188-22C781D18283}.Debug|ARM.Build.0 = Debug|Any CPU
		{321FE2DC-2A1E-4AE1-8188-22C781D18283}.Debug|x64.ActiveCfg = Debug|Any CPU
		{321FE2DC-2A1E-4AE1-8188-22C781D18283}.Debug|x64.Build.0 = Debug|Any CPU
		{321FE2DC-2A1E-4AE1-8188-22C781D18283}.Debug|x86.ActiveCfg = Debug|Any CPU
		{321FE2DC-2A1E-4AE1-8188-22C781D18283}.Debug|x86.Build.0 = Debug|Any CPU
		{321FE2DC-2A1E-4AE1-8188-22C781D18283}.Release|Any CPU.ActiveCfg = Release|Any CPU
		{321FE2DC-2A1E-4AE1-8188-22C781D18283}.Release|Any CPU.Build.0 = Release|Any CPU
		{321FE2DC-2A1E-4AE1-8188-22C781D18283}.Release|ARM.ActiveCfg = Release|Any CPU
		{321FE2DC-2A1E-4AE1-8188-22C781D18283}.Release|ARM.Build.0 = Release|Any CPU
		{321FE2DC-2A1E-4AE1-8188-22C781D18283}.Release|x64.ActiveCfg = Release|Any CPU
		{321FE2DC-2A1E-4AE1-8188-22C781D18283}.Release|x64.Build.0 = Release|Any CPU
		{321FE2DC-2A1E-4AE1-8188-22C781D18283}.Release|x86.ActiveCfg = Release|Any CPU
		{321FE2DC-2A1E-4AE1-8188-22C781D18283}.Release|x86.Build.0 = Release|Any CPU
		{9CC152F7-1517-46FE-9C1B-C53FCE34E648}.Debug|Any CPU.ActiveCfg = Debug|Any CPU
		{9CC152F7-1517-46FE-9C1B-C53FCE34E648}.Debug|Any CPU.Build.0 = Debug|Any CPU
		{9CC152F7-1517-46FE-9C1B-C53FCE34E648}.Debug|ARM.ActiveCfg = Debug|Any CPU
		{9CC152F7-1517-46FE-9C1B-C53FCE34E648}.Debug|ARM.Build.0 = Debug|Any CPU
		{9CC152F7-1517-46FE-9C1B-C53FCE34E648}.Debug|x64.ActiveCfg = Debug|Any CPU
		{9CC152F7-1517-46FE-9C1B-C53FCE34E648}.Debug|x64.Build.0 = Debug|Any CPU
		{9CC152F7-1517-46FE-9C1B-C53FCE34E648}.Debug|x86.ActiveCfg = Debug|Any CPU
		{9CC152F7-1517-46FE-9C1B-C53FCE34E648}.Debug|x86.Build.0 = Debug|Any CPU
		{9CC152F7-1517-46FE-9C1B-C53FCE34E648}.Release|Any CPU.ActiveCfg = Release|Any CPU
		{9CC152F7-1517-46FE-9C1B-C53FCE34E648}.Release|Any CPU.Build.0 = Release|Any CPU
		{9CC152F7-1517-46FE-9C1B-C53FCE34E648}.Release|ARM.ActiveCfg = Release|Any CPU
		{9CC152F7-1517-46FE-9C1B-C53FCE34E648}.Release|ARM.Build.0 = Release|Any CPU
		{9CC152F7-1517-46FE-9C1B-C53FCE34E648}.Release|x64.ActiveCfg = Release|Any CPU
		{9CC152F7-1517-46FE-9C1B-C53FCE34E648}.Release|x64.Build.0 = Release|Any CPU
		{9CC152F7-1517-46FE-9C1B-C53FCE34E648}.Release|x86.ActiveCfg = Release|Any CPU
		{9CC152F7-1517-46FE-9C1B-C53FCE34E648}.Release|x86.Build.0 = Release|Any CPU
		{812E9C9B-C5AA-459B-9C30-FCAE79A0B3B9}.Debug|Any CPU.ActiveCfg = Debug|Any CPU
		{812E9C9B-C5AA-459B-9C30-FCAE79A0B3B9}.Debug|Any CPU.Build.0 = Debug|Any CPU
		{812E9C9B-C5AA-459B-9C30-FCAE79A0B3B9}.Debug|ARM.ActiveCfg = Debug|Any CPU
		{812E9C9B-C5AA-459B-9C30-FCAE79A0B3B9}.Debug|ARM.Build.0 = Debug|Any CPU
		{812E9C9B-C5AA-459B-9C30-FCAE79A0B3B9}.Debug|x64.ActiveCfg = Debug|Any CPU
		{812E9C9B-C5AA-459B-9C30-FCAE79A0B3B9}.Debug|x64.Build.0 = Debug|Any CPU
		{812E9C9B-C5AA-459B-9C30-FCAE79A0B3B9}.Debug|x86.ActiveCfg = Debug|Any CPU
		{812E9C9B-C5AA-459B-9C30-FCAE79A0B3B9}.Debug|x86.Build.0 = Debug|Any CPU
		{812E9C9B-C5AA-459B-9C30-FCAE79A0B3B9}.Release|Any CPU.ActiveCfg = Release|Any CPU
		{812E9C9B-C5AA-459B-9C30-FCAE79A0B3B9}.Release|Any CPU.Build.0 = Release|Any CPU
		{812E9C9B-C5AA-459B-9C30-FCAE79A0B3B9}.Release|ARM.ActiveCfg = Release|Any CPU
		{812E9C9B-C5AA-459B-9C30-FCAE79A0B3B9}.Release|ARM.Build.0 = Release|Any CPU
		{812E9C9B-C5AA-459B-9C30-FCAE79A0B3B9}.Release|x64.ActiveCfg = Release|Any CPU
		{812E9C9B-C5AA-459B-9C30-FCAE79A0B3B9}.Release|x64.Build.0 = Release|Any CPU
		{812E9C9B-C5AA-459B-9C30-FCAE79A0B3B9}.Release|x86.ActiveCfg = Release|Any CPU
		{812E9C9B-C5AA-459B-9C30-FCAE79A0B3B9}.Release|x86.Build.0 = Release|Any CPU
		{CC70D894-EAFB-43F8-9DF3-3AC6DE95E093}.Debug|Any CPU.ActiveCfg = Debug|Any CPU
		{CC70D894-EAFB-43F8-9DF3-3AC6DE95E093}.Debug|Any CPU.Build.0 = Debug|Any CPU
		{CC70D894-EAFB-43F8-9DF3-3AC6DE95E093}.Debug|ARM.ActiveCfg = Debug|Any CPU
		{CC70D894-EAFB-43F8-9DF3-3AC6DE95E093}.Debug|ARM.Build.0 = Debug|Any CPU
		{CC70D894-EAFB-43F8-9DF3-3AC6DE95E093}.Debug|x64.ActiveCfg = Debug|Any CPU
		{CC70D894-EAFB-43F8-9DF3-3AC6DE95E093}.Debug|x64.Build.0 = Debug|Any CPU
		{CC70D894-EAFB-43F8-9DF3-3AC6DE95E093}.Debug|x86.ActiveCfg = Debug|Any CPU
		{CC70D894-EAFB-43F8-9DF3-3AC6DE95E093}.Debug|x86.Build.0 = Debug|Any CPU
		{CC70D894-EAFB-43F8-9DF3-3AC6DE95E093}.Release|Any CPU.ActiveCfg = Release|Any CPU
		{CC70D894-EAFB-43F8-9DF3-3AC6DE95E093}.Release|Any CPU.Build.0 = Release|Any CPU
		{CC70D894-EAFB-43F8-9DF3-3AC6DE95E093}.Release|ARM.ActiveCfg = Release|Any CPU
		{CC70D894-EAFB-43F8-9DF3-3AC6DE95E093}.Release|ARM.Build.0 = Release|Any CPU
		{CC70D894-EAFB-43F8-9DF3-3AC6DE95E093}.Release|x64.ActiveCfg = Release|Any CPU
		{CC70D894-EAFB-43F8-9DF3-3AC6DE95E093}.Release|x64.Build.0 = Release|Any CPU
		{CC70D894-EAFB-43F8-9DF3-3AC6DE95E093}.Release|x86.ActiveCfg = Release|Any CPU
		{CC70D894-EAFB-43F8-9DF3-3AC6DE95E093}.Release|x86.Build.0 = Release|Any CPU
		{B2B253FE-1A8D-473D-9501-748C2E37E34D}.Debug|Any CPU.ActiveCfg = Debug|Any CPU
		{B2B253FE-1A8D-473D-9501-748C2E37E34D}.Debug|Any CPU.Build.0 = Debug|Any CPU
		{B2B253FE-1A8D-473D-9501-748C2E37E34D}.Debug|ARM.ActiveCfg = Debug|Any CPU
		{B2B253FE-1A8D-473D-9501-748C2E37E34D}.Debug|ARM.Build.0 = Debug|Any CPU
		{B2B253FE-1A8D-473D-9501-748C2E37E34D}.Debug|x64.ActiveCfg = Debug|Any CPU
		{B2B253FE-1A8D-473D-9501-748C2E37E34D}.Debug|x64.Build.0 = Debug|Any CPU
		{B2B253FE-1A8D-473D-9501-748C2E37E34D}.Debug|x86.ActiveCfg = Debug|Any CPU
		{B2B253FE-1A8D-473D-9501-748C2E37E34D}.Debug|x86.Build.0 = Debug|Any CPU
		{B2B253FE-1A8D-473D-9501-748C2E37E34D}.Release|Any CPU.ActiveCfg = Release|Any CPU
		{B2B253FE-1A8D-473D-9501-748C2E37E34D}.Release|Any CPU.Build.0 = Release|Any CPU
		{B2B253FE-1A8D-473D-9501-748C2E37E34D}.Release|ARM.ActiveCfg = Release|Any CPU
		{B2B253FE-1A8D-473D-9501-748C2E37E34D}.Release|ARM.Build.0 = Release|Any CPU
		{B2B253FE-1A8D-473D-9501-748C2E37E34D}.Release|x64.ActiveCfg = Release|Any CPU
		{B2B253FE-1A8D-473D-9501-748C2E37E34D}.Release|x64.Build.0 = Release|Any CPU
		{B2B253FE-1A8D-473D-9501-748C2E37E34D}.Release|x86.ActiveCfg = Release|Any CPU
		{B2B253FE-1A8D-473D-9501-748C2E37E34D}.Release|x86.Build.0 = Release|Any CPU
		{64B4B066-DFD5-469A-9259-DA1E57BD0984}.Debug|Any CPU.ActiveCfg = Debug|Any CPU
		{64B4B066-DFD5-469A-9259-DA1E57BD0984}.Debug|Any CPU.Build.0 = Debug|Any CPU
		{64B4B066-DFD5-469A-9259-DA1E57BD0984}.Debug|ARM.ActiveCfg = Debug|Any CPU
		{64B4B066-DFD5-469A-9259-DA1E57BD0984}.Debug|ARM.Build.0 = Debug|Any CPU
		{64B4B066-DFD5-469A-9259-DA1E57BD0984}.Debug|x64.ActiveCfg = Debug|Any CPU
		{64B4B066-DFD5-469A-9259-DA1E57BD0984}.Debug|x64.Build.0 = Debug|Any CPU
		{64B4B066-DFD5-469A-9259-DA1E57BD0984}.Debug|x86.ActiveCfg = Debug|Any CPU
		{64B4B066-DFD5-469A-9259-DA1E57BD0984}.Debug|x86.Build.0 = Debug|Any CPU
		{64B4B066-DFD5-469A-9259-DA1E57BD0984}.Release|Any CPU.ActiveCfg = Release|Any CPU
		{64B4B066-DFD5-469A-9259-DA1E57BD0984}.Release|Any CPU.Build.0 = Release|Any CPU
		{64B4B066-DFD5-469A-9259-DA1E57BD0984}.Release|ARM.ActiveCfg = Release|Any CPU
		{64B4B066-DFD5-469A-9259-DA1E57BD0984}.Release|ARM.Build.0 = Release|Any CPU
		{64B4B066-DFD5-469A-9259-DA1E57BD0984}.Release|x64.ActiveCfg = Release|Any CPU
		{64B4B066-DFD5-469A-9259-DA1E57BD0984}.Release|x64.Build.0 = Release|Any CPU
		{64B4B066-DFD5-469A-9259-DA1E57BD0984}.Release|x86.ActiveCfg = Release|Any CPU
		{64B4B066-DFD5-469A-9259-DA1E57BD0984}.Release|x86.Build.0 = Release|Any CPU
		{8171D53D-5329-4809-9716-66FE5EFE4CE7}.Debug|Any CPU.ActiveCfg = Debug|Any CPU
		{8171D53D-5329-4809-9716-66FE5EFE4CE7}.Debug|Any CPU.Build.0 = Debug|Any CPU
		{8171D53D-5329-4809-9716-66FE5EFE4CE7}.Debug|ARM.ActiveCfg = Debug|Any CPU
		{8171D53D-5329-4809-9716-66FE5EFE4CE7}.Debug|ARM.Build.0 = Debug|Any CPU
		{8171D53D-5329-4809-9716-66FE5EFE4CE7}.Debug|x64.ActiveCfg = Debug|Any CPU
		{8171D53D-5329-4809-9716-66FE5EFE4CE7}.Debug|x64.Build.0 = Debug|Any CPU
		{8171D53D-5329-4809-9716-66FE5EFE4CE7}.Debug|x86.ActiveCfg = Debug|Any CPU
		{8171D53D-5329-4809-9716-66FE5EFE4CE7}.Debug|x86.Build.0 = Debug|Any CPU
		{8171D53D-5329-4809-9716-66FE5EFE4CE7}.Release|Any CPU.ActiveCfg = Release|Any CPU
		{8171D53D-5329-4809-9716-66FE5EFE4CE7}.Release|Any CPU.Build.0 = Release|Any CPU
		{8171D53D-5329-4809-9716-66FE5EFE4CE7}.Release|ARM.ActiveCfg = Release|Any CPU
		{8171D53D-5329-4809-9716-66FE5EFE4CE7}.Release|ARM.Build.0 = Release|Any CPU
		{8171D53D-5329-4809-9716-66FE5EFE4CE7}.Release|x64.ActiveCfg = Release|Any CPU
		{8171D53D-5329-4809-9716-66FE5EFE4CE7}.Release|x64.Build.0 = Release|Any CPU
		{8171D53D-5329-4809-9716-66FE5EFE4CE7}.Release|x86.ActiveCfg = Release|Any CPU
		{8171D53D-5329-4809-9716-66FE5EFE4CE7}.Release|x86.Build.0 = Release|Any CPU
		{8CA56F52-E3C1-42F8-9385-60861FC6DBF9}.Debug|Any CPU.ActiveCfg = Debug|Any CPU
		{8CA56F52-E3C1-42F8-9385-60861FC6DBF9}.Debug|Any CPU.Build.0 = Debug|Any CPU
		{8CA56F52-E3C1-42F8-9385-60861FC6DBF9}.Debug|ARM.ActiveCfg = Debug|Any CPU
		{8CA56F52-E3C1-42F8-9385-60861FC6DBF9}.Debug|ARM.Build.0 = Debug|Any CPU
		{8CA56F52-E3C1-42F8-9385-60861FC6DBF9}.Debug|x64.ActiveCfg = Debug|Any CPU
		{8CA56F52-E3C1-42F8-9385-60861FC6DBF9}.Debug|x64.Build.0 = Debug|Any CPU
		{8CA56F52-E3C1-42F8-9385-60861FC6DBF9}.Debug|x86.ActiveCfg = Debug|Any CPU
		{8CA56F52-E3C1-42F8-9385-60861FC6DBF9}.Debug|x86.Build.0 = Debug|Any CPU
		{8CA56F52-E3C1-42F8-9385-60861FC6DBF9}.Release|Any CPU.ActiveCfg = Release|Any CPU
		{8CA56F52-E3C1-42F8-9385-60861FC6DBF9}.Release|Any CPU.Build.0 = Release|Any CPU
		{8CA56F52-E3C1-42F8-9385-60861FC6DBF9}.Release|ARM.ActiveCfg = Release|Any CPU
		{8CA56F52-E3C1-42F8-9385-60861FC6DBF9}.Release|ARM.Build.0 = Release|Any CPU
		{8CA56F52-E3C1-42F8-9385-60861FC6DBF9}.Release|x64.ActiveCfg = Release|Any CPU
		{8CA56F52-E3C1-42F8-9385-60861FC6DBF9}.Release|x64.Build.0 = Release|Any CPU
		{8CA56F52-E3C1-42F8-9385-60861FC6DBF9}.Release|x86.ActiveCfg = Release|Any CPU
		{8CA56F52-E3C1-42F8-9385-60861FC6DBF9}.Release|x86.Build.0 = Release|Any CPU
		{11D9F155-69EA-4486-908B-51CB799E4E01}.Debug|Any CPU.ActiveCfg = Debug|Any CPU
		{11D9F155-69EA-4486-908B-51CB799E4E01}.Debug|Any CPU.Build.0 = Debug|Any CPU
		{11D9F155-69EA-4486-908B-51CB799E4E01}.Debug|ARM.ActiveCfg = Debug|Any CPU
		{11D9F155-69EA-4486-908B-51CB799E4E01}.Debug|ARM.Build.0 = Debug|Any CPU
		{11D9F155-69EA-4486-908B-51CB799E4E01}.Debug|x64.ActiveCfg = Debug|Any CPU
		{11D9F155-69EA-4486-908B-51CB799E4E01}.Debug|x64.Build.0 = Debug|Any CPU
		{11D9F155-69EA-4486-908B-51CB799E4E01}.Debug|x86.ActiveCfg = Debug|Any CPU
		{11D9F155-69EA-4486-908B-51CB799E4E01}.Debug|x86.Build.0 = Debug|Any CPU
		{11D9F155-69EA-4486-908B-51CB799E4E01}.Release|Any CPU.ActiveCfg = Release|Any CPU
		{11D9F155-69EA-4486-908B-51CB799E4E01}.Release|Any CPU.Build.0 = Release|Any CPU
		{11D9F155-69EA-4486-908B-51CB799E4E01}.Release|ARM.ActiveCfg = Release|Any CPU
		{11D9F155-69EA-4486-908B-51CB799E4E01}.Release|ARM.Build.0 = Release|Any CPU
		{11D9F155-69EA-4486-908B-51CB799E4E01}.Release|x64.ActiveCfg = Release|Any CPU
		{11D9F155-69EA-4486-908B-51CB799E4E01}.Release|x64.Build.0 = Release|Any CPU
		{11D9F155-69EA-4486-908B-51CB799E4E01}.Release|x86.ActiveCfg = Release|Any CPU
		{11D9F155-69EA-4486-908B-51CB799E4E01}.Release|x86.Build.0 = Release|Any CPU
	EndGlobalSection
	GlobalSection(SolutionProperties) = preSolution
		HideSolutionNode = FALSE
	EndGlobalSection
	GlobalSection(NestedProjects) = preSolution
		{812E9C9B-C5AA-459B-9C30-FCAE79A0B3B9} = {9AEB4887-7C23-4992-A26D-A1E73DC4FE53}
		{64B4B066-DFD5-469A-9259-DA1E57BD0984} = {9AEB4887-7C23-4992-A26D-A1E73DC4FE53}
		{8171D53D-5329-4809-9716-66FE5EFE4CE7} = {9AEB4887-7C23-4992-A26D-A1E73DC4FE53}
		{8CA56F52-E3C1-42F8-9385-60861FC6DBF9} = {9AEB4887-7C23-4992-A26D-A1E73DC4FE53}
	EndGlobalSection
	GlobalSection(ExtensibilityGlobals) = postSolution
		SolutionGuid = {1DF3960B-4FE5-4E56-92D4-2FC0A912E823}
	EndGlobalSection
EndGlobal
