
Microsoft Visual Studio Solution File, Format Version 12.00
# Visual Studio 15
VisualStudioVersion = 15.0.27703.2042
MinimumVisualStudioVersion = 10.0.40219.1
Project("{9A19103F-16F7-4668-BE54-9A1E7A4F7556}") = "kh.kh2", "kh.kh2\kh.kh2.csproj", "{D5B36CD1-5B5D-4CE9-A673-209AD386D68A}"
EndProject
Project("{2150E333-8FDC-42A3-9474-1A3956D46DE8}") = "Solution Items", "Solution Items", "{DC4CA2F6-9A43-4112-92A8-8ACFF5E6C5A2}"
	ProjectSection(SolutionItems) = preProject
		LICENSE = LICENSE
		README.md = README.md
	EndProjectSection
EndProject
Project("{FAE04EC0-301F-11D3-BF4B-00C04F79EFBC}") = "kh.tools.bar", "kh.tools.bar\kh.tools.bar.csproj", "{5A6A483A-527E-4B96-9174-F0E648BCA950}"
EndProject
Project("{9A19103F-16F7-4668-BE54-9A1E7A4F7556}") = "Xe", "XeEngine.Tools.Public\Xe\Xe.csproj", "{E3882222-BB73-4FBE-9185-BB5C76E56912}"
EndProject
Project("{FAE04EC0-301F-11D3-BF4B-00C04F79EFBC}") = "Xe.Tools.Wpf", "XeEngine.Tools.Public\Xe.Tools.Wpf\Xe.Tools.Wpf.csproj", "{545D863A-CD36-4C79-A07F-CF82B718FC3E}"
EndProject
Project("{9A19103F-16F7-4668-BE54-9A1E7A4F7556}") = "Xe.Tools", "XeEngine.Tools.Public\Xe.Tools\Xe.Tools.csproj", "{C02F5C8B-16A0-4591-A65D-8A7E845D5F59}"
EndProject
Project("{FAE04EC0-301F-11D3-BF4B-00C04F79EFBC}") = "kh.tools.imgd", "kh.tools.imgd\kh.tools.imgd.csproj", "{321FE2DC-2A1E-4AE1-8188-22C781D18283}"
EndProject
Global
	GlobalSection(SolutionConfigurationPlatforms) = preSolution
		Debug|Any CPU = Debug|Any CPU
		Debug|ARM = Debug|ARM
		Debug|x64 = Debug|x64
		Debug|x86 = Debug|x86
		Release|Any CPU = Release|Any CPU
		Release|ARM = Release|ARM
		Release|x64 = Release|x64
		Release|x86 = Release|x86
	EndGlobalSection
	GlobalSection(ProjectConfigurationPlatforms) = postSolution
		{D5B36CD1-5B5D-4CE9-A673-209AD386D68A}.Debug|Any CPU.ActiveCfg = Debug|Any CPU
		{D5B36CD1-5B5D-4CE9-A673-209AD386D68A}.Debug|Any CPU.Build.0 = Debug|Any CPU
		{D5B36CD1-5B5D-4CE9-A673-209AD386D68A}.Debug|ARM.ActiveCfg = Debug|Any CPU
		{D5B36CD1-5B5D-4CE9-A673-209AD386D68A}.Debug|ARM.Build.0 = Debug|Any CPU
		{D5B36CD1-5B5D-4CE9-A673-209AD386D68A}.Debug|x64.ActiveCfg = Debug|Any CPU
		{D5B36CD1-5B5D-4CE9-A673-209AD386D68A}.Debug|x64.Build.0 = Debug|Any CPU
		{D5B36CD1-5B5D-4CE9-A673-209AD386D68A}.Debug|x86.ActiveCfg = Debug|Any CPU
		{D5B36CD1-5B5D-4CE9-A673-209AD386D68A}.Debug|x86.Build.0 = Debug|Any CPU
		{D5B36CD1-5B5D-4CE9-A673-209AD386D68A}.Release|Any CPU.ActiveCfg = Release|Any CPU
		{D5B36CD1-5B5D-4CE9-A673-209AD386D68A}.Release|Any CPU.Build.0 = Release|Any CPU
		{D5B36CD1-5B5D-4CE9-A673-209AD386D68A}.Release|ARM.ActiveCfg = Release|Any CPU
		{D5B36CD1-5B5D-4CE9-A673-209AD386D68A}.Release|ARM.Build.0 = Release|Any CPU
		{D5B36CD1-5B5D-4CE9-A673-209AD386D68A}.Release|x64.ActiveCfg = Release|Any CPU
		{D5B36CD1-5B5D-4CE9-A673-209AD386D68A}.Release|x64.Build.0 = Release|Any CPU
		{D5B36CD1-5B5D-4CE9-A673-209AD386D68A}.Release|x86.ActiveCfg = Release|Any CPU
		{D5B36CD1-5B5D-4CE9-A673-209AD386D68A}.Release|x86.Build.0 = Release|Any CPU
		{5A6A483A-527E-4B96-9174-F0E648BCA950}.Debug|Any CPU.ActiveCfg = Debug|Any CPU
		{5A6A483A-527E-4B96-9174-F0E648BCA950}.Debug|Any CPU.Build.0 = Debug|Any CPU
		{5A6A483A-527E-4B96-9174-F0E648BCA950}.Debug|ARM.ActiveCfg = Debug|Any CPU
		{5A6A483A-527E-4B96-9174-F0E648BCA950}.Debug|ARM.Build.0 = Debug|Any CPU
		{5A6A483A-527E-4B96-9174-F0E648BCA950}.Debug|x64.ActiveCfg = Debug|Any CPU
		{5A6A483A-527E-4B96-9174-F0E648BCA950}.Debug|x64.Build.0 = Debug|Any CPU
		{5A6A483A-527E-4B96-9174-F0E648BCA950}.Debug|x86.ActiveCfg = Debug|Any CPU
		{5A6A483A-527E-4B96-9174-F0E648BCA950}.Debug|x86.Build.0 = Debug|Any CPU
		{5A6A483A-527E-4B96-9174-F0E648BCA950}.Release|Any CPU.ActiveCfg = Release|Any CPU
		{5A6A483A-527E-4B96-9174-F0E648BCA950}.Release|Any CPU.Build.0 = Release|Any CPU
		{5A6A483A-527E-4B96-9174-F0E648BCA950}.Release|ARM.ActiveCfg = Release|Any CPU
		{5A6A483A-527E-4B96-9174-F0E648BCA950}.Release|ARM.Build.0 = Release|Any CPU
		{5A6A483A-527E-4B96-9174-F0E648BCA950}.Release|x64.ActiveCfg = Release|Any CPU
		{5A6A483A-527E-4B96-9174-F0E648BCA950}.Release|x64.Build.0 = Release|Any CPU
		{5A6A483A-527E-4B96-9174-F0E648BCA950}.Release|x86.ActiveCfg = Release|Any CPU
		{5A6A483A-527E-4B96-9174-F0E648BCA950}.Release|x86.Build.0 = Release|Any CPU
		{E3882222-BB73-4FBE-9185-BB5C76E56912}.Debug|Any CPU.ActiveCfg = Debug|Any CPU
		{E3882222-BB73-4FBE-9185-BB5C76E56912}.Debug|Any CPU.Build.0 = Debug|Any CPU
		{E3882222-BB73-4FBE-9185-BB5C76E56912}.Debug|ARM.ActiveCfg = Debug|Any CPU
		{E3882222-BB73-4FBE-9185-BB5C76E56912}.Debug|ARM.Build.0 = Debug|Any CPU
		{E3882222-BB73-4FBE-9185-BB5C76E56912}.Debug|x64.ActiveCfg = Debug|Any CPU
		{E3882222-BB73-4FBE-9185-BB5C76E56912}.Debug|x64.Build.0 = Debug|Any CPU
		{E3882222-BB73-4FBE-9185-BB5C76E56912}.Debug|x86.ActiveCfg = Debug|Any CPU
		{E3882222-BB73-4FBE-9185-BB5C76E56912}.Debug|x86.Build.0 = Debug|Any CPU
		{E3882222-BB73-4FBE-9185-BB5C76E56912}.Release|Any CPU.ActiveCfg = Release|Any CPU
		{E3882222-BB73-4FBE-9185-BB5C76E56912}.Release|Any CPU.Build.0 = Release|Any CPU
		{E3882222-BB73-4FBE-9185-BB5C76E56912}.Release|ARM.ActiveCfg = Release|Any CPU
		{E3882222-BB73-4FBE-9185-BB5C76E56912}.Release|ARM.Build.0 = Release|Any CPU
		{E3882222-BB73-4FBE-9185-BB5C76E56912}.Release|x64.ActiveCfg = Release|Any CPU
		{E3882222-BB73-4FBE-9185-BB5C76E56912}.Release|x64.Build.0 = Release|Any CPU
		{E3882222-BB73-4FBE-9185-BB5C76E56912}.Release|x86.ActiveCfg = Release|Any CPU
		{E3882222-BB73-4FBE-9185-BB5C76E56912}.Release|x86.Build.0 = Release|Any CPU
		{545D863A-CD36-4C79-A07F-CF82B718FC3E}.Debug|Any CPU.ActiveCfg = Debug|Any CPU
		{545D863A-CD36-4C79-A07F-CF82B718FC3E}.Debug|Any CPU.Build.0 = Debug|Any CPU
		{545D863A-CD36-4C79-A07F-CF82B718FC3E}.Debug|ARM.ActiveCfg = Debug|Any CPU
		{545D863A-CD36-4C79-A07F-CF82B718FC3E}.Debug|ARM.Build.0 = Debug|Any CPU
		{545D863A-CD36-4C79-A07F-CF82B718FC3E}.Debug|x64.ActiveCfg = Debug|Any CPU
		{545D863A-CD36-4C79-A07F-CF82B718FC3E}.Debug|x64.Build.0 = Debug|Any CPU
		{545D863A-CD36-4C79-A07F-CF82B718FC3E}.Debug|x86.ActiveCfg = Debug|Any CPU
		{545D863A-CD36-4C79-A07F-CF82B718FC3E}.Debug|x86.Build.0 = Debug|Any CPU
		{545D863A-CD36-4C79-A07F-CF82B718FC3E}.Release|Any CPU.ActiveCfg = Release|Any CPU
		{545D863A-CD36-4C79-A07F-CF82B718FC3E}.Release|Any CPU.Build.0 = Release|Any CPU
		{545D863A-CD36-4C79-A07F-CF82B718FC3E}.Release|ARM.ActiveCfg = Release|Any CPU
		{545D863A-CD36-4C79-A07F-CF82B718FC3E}.Release|ARM.Build.0 = Release|Any CPU
		{545D863A-CD36-4C79-A07F-CF82B718FC3E}.Release|x64.ActiveCfg = Release|Any CPU
		{545D863A-CD36-4C79-A07F-CF82B718FC3E}.Release|x64.Build.0 = Release|Any CPU
		{545D863A-CD36-4C79-A07F-CF82B718FC3E}.Release|x86.ActiveCfg = Release|Any CPU
		{545D863A-CD36-4C79-A07F-CF82B718FC3E}.Release|x86.Build.0 = Release|Any CPU
		{C02F5C8B-16A0-4591-A65D-8A7E845D5F59}.Debug|Any CPU.ActiveCfg = Debug|Any CPU
		{C02F5C8B-16A0-4591-A65D-8A7E845D5F59}.Debug|Any CPU.Build.0 = Debug|Any CPU
		{C02F5C8B-16A0-4591-A65D-8A7E845D5F59}.Debug|ARM.ActiveCfg = Debug|Any CPU
		{C02F5C8B-16A0-4591-A65D-8A7E845D5F59}.Debug|ARM.Build.0 = Debug|Any CPU
		{C02F5C8B-16A0-4591-A65D-8A7E845D5F59}.Debug|x64.ActiveCfg = Debug|Any CPU
		{C02F5C8B-16A0-4591-A65D-8A7E845D5F59}.Debug|x64.Build.0 = Debug|Any CPU
		{C02F5C8B-16A0-4591-A65D-8A7E845D5F59}.Debug|x86.ActiveCfg = Debug|Any CPU
		{C02F5C8B-16A0-4591-A65D-8A7E845D5F59}.Debug|x86.Build.0 = Debug|Any CPU
		{C02F5C8B-16A0-4591-A65D-8A7E845D5F59}.Release|Any CPU.ActiveCfg = Release|Any CPU
		{C02F5C8B-16A0-4591-A65D-8A7E845D5F59}.Release|Any CPU.Build.0 = Release|Any CPU
		{C02F5C8B-16A0-4591-A65D-8A7E845D5F59}.Release|ARM.ActiveCfg = Release|Any CPU
		{C02F5C8B-16A0-4591-A65D-8A7E845D5F59}.Release|ARM.Build.0 = Release|Any CPU
		{C02F5C8B-16A0-4591-A65D-8A7E845D5F59}.Release|x64.ActiveCfg = Release|Any CPU
		{C02F5C8B-16A0-4591-A65D-8A7E845D5F59}.Release|x64.Build.0 = Release|Any CPU
		{C02F5C8B-16A0-4591-A65D-8A7E845D5F59}.Release|x86.ActiveCfg = Release|Any CPU
		{C02F5C8B-16A0-4591-A65D-8A7E845D5F59}.Release|x86.Build.0 = Release|Any CPU
		{321FE2DC-2A1E-4AE1-8188-22C781D18283}.Debug|Any CPU.ActiveCfg = Debug|Any CPU
		{321FE2DC-2A1E-4AE1-8188-22C781D18283}.Debug|Any CPU.Build.0 = Debug|Any CPU
		{321FE2DC-2A1E-4AE1-8188-22C781D18283}.Debug|ARM.ActiveCfg = Debug|Any CPU
		{321FE2DC-2A1E-4AE1-8188-22C781D18283}.Debug|ARM.Build.0 = Debug|Any CPU
		{321FE2DC-2A1E-4AE1-8188-22C781D18283}.Debug|x64.ActiveCfg = Debug|Any CPU
		{321FE2DC-2A1E-4AE1-8188-22C781D18283}.Debug|x64.Build.0 = Debug|Any CPU
		{321FE2DC-2A1E-4AE1-8188-22C781D18283}.Debug|x86.ActiveCfg = Debug|Any CPU
		{321FE2DC-2A1E-4AE1-8188-22C781D18283}.Debug|x86.Build.0 = Debug|Any CPU
		{321FE2DC-2A1E-4AE1-8188-22C781D18283}.Release|Any CPU.ActiveCfg = Release|Any CPU
		{321FE2DC-2A1E-4AE1-8188-22C781D18283}.Release|Any CPU.Build.0 = Release|Any CPU
		{321FE2DC-2A1E-4AE1-8188-22C781D18283}.Release|ARM.ActiveCfg = Release|Any CPU
		{321FE2DC-2A1E-4AE1-8188-22C781D18283}.Release|ARM.Build.0 = Release|Any CPU
		{321FE2DC-2A1E-4AE1-8188-22C781D18283}.Release|x64.ActiveCfg = Release|Any CPU
		{321FE2DC-2A1E-4AE1-8188-22C781D18283}.Release|x64.Build.0 = Release|Any CPU
		{321FE2DC-2A1E-4AE1-8188-22C781D18283}.Release|x86.ActiveCfg = Release|Any CPU
		{321FE2DC-2A1E-4AE1-8188-22C781D18283}.Release|x86.Build.0 = Release|Any CPU
	EndGlobalSection
	GlobalSection(SolutionProperties) = preSolution
		HideSolutionNode = FALSE
	EndGlobalSection
	GlobalSection(ExtensibilityGlobals) = postSolution
		SolutionGuid = {1DF3960B-4FE5-4E56-92D4-2FC0A912E823}
	EndGlobalSection
EndGlobal
