Microsoft Visual Studio Solution File, Format Version 12.00
# Visual Studio Version 17
VisualStudioVersion = 17.1.32203.90
MinimumVisualStudioVersion = 10.0.40219.1
Project("{9A19103F-16F7-4668-BE54-9A1E7A4F7556}") = "OpenKh.Kh2", "OpenKh.Kh2\OpenKh.Kh2.csproj", "{D5B36CD1-5B5D-4CE9-A673-209AD386D68A}"
EndProject
Project("{2150E333-8FDC-42A3-9474-1A3956D46DE8}") = "Solution Items", "Solution Items", "{DC4CA2F6-9A43-4112-92A8-8ACFF5E6C5A2}"
	ProjectSection(SolutionItems) = preProject
		.editorconfig = .editorconfig
	EndProjectSection
EndProject
Project("{9A19103F-16F7-4668-BE54-9A1E7A4F7556}") = "OpenKh.Tools.BarEditor", "OpenKh.Tools.BarEditor\OpenKh.Tools.BarEditor.csproj", "{5A6A483A-527E-4B96-9174-F0E648BCA950}"
EndProject
Project("{9A19103F-16F7-4668-BE54-9A1E7A4F7556}") = "Xe", "XeEngine.Tools.Public\Xe\Xe.csproj", "{E3882222-BB73-4FBE-9185-BB5C76E56912}"
EndProject
Project("{9A19103F-16F7-4668-BE54-9A1E7A4F7556}") = "Xe.Tools.Wpf", "XeEngine.Tools.Public\Xe.Tools.Wpf\Xe.Tools.Wpf.csproj", "{F6E4E1DF-ACC6-4DDE-912F-C6465CB3D393}"
EndProject
Project("{9A19103F-16F7-4668-BE54-9A1E7A4F7556}") = "Xe.Tools", "XeEngine.Tools.Public\Xe.Tools\Xe.Tools.csproj", "{C02F5C8B-16A0-4591-A65D-8A7E845D5F59}"
EndProject
Project("{9A19103F-16F7-4668-BE54-9A1E7A4F7556}") = "Playground", "Playground\Playground.csproj", "{812E9C9B-C5AA-459B-9C30-FCAE79A0B3B9}"
EndProject
Project("{9A19103F-16F7-4668-BE54-9A1E7A4F7556}") = "OpenKh.Tools.DpdViewer", "OpenKh.Tools.DpdViewer\OpenKh.Tools.DpdViewer.csproj", "{CC70D894-EAFB-43F8-9DF3-3AC6DE95E093}"
EndProject
Project("{9A19103F-16F7-4668-BE54-9A1E7A4F7556}") = "OpenKh.Tests", "OpenKh.Tests\OpenKh.Tests.csproj", "{B2B253FE-1A8D-473D-9501-748C2E37E34D}"
EndProject
Project("{2150E333-8FDC-42A3-9474-1A3956D46DE8}") = "Research", "Research", "{9AEB4887-7C23-4992-A26D-A1E73DC4FE53}"
EndProject
Project("{9A19103F-16F7-4668-BE54-9A1E7A4F7556}") = "OpenKh.Command.IdxImg", "OpenKh.Command.IdxImg\OpenKh.Command.IdxImg.csproj", "{11D9F155-69EA-4486-908B-51CB799E4E01}"
EndProject
Project("{9A19103F-16F7-4668-BE54-9A1E7A4F7556}") = "OpenKh.Common", "OpenKh.Common\OpenKh.Common.csproj", "{ECE73C11-C9A0-4132-9FF3-DD52126846E5}"
EndProject
Project("{9A19103F-16F7-4668-BE54-9A1E7A4F7556}") = "OpenKh.Command.MsgTool", "OpenKh.Command.MsgTool\OpenKh.Command.MsgTool.csproj", "{78C8F66C-3CCC-4EE3-8D97-9272D1D02FA7}"
EndProject
Project("{2150E333-8FDC-42A3-9474-1A3956D46DE8}") = "Libraries", "Libraries", "{0FB7CD6A-EE31-467D-A590-267DCD028618}"
EndProject
Project("{2150E333-8FDC-42A3-9474-1A3956D46DE8}") = "Command tools", "Command tools", "{9C52D787-9819-4B89-989B-EEA6FEB20731}"
EndProject
Project("{2150E333-8FDC-42A3-9474-1A3956D46DE8}") = "Graphical tools", "Graphical tools", "{402B2669-D594-4DFA-965B-02A92626ADC6}"
EndProject
Project("{2150E333-8FDC-42A3-9474-1A3956D46DE8}") = "3rd party libraries", "3rd party libraries", "{4FBC958A-4685-4DF2-8D4F-98850BAE61B3}"
EndProject
Project("{9A19103F-16F7-4668-BE54-9A1E7A4F7556}") = "Xe.Drawing", "XeEngine.Tools.Public\Xe.Drawing\Xe.Drawing.csproj", "{40EA5893-1C3F-4D11-9D2A-6E5529FEBB31}"
EndProject
Project("{9A19103F-16F7-4668-BE54-9A1E7A4F7556}") = "OpenKh.Imaging", "OpenKh.Imaging\OpenKh.Imaging.csproj", "{8A94810E-753B-4CB4-810A-1DF2745A885B}"
EndProject
Project("{9A19103F-16F7-4668-BE54-9A1E7A4F7556}") = "Xe.Drawing.Direct3D", "XeEngine.Tools.Public\Xe.Drawing.Direct3D\Xe.Drawing.Direct3D.csproj", "{8580F123-1AA8-4FB0-BCEC-26BF04D64767}"
EndProject
Project("{9A19103F-16F7-4668-BE54-9A1E7A4F7556}") = "OpenKh.Tools.Common", "OpenKh.Tools.Common\OpenKh.Tools.Common.csproj", "{9B1D6729-66A0-4688-AC16-8C6B741B92A7}"
EndProject
Project("{9A19103F-16F7-4668-BE54-9A1E7A4F7556}") = "OpenKh.Command.HdAssets", "OpenKh.Command.HdAssets\OpenKh.Command.HdAssets.csproj", "{7F0C3E2D-9D30-4030-9D70-F13EFC27288C}"
EndProject
Project("{2150E333-8FDC-42A3-9474-1A3956D46DE8}") = "Engine", "Engine", "{939E8104-3A37-41FC-A411-CAEE67A803B6}"
EndProject
Project("{9A19103F-16F7-4668-BE54-9A1E7A4F7556}") = "OpenKh.Engine", "OpenKh.Engine\OpenKh.Engine.csproj", "{56EBB7A8-93E2-40E1-B887-A9E82C89FBFF}"
EndProject
Project("{9A19103F-16F7-4668-BE54-9A1E7A4F7556}") = "OpenKh.Tools.Kh2TextEditor", "OpenKh.Tools.Kh2TextEditor\OpenKh.Tools.Kh2TextEditor.csproj", "{3A619AFC-1FC1-4653-9AE9-F6C31B598A9B}"
EndProject
Project("{9A19103F-16F7-4668-BE54-9A1E7A4F7556}") = "OpenKh.Game", "OpenKh.Game\OpenKh.Game.csproj", "{D9B50EAF-4718-43C2-B34D-0E045D56B08E}"
EndProject
Project("{9A19103F-16F7-4668-BE54-9A1E7A4F7556}") = "OpenKh.Tools.Kh2BattleEditor", "OpenKh.Tools.Kh2BattleEditor\OpenKh.Tools.Kh2BattleEditor.csproj", "{67810138-DACB-4A93-87FC-647BF73672AC}"
EndProject
Project("{9A19103F-16F7-4668-BE54-9A1E7A4F7556}") = "OpenKh.Bbs", "OpenKh.Bbs\OpenKh.Bbs.csproj", "{710AF1D3-1C65-4D1E-B6E9-A94AED61049E}"
EndProject
Project("{9A19103F-16F7-4668-BE54-9A1E7A4F7556}") = "OpenKh.Command.Bbsa", "OpenKh.Command.Bbsa\OpenKh.Command.Bbsa.csproj", "{D62EEF15-D847-4422-B5DC-3505037BFA8C}"
EndProject
Project("{9A19103F-16F7-4668-BE54-9A1E7A4F7556}") = "OpenKh.Tools.BbsEventTableEditor", "OpenKh.Tools.BbsEventTableEditor\OpenKh.Tools.BbsEventTableEditor.csproj", "{6B85D492-8683-4D76-83FA-FFBBB43DC701}"
EndProject
Project("{9A19103F-16F7-4668-BE54-9A1E7A4F7556}") = "OpenKh.Tools.ImageViewer", "OpenKh.Tools.ImageViewer\OpenKh.Tools.ImageViewer.csproj", "{4DAF2966-1683-4B89-A36B-0F216197B961}"
EndProject
Project("{9A19103F-16F7-4668-BE54-9A1E7A4F7556}") = "OpenKh.Command.Arc", "OpenKh.Command.Arc\OpenKh.Command.Arc.csproj", "{E7E9B1CF-8EFD-4E3A-A28B-481FD8E5D372}"
EndProject
Project("{9A19103F-16F7-4668-BE54-9A1E7A4F7556}") = "OpenKh.Tools.CtdEditor", "OpenKh.Tools.CtdEditor\OpenKh.Tools.CtdEditor.csproj", "{FDA95A63-22BA-4356-B248-0A1D30D8AEBC}"
EndProject
Project("{9A19103F-16F7-4668-BE54-9A1E7A4F7556}") = "OpenKh.Tools.ObjentryEditor", "OpenKh.Tools.ObjentryEditor\OpenKh.Tools.ObjentryEditor.csproj", "{361031B7-10FD-438A-8DAF-9F38267EBD11}"
EndProject
Project("{9A19103F-16F7-4668-BE54-9A1E7A4F7556}") = "OpenKh.Tools.Kh2SystemEditor", "OpenKh.Tools.Kh2SystemEditor\OpenKh.Tools.Kh2SystemEditor.csproj", "{6A8C8D2D-33DB-40BB-AD31-162B846BB61D}"
EndProject
Project("{9A19103F-16F7-4668-BE54-9A1E7A4F7556}") = "OpenKh.Tools.Kh2PlaceEditor", "OpenKh.Tools.Kh2PlaceEditor\OpenKh.Tools.Kh2PlaceEditor.csproj", "{CFD7082A-3556-4656-8AE3-7096ABC3979F}"
EndProject
Project("{9A19103F-16F7-4668-BE54-9A1E7A4F7556}") = "OpenKh.Command.Layout", "OpenKh.Command.Layout\OpenKh.Command.Layout.csproj", "{50473DB5-C28D-4AB2-9E99-FDB24EA95F3D}"
EndProject
Project("{9A19103F-16F7-4668-BE54-9A1E7A4F7556}") = "OpenKh.Command.Bar", "OpenKh.Command.Bar\OpenKh.Command.Bar.csproj", "{4AEB5DD5-A59E-49F8-8610-7DAA72C2081B}"
EndProject
Project("{9A19103F-16F7-4668-BE54-9A1E7A4F7556}") = "OpenKh.Command.ImgTool", "OpenKh.Command.ImgTool\OpenKh.Command.ImgTool.csproj", "{F1FE729B-FEF5-43DF-B7C9-3760F9C233EC}"
EndProject
Project("{9A19103F-16F7-4668-BE54-9A1E7A4F7556}") = "nQuant.Core", "nQuant\nQuant.Core\nQuant.Core.csproj", "{2DCDC52F-3144-49EB-A1CD-87F7BDC0BF07}"
EndProject
Project("{9A19103F-16F7-4668-BE54-9A1E7A4F7556}") = "OpenKh.Command.DoctChanger", "OpenKh.Command.DoctChanger\OpenKh.Command.DoctChanger.csproj", "{A0A7EC73-F1F3-4A15-8152-0D78C493581C}"
EndProject
Project("{9A19103F-16F7-4668-BE54-9A1E7A4F7556}") = "OpenKh.Tools.LayoutEditor", "OpenKh.Tools.LayoutEditor\OpenKh.Tools.LayoutEditor.csproj", "{C4B15D99-4BA7-4AC0-9516-8719401F0455}"
EndProject
Project("{9A19103F-16F7-4668-BE54-9A1E7A4F7556}") = "OpenKh.Tools.Common.CustomImGui", "OpenKh.Tools.Common.CustomImGui\OpenKh.Tools.Common.CustomImGui.csproj", "{89DC17A7-971E-45C8-AF97-240A2A8EBDAC}"
EndProject
Project("{9A19103F-16F7-4668-BE54-9A1E7A4F7556}") = "OpenKh.Engine.MonoGame", "OpenKh.Engine.MonoGame\OpenKh.Engine.MonoGame.csproj", "{3036445D-2A99-4AE0-B047-7D7F202EBFA6}"
EndProject
Project("{9A19103F-16F7-4668-BE54-9A1E7A4F7556}") = "OpenKh.Command.CoctChanger", "OpenKh.Command.CoctChanger\OpenKh.Command.CoctChanger.csproj", "{08487D2A-8091-4DC9-AC31-3130CE0842D1}"
EndProject
Project("{9A19103F-16F7-4668-BE54-9A1E7A4F7556}") = "OpenKh.Command.SpawnScript", "OpenKh.Command.SpawnScript\OpenKh.Command.SpawnScript.csproj", "{696CDCFC-6AC4-4062-82A0-CAD2EB4EB2CE}"
EndProject
Project("{9A19103F-16F7-4668-BE54-9A1E7A4F7556}") = "OpenKh.Command.MapGen", "OpenKh.Command.MapGen\OpenKh.Command.MapGen.csproj", "{340458E3-FE2B-470E-9C4F-D3E58F218670}"
EndProject
Project("{9A19103F-16F7-4668-BE54-9A1E7A4F7556}") = "OpenKh.Tools.IdxImg", "OpenKh.Tools.IdxImg\OpenKh.Tools.IdxImg.csproj", "{1B89F510-3B9A-4A3B-A08F-4FFB5C5B817B}"
EndProject
Project("{9A19103F-16F7-4668-BE54-9A1E7A4F7556}") = "OpenKh.Tests.Commands", "OpenKh.Tests.Commands\OpenKh.Tests.Commands.csproj", "{41706B1E-DFF9-472F-AD74-A936B10D80F6}"
EndProject
Project("{9A19103F-16F7-4668-BE54-9A1E7A4F7556}") = "OpenKh.Tests.Engine", "OpenKh.Tests.Engine\OpenKh.Tests.Engine.csproj", "{198657C3-DC06-4AA6-A594-6D4D82218CA8}"
EndProject
Project("{9A19103F-16F7-4668-BE54-9A1E7A4F7556}") = "OpenKh.Ps2", "OpenKh.Ps2\OpenKh.Ps2.csproj", "{8D0CBCCA-3F3E-4775-B001-2DDA4D962A8A}"
EndProject
Project("{9A19103F-16F7-4668-BE54-9A1E7A4F7556}") = "OpenKh.Tools.Kh2MapStudio", "OpenKh.Tools.Kh2MapStudio\OpenKh.Tools.Kh2MapStudio.csproj", "{77ADD488-0297-4EB7-9884-2068F84A9C67}"
EndProject
Project("{2150E333-8FDC-42A3-9474-1A3956D46DE8}") = "Scripts", "Scripts", "{78098226-72BC-4492-9BA6-0283B4B9D2AB}"
	ProjectSection(SolutionItems) = preProject
		build.ps1 = build.ps1
		build.sh = build.sh
		openkh_alias = openkh_alias
		pre-build.ps1 = pre-build.ps1
	EndProjectSection
EndProject
Project("{2150E333-8FDC-42A3-9474-1A3956D46DE8}") = "GitHub", "GitHub", "{0C9861ED-5DCA-4DED-98B8-109031DE471B}"
	ProjectSection(SolutionItems) = preProject
		CNAME = CNAME
	EndProjectSection
EndProject
Project("{2150E333-8FDC-42A3-9474-1A3956D46DE8}") = "Documentation", "Documentation", "{E74CBCC4-B979-44FD-AFFA-A89693483BF2}"
	ProjectSection(SolutionItems) = preProject
		CODE_GUIDELINE.md = CODE_GUIDELINE.md
		CODE_OF_CONDUCT.md = CODE_OF_CONDUCT.md
		CONTRIBUTING.md = CONTRIBUTING.md
		LICENSE = LICENSE
		NOTICE = NOTICE
		README.md = README.md
	EndProjectSection
EndProject
Project("{2150E333-8FDC-42A3-9474-1A3956D46DE8}") = "Settings", "Settings", "{6B47410F-F5F8-4F79-B4D7-936C698E6805}"
	ProjectSection(SolutionItems) = preProject
		.editorconfig = .editorconfig
	EndProjectSection
EndProject
Project("{2150E333-8FDC-42A3-9474-1A3956D46DE8}") = "Pipelines", "Pipelines", "{064EB64F-FAFF-4FE8-8711-EC2CF260669C}"
	ProjectSection(SolutionItems) = preProject
		azure-pipelines.yml = azure-pipelines.yml
	EndProjectSection
EndProject
Project("{9A19103F-16F7-4668-BE54-9A1E7A4F7556}") = "OpenKh.Kh2AnimEmu", "OpenKh.Kh2AnimEmu\OpenKh.Kh2AnimEmu.csproj", "{DBDBCB21-AD60-4344-9E9A-600E1D36C845}"
EndProject
Project("{9A19103F-16F7-4668-BE54-9A1E7A4F7556}") = "OpenKh.Research.Kh2Anim", "OpenKh.Research.Kh2Anim\OpenKh.Research.Kh2Anim.csproj", "{D4AF702B-145A-4052-B347-15166C43AB3F}"
EndProject
Project("{9A19103F-16F7-4668-BE54-9A1E7A4F7556}") = "OpenKh.Command.TexFooter", "OpenKh.Command.TexFooter\OpenKh.Command.TexFooter.csproj", "{408B6E0A-20C1-4C55-A6BF-5342F2A16668}"
EndProject
Project("{2150E333-8FDC-42A3-9474-1A3956D46DE8}") = "WinShell", "WinShell", "{C9B53164-6989-479B-81BE-0D00822B8B46}"
EndProject
Project("{9A19103F-16F7-4668-BE54-9A1E7A4F7556}") = "OpenKh.WinShell.IMDUtilities", "OpenKh.WinShell.IMDUtilities\OpenKh.WinShell.IMDUtilities.csproj", "{82CA6AE4-DD88-4CD7-A471-CD838739B749}"
EndProject
Project("{9A19103F-16F7-4668-BE54-9A1E7A4F7556}") = "OpenKh.WinShell.IMZUtilities", "OpenKh.WinShell.IMZUtilities\OpenKh.WinShell.IMZUtilities.csproj", "{D0B22AFA-0E6F-46E4-9949-62DED6B65084}"
EndProject
Project("{9A19103F-16F7-4668-BE54-9A1E7A4F7556}") = "OpenKh.Command.PmoConverter", "OpenKh.Command.PmoConverter\OpenKh.Command.PmoConverter.csproj", "{18FFB18D-B254-4F93-821F-2BBAE6389BB2}"
EndProject
Project("{9A19103F-16F7-4668-BE54-9A1E7A4F7556}") = "OpenKh.Command.PmpConverter", "OpenKh.Command.PmpConverter\OpenKh.Command.PmpConverter.csproj", "{4D954FE4-0B5A-4699-A1A8-A2D02BE05B9C}"
EndProject
Project("{9A19103F-16F7-4668-BE54-9A1E7A4F7556}") = "OpenKh.Tools.EpdEditor", "OpenKh.Tools.EpdEditor\OpenKh.Tools.EpdEditor.csproj", "{B0C5C991-048E-4AF3-BC40-8466FEFB543E}"
EndProject
Project("{9A19103F-16F7-4668-BE54-9A1E7A4F7556}") = "OpenKh.Tools.BepEditor", "OpenKh.Tools.BepEditor\OpenKh.Tools.BepEditor.csproj", "{68AA6223-9707-4306-8B54-F5D965D08819}"
EndProject
Project("{9A19103F-16F7-4668-BE54-9A1E7A4F7556}") = "OpenKh.Tools.ItcEditor", "OpenKh.Tools.ItcEditor\OpenKh.Tools.ItcEditor.csproj", "{817A7927-9AFC-4BFF-B911-F2D73C854E6A}"
EndProject
Project("{9A19103F-16F7-4668-BE54-9A1E7A4F7556}") = "OpenKh.Tools.ItbEditor", "OpenKh.Tools.ItbEditor\OpenKh.Tools.ItbEditor.csproj", "{0AC54BBF-A08D-44CA-9140-EB5C47573BAE}"
EndProject
Project("{9A19103F-16F7-4668-BE54-9A1E7A4F7556}") = "OpenKh.Tools.IteViewer", "IteEditor\OpenKh.Tools.IteViewer.csproj", "{7BA60C7F-4DA9-4A62-A1DC-0F8FF87E4430}"
EndProject
Project("{9A19103F-16F7-4668-BE54-9A1E7A4F7556}") = "OpenKh.Patcher", "OpenKh.Patcher\OpenKh.Patcher.csproj", "{05223179-5A23-433E-B255-44AA4FEA733B}"
EndProject
Project("{9A19103F-16F7-4668-BE54-9A1E7A4F7556}") = "OpenKh.Command.PAMtoFBXConverter", "OpenKh.Command.PAMtoFBXConverter\OpenKh.Command.PAMtoFBXConverter.csproj", "{A9695331-C335-4C62-B5B3-7FB3ED512EA3}"
EndProject
Project("{9A19103F-16F7-4668-BE54-9A1E7A4F7556}") = "OpenKh.Tools.PAtkEditor", "OpenKh.Tools.PAtkEditor\OpenKh.Tools.PAtkEditor.csproj", "{5B6A7706-0028-4634-AE35-18E2BEAFD3D4}"
EndProject
Project("{9A19103F-16F7-4668-BE54-9A1E7A4F7556}") = "OpenKh.Tools.OloEditor", "OpenKh.Tools.OloEditor\OpenKh.Tools.OloEditor.csproj", "{940E9927-13D3-4CC7-8034-37982E3885C2}"
EndProject
Project("{9A19103F-16F7-4668-BE54-9A1E7A4F7556}") = "OpenKh.Tools.MissionEditor", "OpenKh.Tools.MissionEditor\OpenKh.Tools.MissionEditor.csproj", "{A88E268F-A8CC-48E4-8AE9-5CC7A774022D}"
EndProject
Project("{9A19103F-16F7-4668-BE54-9A1E7A4F7556}") = "OpenKh.Tools.ModsManager", "OpenKh.Tools.ModsManager\OpenKh.Tools.ModsManager.csproj", "{A1BCC739-3BDC-41AF-BD0B-78C5E55F88A2}"
EndProject
Project("{9A19103F-16F7-4668-BE54-9A1E7A4F7556}") = "OpenKh.Kh1", "OpenKh.Kh1\OpenKh.Kh1.csproj", "{EB189B6E-AFA0-463D-8DE8-A51ED32969FD}"
EndProject
Project("{8BC9CEB8-8B4A-11D0-8D11-00A0C91BC942}") = "OpenKh.Research.Panacea", "OpenKh.Research.Panacea\OpenKh.Research.Panacea.vcxproj", "{3EF82533-6397-496F-A70F-429BB3611A17}"
EndProject
Project("{9A19103F-16F7-4668-BE54-9A1E7A4F7556}") = "OpenKh.Tools.BbsMapStudio", "OpenKh.Tools.BbsMapStudio\OpenKh.Tools.BbsMapStudio.csproj", "{C2DB9627-2FE5-4BD9-8271-D3A86DACBA30}"
EndProject
Project("{9A19103F-16F7-4668-BE54-9A1E7A4F7556}") = "OpenKh.Egs", "OpenKh.Egs\OpenKh.Egs.csproj", "{9370AE74-CA9A-440C-BD03-A9D802579B32}"
EndProject
Project("{9A19103F-16F7-4668-BE54-9A1E7A4F7556}") = "OpenKh.Tools.Common.Wpf", "OpenKh.Tools.Common.Wpf\OpenKh.Tools.Common.Wpf.csproj", "{1D12643E-5707-406E-872D-1D66CE14ECA0}"
EndProject
Project("{9A19103F-16F7-4668-BE54-9A1E7A4F7556}") = "OpenKh.Ddd", "OpenKh.Ddd\OpenKh.Ddd.csproj", "{21580B80-AE14-4A11-8C79-74AB0B9DF41E}"
EndProject
Project("{9A19103F-16F7-4668-BE54-9A1E7A4F7556}") = "OpenKh.Command.Rbin", "OpenKh.Command.Rbin\OpenKh.Command.Rbin.csproj", "{768A8FB1-DE70-45F1-B593-638A81E8C419}"
EndProject
Project("{9A19103F-16F7-4668-BE54-9A1E7A4F7556}") = "OpenKh.Tools.Kh2MdlxEditor", "OpenKh.Tools.Kh2MdlxEditor\OpenKh.Tools.Kh2MdlxEditor.csproj", "{101C4A12-CAA4-4CF1-B9CC-59957165E0BA}"
EndProject
Project("{9A19103F-16F7-4668-BE54-9A1E7A4F7556}") = "OpenKh.Tools.Kh2MsetEditor", "OpenKh.Tools.Kh2MsetEditor\OpenKh.Tools.Kh2MsetEditor.csproj", "{1F02AC54-9FC2-4922-B2DA-E76BC41E95C6}"
EndProject
Project("{9A19103F-16F7-4668-BE54-9A1E7A4F7556}") = "OpenKh.Command.MapGenUtils", "OpenKh.Command.MapGenUtils\OpenKh.Command.MapGenUtils.csproj", "{FADD190B-0608-4128-B59E-459E3C776728}"
EndProject
Project("{9A19103F-16F7-4668-BE54-9A1E7A4F7556}") = "OpenKh.AssimpUtils", "OpenKh.AssimpUtils\OpenKh.AssimpUtils.csproj", "{6EF1EA92-13A6-4B3D-A465-54B6C9319AC5}"
EndProject
Project("{9A19103F-16F7-4668-BE54-9A1E7A4F7556}") = "OpenKh.Command.AnbMaker", "OpenKh.Command.AnbMaker\OpenKh.Command.AnbMaker.csproj", "{D1180437-8B35-4A18-8A08-425B876159B2}"
EndProject
Project("{9A19103F-16F7-4668-BE54-9A1E7A4F7556}") = "OpenKh.Command.Bdxio", "OpenKh.Command.Bdxio\OpenKh.Command.Bdxio.csproj", "{F0A7BD0D-C717-45D5-9544-4C3AECC3740F}"
EndProject
Project("{9A19103F-16F7-4668-BE54-9A1E7A4F7556}") = "OpenKh.DeeperTree", "OpenKh.DeeperTree\OpenKh.DeeperTree.csproj", "{1D074EA4-9964-43EC-9389-7E60C2545C13}"
EndProject
Project("{9A19103F-16F7-4668-BE54-9A1E7A4F7556}") = "OpenKh.Command.Txa", "OpenKh.Command.Txa\OpenKh.Command.Txa.csproj", "{EAD6D51F-5106-4E11-A4E4-104A18C0235B}"
EndProject
Project("{9A19103F-16F7-4668-BE54-9A1E7A4F7556}") = "Simple3DViewport", "Simple3DViewport\Simple3DViewport\Simple3DViewport.csproj", "{CA7DCF50-324E-4C36-B476-49940EBA393A}"
EndProject
Project("{9A19103F-16F7-4668-BE54-9A1E7A4F7556}") = "OpenKh.Tools.Kh2MsetMotionEditor", "OpenKh.Tools.Kh2MsetMotionEditor\OpenKh.Tools.Kh2MsetMotionEditor.csproj", "{4A16893C-3E9B-4547-AE22-FDF7FD216137}"
EndProject
Project("{9A19103F-16F7-4668-BE54-9A1E7A4F7556}") = "OpenKh.Tools.Kh2ObjectEditor", "OpenKh.Tools.Kh2ObjectEditor\OpenKh.Tools.Kh2ObjectEditor.csproj", "{CF6D785D-602A-46E0-9DCB-5F703E3544F0}"
EndProject
Project("{9A19103F-16F7-4668-BE54-9A1E7A4F7556}") = "Binarysharp.MSharp", "Binarysharp.MSharp\Binarysharp.MSharp.csproj", "{A635E041-7F5D-4CD5-BB87-0F692EA1AD3E}"
EndProject
Project("{9A19103F-16F7-4668-BE54-9A1E7A4F7556}") = "OpenKh.Tools.KhModels", "OpenKh.Tools.KhModels\OpenKh.Tools.KhModels.csproj", "{E9AE2FAE-4335-4C75-9272-3B6C6D70072B}"
EndProject
Project("{9A19103F-16F7-4668-BE54-9A1E7A4F7556}") = "ModelingToolkit", "ModelingToolkit\ModelingToolkit\ModelingToolkit.csproj", "{3603444C-3A1B-487D-AA6B-9AACB5530DD6}"
EndProject
Project("{2150E333-8FDC-42A3-9474-1A3956D46DE8}") = "Graphical tool tests", "Graphical tool tests", "{EC12F6FC-5753-430C-AE13-09EFD219E432}"
EndProject
Project("{FAE04EC0-301F-11D3-BF4B-00C04F79EFBC}") = "OpenKh.Tests.ModsManager", "OpenKh.Tests.ModsManager\OpenKh.Tests.ModsManager.csproj", "{788CDE3D-77D8-4910-8D1A-C829EFD591D2}"
EndProject
Project("{FAE04EC0-301F-11D3-BF4B-00C04F79EFBC}") = "OpenKh.Command.KHAnimationConverter", "OpenKh.Command.KHAnimationConverter\OpenKh.Command.KHAnimationConverter.csproj", "{A8DAC079-E416-4574-9B54-19EED185D368}"
EndProject
Project("{FAE04EC0-301F-11D3-BF4B-00C04F79EFBC}") = "Openkh.Tools.Kh2LocalSetEditor", "Openkh.Tools.Kh2LocalSetEditor\Openkh.Tools.Kh2LocalSetEditor.csproj", "{D58EEC5B-962C-4888-953B-4A443015E45D}"
EndProject
Global
	GlobalSection(SolutionConfigurationPlatforms) = preSolution
		.NET Debug|Any CPU = .NET Debug|Any CPU
		.NET Release|Any CPU = .NET Release|Any CPU
		Debug|Any CPU = Debug|Any CPU
		Release|Any CPU = Release|Any CPU
	EndGlobalSection
	GlobalSection(ProjectConfigurationPlatforms) = postSolution
		{D5B36CD1-5B5D-4CE9-A673-209AD386D68A}..NET Debug|Any CPU.ActiveCfg = Debug|Any CPU
		{D5B36CD1-5B5D-4CE9-A673-209AD386D68A}..NET Debug|Any CPU.Build.0 = Debug|Any CPU
		{D5B36CD1-5B5D-4CE9-A673-209AD386D68A}..NET Release|Any CPU.ActiveCfg = Release|Any CPU
		{D5B36CD1-5B5D-4CE9-A673-209AD386D68A}..NET Release|Any CPU.Build.0 = Release|Any CPU
		{D5B36CD1-5B5D-4CE9-A673-209AD386D68A}.Debug|Any CPU.ActiveCfg = Debug|Any CPU
		{D5B36CD1-5B5D-4CE9-A673-209AD386D68A}.Debug|Any CPU.Build.0 = Debug|Any CPU
		{D5B36CD1-5B5D-4CE9-A673-209AD386D68A}.Release|Any CPU.ActiveCfg = Release|Any CPU
		{D5B36CD1-5B5D-4CE9-A673-209AD386D68A}.Release|Any CPU.Build.0 = Release|Any CPU
		{5A6A483A-527E-4B96-9174-F0E648BCA950}..NET Debug|Any CPU.ActiveCfg = Debug|Any CPU
		{5A6A483A-527E-4B96-9174-F0E648BCA950}..NET Debug|Any CPU.Build.0 = Debug|Any CPU
		{5A6A483A-527E-4B96-9174-F0E648BCA950}..NET Release|Any CPU.ActiveCfg = Release|Any CPU
		{5A6A483A-527E-4B96-9174-F0E648BCA950}..NET Release|Any CPU.Build.0 = Release|Any CPU
		{5A6A483A-527E-4B96-9174-F0E648BCA950}.Debug|Any CPU.ActiveCfg = Debug|Any CPU
		{5A6A483A-527E-4B96-9174-F0E648BCA950}.Debug|Any CPU.Build.0 = Debug|Any CPU
		{5A6A483A-527E-4B96-9174-F0E648BCA950}.Release|Any CPU.ActiveCfg = Release|Any CPU
		{5A6A483A-527E-4B96-9174-F0E648BCA950}.Release|Any CPU.Build.0 = Release|Any CPU
		{E3882222-BB73-4FBE-9185-BB5C76E56912}..NET Debug|Any CPU.ActiveCfg = Debug|Any CPU
		{E3882222-BB73-4FBE-9185-BB5C76E56912}..NET Debug|Any CPU.Build.0 = Debug|Any CPU
		{E3882222-BB73-4FBE-9185-BB5C76E56912}..NET Release|Any CPU.ActiveCfg = Release|Any CPU
		{E3882222-BB73-4FBE-9185-BB5C76E56912}..NET Release|Any CPU.Build.0 = Release|Any CPU
		{E3882222-BB73-4FBE-9185-BB5C76E56912}.Debug|Any CPU.ActiveCfg = Debug|Any CPU
		{E3882222-BB73-4FBE-9185-BB5C76E56912}.Debug|Any CPU.Build.0 = Debug|Any CPU
		{E3882222-BB73-4FBE-9185-BB5C76E56912}.Release|Any CPU.ActiveCfg = Release|Any CPU
		{E3882222-BB73-4FBE-9185-BB5C76E56912}.Release|Any CPU.Build.0 = Release|Any CPU
		{F6E4E1DF-ACC6-4DDE-912F-C6465CB3D393}..NET Debug|Any CPU.ActiveCfg = Debug|Any CPU
		{F6E4E1DF-ACC6-4DDE-912F-C6465CB3D393}..NET Debug|Any CPU.Build.0 = Debug|Any CPU
		{F6E4E1DF-ACC6-4DDE-912F-C6465CB3D393}..NET Release|Any CPU.ActiveCfg = Release|Any CPU
		{F6E4E1DF-ACC6-4DDE-912F-C6465CB3D393}..NET Release|Any CPU.Build.0 = Release|Any CPU
		{F6E4E1DF-ACC6-4DDE-912F-C6465CB3D393}.Debug|Any CPU.ActiveCfg = Debug|Any CPU
		{F6E4E1DF-ACC6-4DDE-912F-C6465CB3D393}.Debug|Any CPU.Build.0 = Debug|Any CPU
		{F6E4E1DF-ACC6-4DDE-912F-C6465CB3D393}.Release|Any CPU.ActiveCfg = Release|Any CPU
		{F6E4E1DF-ACC6-4DDE-912F-C6465CB3D393}.Release|Any CPU.Build.0 = Release|Any CPU
		{C02F5C8B-16A0-4591-A65D-8A7E845D5F59}..NET Debug|Any CPU.ActiveCfg = Debug|Any CPU
		{C02F5C8B-16A0-4591-A65D-8A7E845D5F59}..NET Debug|Any CPU.Build.0 = Debug|Any CPU
		{C02F5C8B-16A0-4591-A65D-8A7E845D5F59}..NET Release|Any CPU.ActiveCfg = Release|Any CPU
		{C02F5C8B-16A0-4591-A65D-8A7E845D5F59}..NET Release|Any CPU.Build.0 = Release|Any CPU
		{C02F5C8B-16A0-4591-A65D-8A7E845D5F59}.Debug|Any CPU.ActiveCfg = Debug|Any CPU
		{C02F5C8B-16A0-4591-A65D-8A7E845D5F59}.Debug|Any CPU.Build.0 = Debug|Any CPU
		{C02F5C8B-16A0-4591-A65D-8A7E845D5F59}.Release|Any CPU.ActiveCfg = Release|Any CPU
		{C02F5C8B-16A0-4591-A65D-8A7E845D5F59}.Release|Any CPU.Build.0 = Release|Any CPU
		{812E9C9B-C5AA-459B-9C30-FCAE79A0B3B9}..NET Debug|Any CPU.ActiveCfg = Debug|Any CPU
		{812E9C9B-C5AA-459B-9C30-FCAE79A0B3B9}..NET Debug|Any CPU.Build.0 = Debug|Any CPU
		{812E9C9B-C5AA-459B-9C30-FCAE79A0B3B9}..NET Release|Any CPU.ActiveCfg = Release|Any CPU
		{812E9C9B-C5AA-459B-9C30-FCAE79A0B3B9}..NET Release|Any CPU.Build.0 = Release|Any CPU
		{812E9C9B-C5AA-459B-9C30-FCAE79A0B3B9}.Debug|Any CPU.ActiveCfg = Debug|Any CPU
		{812E9C9B-C5AA-459B-9C30-FCAE79A0B3B9}.Debug|Any CPU.Build.0 = Debug|Any CPU
		{812E9C9B-C5AA-459B-9C30-FCAE79A0B3B9}.Release|Any CPU.ActiveCfg = Release|Any CPU
		{812E9C9B-C5AA-459B-9C30-FCAE79A0B3B9}.Release|Any CPU.Build.0 = Release|Any CPU
		{CC70D894-EAFB-43F8-9DF3-3AC6DE95E093}..NET Debug|Any CPU.ActiveCfg = Debug|Any CPU
		{CC70D894-EAFB-43F8-9DF3-3AC6DE95E093}..NET Debug|Any CPU.Build.0 = Debug|Any CPU
		{CC70D894-EAFB-43F8-9DF3-3AC6DE95E093}..NET Release|Any CPU.ActiveCfg = Release|Any CPU
		{CC70D894-EAFB-43F8-9DF3-3AC6DE95E093}..NET Release|Any CPU.Build.0 = Release|Any CPU
		{CC70D894-EAFB-43F8-9DF3-3AC6DE95E093}.Debug|Any CPU.ActiveCfg = Debug|Any CPU
		{CC70D894-EAFB-43F8-9DF3-3AC6DE95E093}.Debug|Any CPU.Build.0 = Debug|Any CPU
		{CC70D894-EAFB-43F8-9DF3-3AC6DE95E093}.Release|Any CPU.ActiveCfg = Release|Any CPU
		{CC70D894-EAFB-43F8-9DF3-3AC6DE95E093}.Release|Any CPU.Build.0 = Release|Any CPU
		{B2B253FE-1A8D-473D-9501-748C2E37E34D}..NET Debug|Any CPU.ActiveCfg = Debug|Any CPU
		{B2B253FE-1A8D-473D-9501-748C2E37E34D}..NET Debug|Any CPU.Build.0 = Debug|Any CPU
		{B2B253FE-1A8D-473D-9501-748C2E37E34D}..NET Release|Any CPU.ActiveCfg = Release|Any CPU
		{B2B253FE-1A8D-473D-9501-748C2E37E34D}..NET Release|Any CPU.Build.0 = Release|Any CPU
		{B2B253FE-1A8D-473D-9501-748C2E37E34D}.Debug|Any CPU.ActiveCfg = Debug|Any CPU
		{B2B253FE-1A8D-473D-9501-748C2E37E34D}.Debug|Any CPU.Build.0 = Debug|Any CPU
		{B2B253FE-1A8D-473D-9501-748C2E37E34D}.Release|Any CPU.ActiveCfg = Release|Any CPU
		{B2B253FE-1A8D-473D-9501-748C2E37E34D}.Release|Any CPU.Build.0 = Release|Any CPU
		{11D9F155-69EA-4486-908B-51CB799E4E01}..NET Debug|Any CPU.ActiveCfg = Debug|Any CPU
		{11D9F155-69EA-4486-908B-51CB799E4E01}..NET Debug|Any CPU.Build.0 = Debug|Any CPU
		{11D9F155-69EA-4486-908B-51CB799E4E01}..NET Release|Any CPU.ActiveCfg = Release|Any CPU
		{11D9F155-69EA-4486-908B-51CB799E4E01}..NET Release|Any CPU.Build.0 = Release|Any CPU
		{11D9F155-69EA-4486-908B-51CB799E4E01}.Debug|Any CPU.ActiveCfg = Debug|Any CPU
		{11D9F155-69EA-4486-908B-51CB799E4E01}.Debug|Any CPU.Build.0 = Debug|Any CPU
		{11D9F155-69EA-4486-908B-51CB799E4E01}.Release|Any CPU.ActiveCfg = Release|Any CPU
		{11D9F155-69EA-4486-908B-51CB799E4E01}.Release|Any CPU.Build.0 = Release|Any CPU
		{ECE73C11-C9A0-4132-9FF3-DD52126846E5}..NET Debug|Any CPU.ActiveCfg = Debug|Any CPU
		{ECE73C11-C9A0-4132-9FF3-DD52126846E5}..NET Debug|Any CPU.Build.0 = Debug|Any CPU
		{ECE73C11-C9A0-4132-9FF3-DD52126846E5}..NET Release|Any CPU.ActiveCfg = Release|Any CPU
		{ECE73C11-C9A0-4132-9FF3-DD52126846E5}..NET Release|Any CPU.Build.0 = Release|Any CPU
		{ECE73C11-C9A0-4132-9FF3-DD52126846E5}.Debug|Any CPU.ActiveCfg = Debug|Any CPU
		{ECE73C11-C9A0-4132-9FF3-DD52126846E5}.Debug|Any CPU.Build.0 = Debug|Any CPU
		{ECE73C11-C9A0-4132-9FF3-DD52126846E5}.Release|Any CPU.ActiveCfg = Release|Any CPU
		{ECE73C11-C9A0-4132-9FF3-DD52126846E5}.Release|Any CPU.Build.0 = Release|Any CPU
		{78C8F66C-3CCC-4EE3-8D97-9272D1D02FA7}..NET Debug|Any CPU.ActiveCfg = Debug|Any CPU
		{78C8F66C-3CCC-4EE3-8D97-9272D1D02FA7}..NET Debug|Any CPU.Build.0 = Debug|Any CPU
		{78C8F66C-3CCC-4EE3-8D97-9272D1D02FA7}..NET Release|Any CPU.ActiveCfg = Release|Any CPU
		{78C8F66C-3CCC-4EE3-8D97-9272D1D02FA7}..NET Release|Any CPU.Build.0 = Release|Any CPU
		{78C8F66C-3CCC-4EE3-8D97-9272D1D02FA7}.Debug|Any CPU.ActiveCfg = Debug|Any CPU
		{78C8F66C-3CCC-4EE3-8D97-9272D1D02FA7}.Debug|Any CPU.Build.0 = Debug|Any CPU
		{78C8F66C-3CCC-4EE3-8D97-9272D1D02FA7}.Release|Any CPU.ActiveCfg = Release|Any CPU
		{78C8F66C-3CCC-4EE3-8D97-9272D1D02FA7}.Release|Any CPU.Build.0 = Release|Any CPU
		{40EA5893-1C3F-4D11-9D2A-6E5529FEBB31}..NET Debug|Any CPU.ActiveCfg = Debug|Any CPU
		{40EA5893-1C3F-4D11-9D2A-6E5529FEBB31}..NET Debug|Any CPU.Build.0 = Debug|Any CPU
		{40EA5893-1C3F-4D11-9D2A-6E5529FEBB31}..NET Release|Any CPU.ActiveCfg = Release|Any CPU
		{40EA5893-1C3F-4D11-9D2A-6E5529FEBB31}..NET Release|Any CPU.Build.0 = Release|Any CPU
		{40EA5893-1C3F-4D11-9D2A-6E5529FEBB31}.Debug|Any CPU.ActiveCfg = Debug|Any CPU
		{40EA5893-1C3F-4D11-9D2A-6E5529FEBB31}.Debug|Any CPU.Build.0 = Debug|Any CPU
		{40EA5893-1C3F-4D11-9D2A-6E5529FEBB31}.Release|Any CPU.ActiveCfg = Release|Any CPU
		{40EA5893-1C3F-4D11-9D2A-6E5529FEBB31}.Release|Any CPU.Build.0 = Release|Any CPU
		{8A94810E-753B-4CB4-810A-1DF2745A885B}..NET Debug|Any CPU.ActiveCfg = Debug|Any CPU
		{8A94810E-753B-4CB4-810A-1DF2745A885B}..NET Debug|Any CPU.Build.0 = Debug|Any CPU
		{8A94810E-753B-4CB4-810A-1DF2745A885B}..NET Release|Any CPU.ActiveCfg = Release|Any CPU
		{8A94810E-753B-4CB4-810A-1DF2745A885B}..NET Release|Any CPU.Build.0 = Release|Any CPU
		{8A94810E-753B-4CB4-810A-1DF2745A885B}.Debug|Any CPU.ActiveCfg = Debug|Any CPU
		{8A94810E-753B-4CB4-810A-1DF2745A885B}.Debug|Any CPU.Build.0 = Debug|Any CPU
		{8A94810E-753B-4CB4-810A-1DF2745A885B}.Release|Any CPU.ActiveCfg = Release|Any CPU
		{8A94810E-753B-4CB4-810A-1DF2745A885B}.Release|Any CPU.Build.0 = Release|Any CPU
		{8580F123-1AA8-4FB0-BCEC-26BF04D64767}..NET Debug|Any CPU.ActiveCfg = Debug|Any CPU
		{8580F123-1AA8-4FB0-BCEC-26BF04D64767}..NET Debug|Any CPU.Build.0 = Debug|Any CPU
		{8580F123-1AA8-4FB0-BCEC-26BF04D64767}..NET Release|Any CPU.ActiveCfg = Release|Any CPU
		{8580F123-1AA8-4FB0-BCEC-26BF04D64767}..NET Release|Any CPU.Build.0 = Release|Any CPU
		{8580F123-1AA8-4FB0-BCEC-26BF04D64767}.Debug|Any CPU.ActiveCfg = Debug|Any CPU
		{8580F123-1AA8-4FB0-BCEC-26BF04D64767}.Debug|Any CPU.Build.0 = Debug|Any CPU
		{8580F123-1AA8-4FB0-BCEC-26BF04D64767}.Release|Any CPU.ActiveCfg = Release|Any CPU
		{8580F123-1AA8-4FB0-BCEC-26BF04D64767}.Release|Any CPU.Build.0 = Release|Any CPU
		{9B1D6729-66A0-4688-AC16-8C6B741B92A7}..NET Debug|Any CPU.ActiveCfg = Debug|Any CPU
		{9B1D6729-66A0-4688-AC16-8C6B741B92A7}..NET Debug|Any CPU.Build.0 = Debug|Any CPU
		{9B1D6729-66A0-4688-AC16-8C6B741B92A7}..NET Release|Any CPU.ActiveCfg = Release|Any CPU
		{9B1D6729-66A0-4688-AC16-8C6B741B92A7}..NET Release|Any CPU.Build.0 = Release|Any CPU
		{9B1D6729-66A0-4688-AC16-8C6B741B92A7}.Debug|Any CPU.ActiveCfg = Debug|Any CPU
		{9B1D6729-66A0-4688-AC16-8C6B741B92A7}.Debug|Any CPU.Build.0 = Debug|Any CPU
		{9B1D6729-66A0-4688-AC16-8C6B741B92A7}.Release|Any CPU.ActiveCfg = Release|Any CPU
		{9B1D6729-66A0-4688-AC16-8C6B741B92A7}.Release|Any CPU.Build.0 = Release|Any CPU
		{7F0C3E2D-9D30-4030-9D70-F13EFC27288C}..NET Debug|Any CPU.ActiveCfg = Debug|Any CPU
		{7F0C3E2D-9D30-4030-9D70-F13EFC27288C}..NET Debug|Any CPU.Build.0 = Debug|Any CPU
		{7F0C3E2D-9D30-4030-9D70-F13EFC27288C}..NET Release|Any CPU.ActiveCfg = Release|Any CPU
		{7F0C3E2D-9D30-4030-9D70-F13EFC27288C}..NET Release|Any CPU.Build.0 = Release|Any CPU
		{7F0C3E2D-9D30-4030-9D70-F13EFC27288C}.Debug|Any CPU.ActiveCfg = Debug|Any CPU
		{7F0C3E2D-9D30-4030-9D70-F13EFC27288C}.Debug|Any CPU.Build.0 = Debug|Any CPU
		{7F0C3E2D-9D30-4030-9D70-F13EFC27288C}.Release|Any CPU.ActiveCfg = Release|Any CPU
		{7F0C3E2D-9D30-4030-9D70-F13EFC27288C}.Release|Any CPU.Build.0 = Release|Any CPU
		{56EBB7A8-93E2-40E1-B887-A9E82C89FBFF}..NET Debug|Any CPU.ActiveCfg = Debug|Any CPU
		{56EBB7A8-93E2-40E1-B887-A9E82C89FBFF}..NET Debug|Any CPU.Build.0 = Debug|Any CPU
		{56EBB7A8-93E2-40E1-B887-A9E82C89FBFF}..NET Release|Any CPU.ActiveCfg = Release|Any CPU
		{56EBB7A8-93E2-40E1-B887-A9E82C89FBFF}..NET Release|Any CPU.Build.0 = Release|Any CPU
		{56EBB7A8-93E2-40E1-B887-A9E82C89FBFF}.Debug|Any CPU.ActiveCfg = Debug|Any CPU
		{56EBB7A8-93E2-40E1-B887-A9E82C89FBFF}.Debug|Any CPU.Build.0 = Debug|Any CPU
		{56EBB7A8-93E2-40E1-B887-A9E82C89FBFF}.Release|Any CPU.ActiveCfg = Release|Any CPU
		{56EBB7A8-93E2-40E1-B887-A9E82C89FBFF}.Release|Any CPU.Build.0 = Release|Any CPU
		{3A619AFC-1FC1-4653-9AE9-F6C31B598A9B}..NET Debug|Any CPU.ActiveCfg = Debug|Any CPU
		{3A619AFC-1FC1-4653-9AE9-F6C31B598A9B}..NET Debug|Any CPU.Build.0 = Debug|Any CPU
		{3A619AFC-1FC1-4653-9AE9-F6C31B598A9B}..NET Release|Any CPU.ActiveCfg = Release|Any CPU
		{3A619AFC-1FC1-4653-9AE9-F6C31B598A9B}..NET Release|Any CPU.Build.0 = Release|Any CPU
		{3A619AFC-1FC1-4653-9AE9-F6C31B598A9B}.Debug|Any CPU.ActiveCfg = Debug|Any CPU
		{3A619AFC-1FC1-4653-9AE9-F6C31B598A9B}.Debug|Any CPU.Build.0 = Debug|Any CPU
		{3A619AFC-1FC1-4653-9AE9-F6C31B598A9B}.Release|Any CPU.ActiveCfg = Release|Any CPU
		{3A619AFC-1FC1-4653-9AE9-F6C31B598A9B}.Release|Any CPU.Build.0 = Release|Any CPU
		{D9B50EAF-4718-43C2-B34D-0E045D56B08E}..NET Debug|Any CPU.ActiveCfg = Debug|Any CPU
		{D9B50EAF-4718-43C2-B34D-0E045D56B08E}..NET Debug|Any CPU.Build.0 = Debug|Any CPU
		{D9B50EAF-4718-43C2-B34D-0E045D56B08E}..NET Release|Any CPU.ActiveCfg = Release|Any CPU
		{D9B50EAF-4718-43C2-B34D-0E045D56B08E}..NET Release|Any CPU.Build.0 = Release|Any CPU
		{D9B50EAF-4718-43C2-B34D-0E045D56B08E}.Debug|Any CPU.ActiveCfg = Debug|Any CPU
		{D9B50EAF-4718-43C2-B34D-0E045D56B08E}.Debug|Any CPU.Build.0 = Debug|Any CPU
		{D9B50EAF-4718-43C2-B34D-0E045D56B08E}.Release|Any CPU.ActiveCfg = Release|Any CPU
		{D9B50EAF-4718-43C2-B34D-0E045D56B08E}.Release|Any CPU.Build.0 = Release|Any CPU
		{67810138-DACB-4A93-87FC-647BF73672AC}..NET Debug|Any CPU.ActiveCfg = Debug|Any CPU
		{67810138-DACB-4A93-87FC-647BF73672AC}..NET Debug|Any CPU.Build.0 = Debug|Any CPU
		{67810138-DACB-4A93-87FC-647BF73672AC}..NET Release|Any CPU.ActiveCfg = Release|Any CPU
		{67810138-DACB-4A93-87FC-647BF73672AC}..NET Release|Any CPU.Build.0 = Release|Any CPU
		{67810138-DACB-4A93-87FC-647BF73672AC}.Debug|Any CPU.ActiveCfg = Debug|Any CPU
		{67810138-DACB-4A93-87FC-647BF73672AC}.Debug|Any CPU.Build.0 = Debug|Any CPU
		{67810138-DACB-4A93-87FC-647BF73672AC}.Release|Any CPU.ActiveCfg = Release|Any CPU
		{67810138-DACB-4A93-87FC-647BF73672AC}.Release|Any CPU.Build.0 = Release|Any CPU
		{710AF1D3-1C65-4D1E-B6E9-A94AED61049E}..NET Debug|Any CPU.ActiveCfg = Debug|Any CPU
		{710AF1D3-1C65-4D1E-B6E9-A94AED61049E}..NET Debug|Any CPU.Build.0 = Debug|Any CPU
		{710AF1D3-1C65-4D1E-B6E9-A94AED61049E}..NET Release|Any CPU.ActiveCfg = Release|Any CPU
		{710AF1D3-1C65-4D1E-B6E9-A94AED61049E}..NET Release|Any CPU.Build.0 = Release|Any CPU
		{710AF1D3-1C65-4D1E-B6E9-A94AED61049E}.Debug|Any CPU.ActiveCfg = Debug|Any CPU
		{710AF1D3-1C65-4D1E-B6E9-A94AED61049E}.Debug|Any CPU.Build.0 = Debug|Any CPU
		{710AF1D3-1C65-4D1E-B6E9-A94AED61049E}.Release|Any CPU.ActiveCfg = Release|Any CPU
		{710AF1D3-1C65-4D1E-B6E9-A94AED61049E}.Release|Any CPU.Build.0 = Release|Any CPU
		{D62EEF15-D847-4422-B5DC-3505037BFA8C}..NET Debug|Any CPU.ActiveCfg = Debug|Any CPU
		{D62EEF15-D847-4422-B5DC-3505037BFA8C}..NET Debug|Any CPU.Build.0 = Debug|Any CPU
		{D62EEF15-D847-4422-B5DC-3505037BFA8C}..NET Release|Any CPU.ActiveCfg = Release|Any CPU
		{D62EEF15-D847-4422-B5DC-3505037BFA8C}..NET Release|Any CPU.Build.0 = Release|Any CPU
		{D62EEF15-D847-4422-B5DC-3505037BFA8C}.Debug|Any CPU.ActiveCfg = Debug|Any CPU
		{D62EEF15-D847-4422-B5DC-3505037BFA8C}.Debug|Any CPU.Build.0 = Debug|Any CPU
		{D62EEF15-D847-4422-B5DC-3505037BFA8C}.Release|Any CPU.ActiveCfg = Release|Any CPU
		{D62EEF15-D847-4422-B5DC-3505037BFA8C}.Release|Any CPU.Build.0 = Release|Any CPU
		{6B85D492-8683-4D76-83FA-FFBBB43DC701}..NET Debug|Any CPU.ActiveCfg = Debug|Any CPU
		{6B85D492-8683-4D76-83FA-FFBBB43DC701}..NET Debug|Any CPU.Build.0 = Debug|Any CPU
		{6B85D492-8683-4D76-83FA-FFBBB43DC701}..NET Release|Any CPU.ActiveCfg = Release|Any CPU
		{6B85D492-8683-4D76-83FA-FFBBB43DC701}..NET Release|Any CPU.Build.0 = Release|Any CPU
		{6B85D492-8683-4D76-83FA-FFBBB43DC701}.Debug|Any CPU.ActiveCfg = Debug|Any CPU
		{6B85D492-8683-4D76-83FA-FFBBB43DC701}.Debug|Any CPU.Build.0 = Debug|Any CPU
		{6B85D492-8683-4D76-83FA-FFBBB43DC701}.Release|Any CPU.ActiveCfg = Release|Any CPU
		{6B85D492-8683-4D76-83FA-FFBBB43DC701}.Release|Any CPU.Build.0 = Release|Any CPU
		{4DAF2966-1683-4B89-A36B-0F216197B961}..NET Debug|Any CPU.ActiveCfg = Debug|Any CPU
		{4DAF2966-1683-4B89-A36B-0F216197B961}..NET Debug|Any CPU.Build.0 = Debug|Any CPU
		{4DAF2966-1683-4B89-A36B-0F216197B961}..NET Release|Any CPU.ActiveCfg = Release|Any CPU
		{4DAF2966-1683-4B89-A36B-0F216197B961}..NET Release|Any CPU.Build.0 = Release|Any CPU
		{4DAF2966-1683-4B89-A36B-0F216197B961}.Debug|Any CPU.ActiveCfg = Debug|Any CPU
		{4DAF2966-1683-4B89-A36B-0F216197B961}.Debug|Any CPU.Build.0 = Debug|Any CPU
		{4DAF2966-1683-4B89-A36B-0F216197B961}.Release|Any CPU.ActiveCfg = Release|Any CPU
		{4DAF2966-1683-4B89-A36B-0F216197B961}.Release|Any CPU.Build.0 = Release|Any CPU
		{E7E9B1CF-8EFD-4E3A-A28B-481FD8E5D372}..NET Debug|Any CPU.ActiveCfg = Debug|Any CPU
		{E7E9B1CF-8EFD-4E3A-A28B-481FD8E5D372}..NET Debug|Any CPU.Build.0 = Debug|Any CPU
		{E7E9B1CF-8EFD-4E3A-A28B-481FD8E5D372}..NET Release|Any CPU.ActiveCfg = Release|Any CPU
		{E7E9B1CF-8EFD-4E3A-A28B-481FD8E5D372}..NET Release|Any CPU.Build.0 = Release|Any CPU
		{E7E9B1CF-8EFD-4E3A-A28B-481FD8E5D372}.Debug|Any CPU.ActiveCfg = Debug|Any CPU
		{E7E9B1CF-8EFD-4E3A-A28B-481FD8E5D372}.Debug|Any CPU.Build.0 = Debug|Any CPU
		{E7E9B1CF-8EFD-4E3A-A28B-481FD8E5D372}.Release|Any CPU.ActiveCfg = Release|Any CPU
		{E7E9B1CF-8EFD-4E3A-A28B-481FD8E5D372}.Release|Any CPU.Build.0 = Release|Any CPU
		{FDA95A63-22BA-4356-B248-0A1D30D8AEBC}..NET Debug|Any CPU.ActiveCfg = Debug|Any CPU
		{FDA95A63-22BA-4356-B248-0A1D30D8AEBC}..NET Debug|Any CPU.Build.0 = Debug|Any CPU
		{FDA95A63-22BA-4356-B248-0A1D30D8AEBC}..NET Release|Any CPU.ActiveCfg = Release|Any CPU
		{FDA95A63-22BA-4356-B248-0A1D30D8AEBC}..NET Release|Any CPU.Build.0 = Release|Any CPU
		{FDA95A63-22BA-4356-B248-0A1D30D8AEBC}.Debug|Any CPU.ActiveCfg = Debug|Any CPU
		{FDA95A63-22BA-4356-B248-0A1D30D8AEBC}.Debug|Any CPU.Build.0 = Debug|Any CPU
		{FDA95A63-22BA-4356-B248-0A1D30D8AEBC}.Release|Any CPU.ActiveCfg = Release|Any CPU
		{FDA95A63-22BA-4356-B248-0A1D30D8AEBC}.Release|Any CPU.Build.0 = Release|Any CPU
		{361031B7-10FD-438A-8DAF-9F38267EBD11}..NET Debug|Any CPU.ActiveCfg = Debug|Any CPU
		{361031B7-10FD-438A-8DAF-9F38267EBD11}..NET Debug|Any CPU.Build.0 = Debug|Any CPU
		{361031B7-10FD-438A-8DAF-9F38267EBD11}..NET Release|Any CPU.ActiveCfg = Release|Any CPU
		{361031B7-10FD-438A-8DAF-9F38267EBD11}..NET Release|Any CPU.Build.0 = Release|Any CPU
		{361031B7-10FD-438A-8DAF-9F38267EBD11}.Debug|Any CPU.ActiveCfg = Debug|Any CPU
		{361031B7-10FD-438A-8DAF-9F38267EBD11}.Debug|Any CPU.Build.0 = Debug|Any CPU
		{361031B7-10FD-438A-8DAF-9F38267EBD11}.Release|Any CPU.ActiveCfg = Release|Any CPU
		{361031B7-10FD-438A-8DAF-9F38267EBD11}.Release|Any CPU.Build.0 = Release|Any CPU
		{6A8C8D2D-33DB-40BB-AD31-162B846BB61D}..NET Debug|Any CPU.ActiveCfg = Debug|Any CPU
		{6A8C8D2D-33DB-40BB-AD31-162B846BB61D}..NET Debug|Any CPU.Build.0 = Debug|Any CPU
		{6A8C8D2D-33DB-40BB-AD31-162B846BB61D}..NET Release|Any CPU.ActiveCfg = Release|Any CPU
		{6A8C8D2D-33DB-40BB-AD31-162B846BB61D}..NET Release|Any CPU.Build.0 = Release|Any CPU
		{6A8C8D2D-33DB-40BB-AD31-162B846BB61D}.Debug|Any CPU.ActiveCfg = Debug|Any CPU
		{6A8C8D2D-33DB-40BB-AD31-162B846BB61D}.Debug|Any CPU.Build.0 = Debug|Any CPU
		{6A8C8D2D-33DB-40BB-AD31-162B846BB61D}.Release|Any CPU.ActiveCfg = Release|Any CPU
		{6A8C8D2D-33DB-40BB-AD31-162B846BB61D}.Release|Any CPU.Build.0 = Release|Any CPU
		{CFD7082A-3556-4656-8AE3-7096ABC3979F}..NET Debug|Any CPU.ActiveCfg = Debug|Any CPU
		{CFD7082A-3556-4656-8AE3-7096ABC3979F}..NET Debug|Any CPU.Build.0 = Debug|Any CPU
		{CFD7082A-3556-4656-8AE3-7096ABC3979F}..NET Release|Any CPU.ActiveCfg = Release|Any CPU
		{CFD7082A-3556-4656-8AE3-7096ABC3979F}..NET Release|Any CPU.Build.0 = Release|Any CPU
		{CFD7082A-3556-4656-8AE3-7096ABC3979F}.Debug|Any CPU.ActiveCfg = Debug|Any CPU
		{CFD7082A-3556-4656-8AE3-7096ABC3979F}.Debug|Any CPU.Build.0 = Debug|Any CPU
		{CFD7082A-3556-4656-8AE3-7096ABC3979F}.Release|Any CPU.ActiveCfg = Release|Any CPU
		{CFD7082A-3556-4656-8AE3-7096ABC3979F}.Release|Any CPU.Build.0 = Release|Any CPU
		{50473DB5-C28D-4AB2-9E99-FDB24EA95F3D}..NET Debug|Any CPU.ActiveCfg = Debug|Any CPU
		{50473DB5-C28D-4AB2-9E99-FDB24EA95F3D}..NET Debug|Any CPU.Build.0 = Debug|Any CPU
		{50473DB5-C28D-4AB2-9E99-FDB24EA95F3D}..NET Release|Any CPU.ActiveCfg = Release|Any CPU
		{50473DB5-C28D-4AB2-9E99-FDB24EA95F3D}..NET Release|Any CPU.Build.0 = Release|Any CPU
		{50473DB5-C28D-4AB2-9E99-FDB24EA95F3D}.Debug|Any CPU.ActiveCfg = Debug|Any CPU
		{50473DB5-C28D-4AB2-9E99-FDB24EA95F3D}.Debug|Any CPU.Build.0 = Debug|Any CPU
		{50473DB5-C28D-4AB2-9E99-FDB24EA95F3D}.Release|Any CPU.ActiveCfg = Release|Any CPU
		{50473DB5-C28D-4AB2-9E99-FDB24EA95F3D}.Release|Any CPU.Build.0 = Release|Any CPU
		{4AEB5DD5-A59E-49F8-8610-7DAA72C2081B}..NET Debug|Any CPU.ActiveCfg = Debug|Any CPU
		{4AEB5DD5-A59E-49F8-8610-7DAA72C2081B}..NET Debug|Any CPU.Build.0 = Debug|Any CPU
		{4AEB5DD5-A59E-49F8-8610-7DAA72C2081B}..NET Release|Any CPU.ActiveCfg = Release|Any CPU
		{4AEB5DD5-A59E-49F8-8610-7DAA72C2081B}..NET Release|Any CPU.Build.0 = Release|Any CPU
		{4AEB5DD5-A59E-49F8-8610-7DAA72C2081B}.Debug|Any CPU.ActiveCfg = Debug|Any CPU
		{4AEB5DD5-A59E-49F8-8610-7DAA72C2081B}.Debug|Any CPU.Build.0 = Debug|Any CPU
		{4AEB5DD5-A59E-49F8-8610-7DAA72C2081B}.Release|Any CPU.ActiveCfg = Release|Any CPU
		{4AEB5DD5-A59E-49F8-8610-7DAA72C2081B}.Release|Any CPU.Build.0 = Release|Any CPU
		{F1FE729B-FEF5-43DF-B7C9-3760F9C233EC}..NET Debug|Any CPU.ActiveCfg = Debug|Any CPU
		{F1FE729B-FEF5-43DF-B7C9-3760F9C233EC}..NET Debug|Any CPU.Build.0 = Debug|Any CPU
		{F1FE729B-FEF5-43DF-B7C9-3760F9C233EC}..NET Release|Any CPU.ActiveCfg = Release|Any CPU
		{F1FE729B-FEF5-43DF-B7C9-3760F9C233EC}..NET Release|Any CPU.Build.0 = Release|Any CPU
		{F1FE729B-FEF5-43DF-B7C9-3760F9C233EC}.Debug|Any CPU.ActiveCfg = Debug|Any CPU
		{F1FE729B-FEF5-43DF-B7C9-3760F9C233EC}.Debug|Any CPU.Build.0 = Debug|Any CPU
		{F1FE729B-FEF5-43DF-B7C9-3760F9C233EC}.Release|Any CPU.ActiveCfg = Release|Any CPU
		{F1FE729B-FEF5-43DF-B7C9-3760F9C233EC}.Release|Any CPU.Build.0 = Release|Any CPU
		{2DCDC52F-3144-49EB-A1CD-87F7BDC0BF07}..NET Debug|Any CPU.ActiveCfg = Debug|Any CPU
		{2DCDC52F-3144-49EB-A1CD-87F7BDC0BF07}..NET Debug|Any CPU.Build.0 = Debug|Any CPU
		{2DCDC52F-3144-49EB-A1CD-87F7BDC0BF07}..NET Release|Any CPU.ActiveCfg = Release|Any CPU
		{2DCDC52F-3144-49EB-A1CD-87F7BDC0BF07}..NET Release|Any CPU.Build.0 = Release|Any CPU
		{2DCDC52F-3144-49EB-A1CD-87F7BDC0BF07}.Debug|Any CPU.ActiveCfg = Debug|Any CPU
		{2DCDC52F-3144-49EB-A1CD-87F7BDC0BF07}.Debug|Any CPU.Build.0 = Debug|Any CPU
		{2DCDC52F-3144-49EB-A1CD-87F7BDC0BF07}.Release|Any CPU.ActiveCfg = Release|Any CPU
		{2DCDC52F-3144-49EB-A1CD-87F7BDC0BF07}.Release|Any CPU.Build.0 = Release|Any CPU
		{A0A7EC73-F1F3-4A15-8152-0D78C493581C}..NET Debug|Any CPU.ActiveCfg = Debug|Any CPU
		{A0A7EC73-F1F3-4A15-8152-0D78C493581C}..NET Debug|Any CPU.Build.0 = Debug|Any CPU
		{A0A7EC73-F1F3-4A15-8152-0D78C493581C}..NET Release|Any CPU.ActiveCfg = Release|Any CPU
		{A0A7EC73-F1F3-4A15-8152-0D78C493581C}..NET Release|Any CPU.Build.0 = Release|Any CPU
		{A0A7EC73-F1F3-4A15-8152-0D78C493581C}.Debug|Any CPU.ActiveCfg = Debug|Any CPU
		{A0A7EC73-F1F3-4A15-8152-0D78C493581C}.Debug|Any CPU.Build.0 = Debug|Any CPU
		{A0A7EC73-F1F3-4A15-8152-0D78C493581C}.Release|Any CPU.ActiveCfg = Release|Any CPU
		{A0A7EC73-F1F3-4A15-8152-0D78C493581C}.Release|Any CPU.Build.0 = Release|Any CPU
		{C4B15D99-4BA7-4AC0-9516-8719401F0455}..NET Debug|Any CPU.ActiveCfg = Debug|Any CPU
		{C4B15D99-4BA7-4AC0-9516-8719401F0455}..NET Debug|Any CPU.Build.0 = Debug|Any CPU
		{C4B15D99-4BA7-4AC0-9516-8719401F0455}..NET Release|Any CPU.ActiveCfg = Release|Any CPU
		{C4B15D99-4BA7-4AC0-9516-8719401F0455}..NET Release|Any CPU.Build.0 = Release|Any CPU
		{C4B15D99-4BA7-4AC0-9516-8719401F0455}.Debug|Any CPU.ActiveCfg = Debug|Any CPU
		{C4B15D99-4BA7-4AC0-9516-8719401F0455}.Debug|Any CPU.Build.0 = Debug|Any CPU
		{C4B15D99-4BA7-4AC0-9516-8719401F0455}.Release|Any CPU.ActiveCfg = Release|Any CPU
		{C4B15D99-4BA7-4AC0-9516-8719401F0455}.Release|Any CPU.Build.0 = Release|Any CPU
		{89DC17A7-971E-45C8-AF97-240A2A8EBDAC}..NET Debug|Any CPU.ActiveCfg = Debug|Any CPU
		{89DC17A7-971E-45C8-AF97-240A2A8EBDAC}..NET Debug|Any CPU.Build.0 = Debug|Any CPU
		{89DC17A7-971E-45C8-AF97-240A2A8EBDAC}..NET Release|Any CPU.ActiveCfg = Release|Any CPU
		{89DC17A7-971E-45C8-AF97-240A2A8EBDAC}..NET Release|Any CPU.Build.0 = Release|Any CPU
		{89DC17A7-971E-45C8-AF97-240A2A8EBDAC}.Debug|Any CPU.ActiveCfg = Debug|Any CPU
		{89DC17A7-971E-45C8-AF97-240A2A8EBDAC}.Debug|Any CPU.Build.0 = Debug|Any CPU
		{89DC17A7-971E-45C8-AF97-240A2A8EBDAC}.Release|Any CPU.ActiveCfg = Release|Any CPU
		{89DC17A7-971E-45C8-AF97-240A2A8EBDAC}.Release|Any CPU.Build.0 = Release|Any CPU
		{3036445D-2A99-4AE0-B047-7D7F202EBFA6}..NET Debug|Any CPU.ActiveCfg = Debug|Any CPU
		{3036445D-2A99-4AE0-B047-7D7F202EBFA6}..NET Debug|Any CPU.Build.0 = Debug|Any CPU
		{3036445D-2A99-4AE0-B047-7D7F202EBFA6}..NET Release|Any CPU.ActiveCfg = Release|Any CPU
		{3036445D-2A99-4AE0-B047-7D7F202EBFA6}..NET Release|Any CPU.Build.0 = Release|Any CPU
		{3036445D-2A99-4AE0-B047-7D7F202EBFA6}.Debug|Any CPU.ActiveCfg = Debug|Any CPU
		{3036445D-2A99-4AE0-B047-7D7F202EBFA6}.Debug|Any CPU.Build.0 = Debug|Any CPU
		{3036445D-2A99-4AE0-B047-7D7F202EBFA6}.Release|Any CPU.ActiveCfg = Release|Any CPU
		{3036445D-2A99-4AE0-B047-7D7F202EBFA6}.Release|Any CPU.Build.0 = Release|Any CPU
		{08487D2A-8091-4DC9-AC31-3130CE0842D1}..NET Debug|Any CPU.ActiveCfg = Debug|Any CPU
		{08487D2A-8091-4DC9-AC31-3130CE0842D1}..NET Debug|Any CPU.Build.0 = Debug|Any CPU
		{08487D2A-8091-4DC9-AC31-3130CE0842D1}..NET Release|Any CPU.ActiveCfg = Release|Any CPU
		{08487D2A-8091-4DC9-AC31-3130CE0842D1}..NET Release|Any CPU.Build.0 = Release|Any CPU
		{08487D2A-8091-4DC9-AC31-3130CE0842D1}.Debug|Any CPU.ActiveCfg = Debug|Any CPU
		{08487D2A-8091-4DC9-AC31-3130CE0842D1}.Debug|Any CPU.Build.0 = Debug|Any CPU
		{08487D2A-8091-4DC9-AC31-3130CE0842D1}.Release|Any CPU.ActiveCfg = Release|Any CPU
		{08487D2A-8091-4DC9-AC31-3130CE0842D1}.Release|Any CPU.Build.0 = Release|Any CPU
		{696CDCFC-6AC4-4062-82A0-CAD2EB4EB2CE}..NET Debug|Any CPU.ActiveCfg = Debug|Any CPU
		{696CDCFC-6AC4-4062-82A0-CAD2EB4EB2CE}..NET Debug|Any CPU.Build.0 = Debug|Any CPU
		{696CDCFC-6AC4-4062-82A0-CAD2EB4EB2CE}..NET Release|Any CPU.ActiveCfg = Release|Any CPU
		{696CDCFC-6AC4-4062-82A0-CAD2EB4EB2CE}..NET Release|Any CPU.Build.0 = Release|Any CPU
		{696CDCFC-6AC4-4062-82A0-CAD2EB4EB2CE}.Debug|Any CPU.ActiveCfg = Debug|Any CPU
		{696CDCFC-6AC4-4062-82A0-CAD2EB4EB2CE}.Debug|Any CPU.Build.0 = Debug|Any CPU
		{696CDCFC-6AC4-4062-82A0-CAD2EB4EB2CE}.Release|Any CPU.ActiveCfg = Release|Any CPU
		{696CDCFC-6AC4-4062-82A0-CAD2EB4EB2CE}.Release|Any CPU.Build.0 = Release|Any CPU
		{340458E3-FE2B-470E-9C4F-D3E58F218670}..NET Debug|Any CPU.ActiveCfg = Debug|Any CPU
		{340458E3-FE2B-470E-9C4F-D3E58F218670}..NET Debug|Any CPU.Build.0 = Debug|Any CPU
		{340458E3-FE2B-470E-9C4F-D3E58F218670}..NET Release|Any CPU.ActiveCfg = Release|Any CPU
		{340458E3-FE2B-470E-9C4F-D3E58F218670}..NET Release|Any CPU.Build.0 = Release|Any CPU
		{340458E3-FE2B-470E-9C4F-D3E58F218670}.Debug|Any CPU.ActiveCfg = Debug|Any CPU
		{340458E3-FE2B-470E-9C4F-D3E58F218670}.Debug|Any CPU.Build.0 = Debug|Any CPU
		{340458E3-FE2B-470E-9C4F-D3E58F218670}.Release|Any CPU.ActiveCfg = Release|Any CPU
		{340458E3-FE2B-470E-9C4F-D3E58F218670}.Release|Any CPU.Build.0 = Release|Any CPU
		{1B89F510-3B9A-4A3B-A08F-4FFB5C5B817B}..NET Debug|Any CPU.ActiveCfg = Debug|Any CPU
		{1B89F510-3B9A-4A3B-A08F-4FFB5C5B817B}..NET Debug|Any CPU.Build.0 = Debug|Any CPU
		{1B89F510-3B9A-4A3B-A08F-4FFB5C5B817B}..NET Release|Any CPU.ActiveCfg = Release|Any CPU
		{1B89F510-3B9A-4A3B-A08F-4FFB5C5B817B}..NET Release|Any CPU.Build.0 = Release|Any CPU
		{1B89F510-3B9A-4A3B-A08F-4FFB5C5B817B}.Debug|Any CPU.ActiveCfg = Debug|Any CPU
		{1B89F510-3B9A-4A3B-A08F-4FFB5C5B817B}.Debug|Any CPU.Build.0 = Debug|Any CPU
		{1B89F510-3B9A-4A3B-A08F-4FFB5C5B817B}.Release|Any CPU.ActiveCfg = Release|Any CPU
		{1B89F510-3B9A-4A3B-A08F-4FFB5C5B817B}.Release|Any CPU.Build.0 = Release|Any CPU
		{41706B1E-DFF9-472F-AD74-A936B10D80F6}..NET Debug|Any CPU.ActiveCfg = Debug|Any CPU
		{41706B1E-DFF9-472F-AD74-A936B10D80F6}..NET Debug|Any CPU.Build.0 = Debug|Any CPU
		{41706B1E-DFF9-472F-AD74-A936B10D80F6}..NET Release|Any CPU.ActiveCfg = Release|Any CPU
		{41706B1E-DFF9-472F-AD74-A936B10D80F6}..NET Release|Any CPU.Build.0 = Release|Any CPU
		{41706B1E-DFF9-472F-AD74-A936B10D80F6}.Debug|Any CPU.ActiveCfg = Debug|Any CPU
		{41706B1E-DFF9-472F-AD74-A936B10D80F6}.Debug|Any CPU.Build.0 = Debug|Any CPU
		{41706B1E-DFF9-472F-AD74-A936B10D80F6}.Release|Any CPU.ActiveCfg = Release|Any CPU
		{41706B1E-DFF9-472F-AD74-A936B10D80F6}.Release|Any CPU.Build.0 = Release|Any CPU
		{198657C3-DC06-4AA6-A594-6D4D82218CA8}..NET Debug|Any CPU.ActiveCfg = Debug|Any CPU
		{198657C3-DC06-4AA6-A594-6D4D82218CA8}..NET Debug|Any CPU.Build.0 = Debug|Any CPU
		{198657C3-DC06-4AA6-A594-6D4D82218CA8}..NET Release|Any CPU.ActiveCfg = Release|Any CPU
		{198657C3-DC06-4AA6-A594-6D4D82218CA8}..NET Release|Any CPU.Build.0 = Release|Any CPU
		{198657C3-DC06-4AA6-A594-6D4D82218CA8}.Debug|Any CPU.ActiveCfg = Debug|Any CPU
		{198657C3-DC06-4AA6-A594-6D4D82218CA8}.Debug|Any CPU.Build.0 = Debug|Any CPU
		{198657C3-DC06-4AA6-A594-6D4D82218CA8}.Release|Any CPU.ActiveCfg = Release|Any CPU
		{198657C3-DC06-4AA6-A594-6D4D82218CA8}.Release|Any CPU.Build.0 = Release|Any CPU
		{8D0CBCCA-3F3E-4775-B001-2DDA4D962A8A}..NET Debug|Any CPU.ActiveCfg = Debug|Any CPU
		{8D0CBCCA-3F3E-4775-B001-2DDA4D962A8A}..NET Debug|Any CPU.Build.0 = Debug|Any CPU
		{8D0CBCCA-3F3E-4775-B001-2DDA4D962A8A}..NET Release|Any CPU.ActiveCfg = Release|Any CPU
		{8D0CBCCA-3F3E-4775-B001-2DDA4D962A8A}..NET Release|Any CPU.Build.0 = Release|Any CPU
		{8D0CBCCA-3F3E-4775-B001-2DDA4D962A8A}.Debug|Any CPU.ActiveCfg = Debug|Any CPU
		{8D0CBCCA-3F3E-4775-B001-2DDA4D962A8A}.Debug|Any CPU.Build.0 = Debug|Any CPU
		{8D0CBCCA-3F3E-4775-B001-2DDA4D962A8A}.Release|Any CPU.ActiveCfg = Release|Any CPU
		{8D0CBCCA-3F3E-4775-B001-2DDA4D962A8A}.Release|Any CPU.Build.0 = Release|Any CPU
		{77ADD488-0297-4EB7-9884-2068F84A9C67}..NET Debug|Any CPU.ActiveCfg = Debug|Any CPU
		{77ADD488-0297-4EB7-9884-2068F84A9C67}..NET Debug|Any CPU.Build.0 = Debug|Any CPU
		{77ADD488-0297-4EB7-9884-2068F84A9C67}..NET Release|Any CPU.ActiveCfg = Release|Any CPU
		{77ADD488-0297-4EB7-9884-2068F84A9C67}..NET Release|Any CPU.Build.0 = Release|Any CPU
		{77ADD488-0297-4EB7-9884-2068F84A9C67}.Debug|Any CPU.ActiveCfg = Debug|Any CPU
		{77ADD488-0297-4EB7-9884-2068F84A9C67}.Debug|Any CPU.Build.0 = Debug|Any CPU
		{77ADD488-0297-4EB7-9884-2068F84A9C67}.Release|Any CPU.ActiveCfg = Release|Any CPU
		{77ADD488-0297-4EB7-9884-2068F84A9C67}.Release|Any CPU.Build.0 = Release|Any CPU
		{DBDBCB21-AD60-4344-9E9A-600E1D36C845}..NET Debug|Any CPU.ActiveCfg = Debug|Any CPU
		{DBDBCB21-AD60-4344-9E9A-600E1D36C845}..NET Debug|Any CPU.Build.0 = Debug|Any CPU
		{DBDBCB21-AD60-4344-9E9A-600E1D36C845}..NET Release|Any CPU.ActiveCfg = Release|Any CPU
		{DBDBCB21-AD60-4344-9E9A-600E1D36C845}..NET Release|Any CPU.Build.0 = Release|Any CPU
		{DBDBCB21-AD60-4344-9E9A-600E1D36C845}.Debug|Any CPU.ActiveCfg = Debug|Any CPU
		{DBDBCB21-AD60-4344-9E9A-600E1D36C845}.Debug|Any CPU.Build.0 = Debug|Any CPU
		{DBDBCB21-AD60-4344-9E9A-600E1D36C845}.Release|Any CPU.ActiveCfg = Release|Any CPU
		{DBDBCB21-AD60-4344-9E9A-600E1D36C845}.Release|Any CPU.Build.0 = Release|Any CPU
		{D4AF702B-145A-4052-B347-15166C43AB3F}..NET Debug|Any CPU.ActiveCfg = Debug|Any CPU
		{D4AF702B-145A-4052-B347-15166C43AB3F}..NET Debug|Any CPU.Build.0 = Debug|Any CPU
		{D4AF702B-145A-4052-B347-15166C43AB3F}..NET Release|Any CPU.ActiveCfg = Release|Any CPU
		{D4AF702B-145A-4052-B347-15166C43AB3F}..NET Release|Any CPU.Build.0 = Release|Any CPU
		{D4AF702B-145A-4052-B347-15166C43AB3F}.Debug|Any CPU.ActiveCfg = Debug|Any CPU
		{D4AF702B-145A-4052-B347-15166C43AB3F}.Debug|Any CPU.Build.0 = Debug|Any CPU
		{D4AF702B-145A-4052-B347-15166C43AB3F}.Release|Any CPU.ActiveCfg = Release|Any CPU
		{D4AF702B-145A-4052-B347-15166C43AB3F}.Release|Any CPU.Build.0 = Release|Any CPU
		{408B6E0A-20C1-4C55-A6BF-5342F2A16668}..NET Debug|Any CPU.ActiveCfg = Debug|Any CPU
		{408B6E0A-20C1-4C55-A6BF-5342F2A16668}..NET Debug|Any CPU.Build.0 = Debug|Any CPU
		{408B6E0A-20C1-4C55-A6BF-5342F2A16668}..NET Release|Any CPU.ActiveCfg = Release|Any CPU
		{408B6E0A-20C1-4C55-A6BF-5342F2A16668}..NET Release|Any CPU.Build.0 = Release|Any CPU
		{408B6E0A-20C1-4C55-A6BF-5342F2A16668}.Debug|Any CPU.ActiveCfg = Debug|Any CPU
		{408B6E0A-20C1-4C55-A6BF-5342F2A16668}.Debug|Any CPU.Build.0 = Debug|Any CPU
		{408B6E0A-20C1-4C55-A6BF-5342F2A16668}.Release|Any CPU.ActiveCfg = Release|Any CPU
		{408B6E0A-20C1-4C55-A6BF-5342F2A16668}.Release|Any CPU.Build.0 = Release|Any CPU
		{82CA6AE4-DD88-4CD7-A471-CD838739B749}..NET Debug|Any CPU.ActiveCfg = Debug|Any CPU
		{82CA6AE4-DD88-4CD7-A471-CD838739B749}..NET Debug|Any CPU.Build.0 = Debug|Any CPU
		{82CA6AE4-DD88-4CD7-A471-CD838739B749}..NET Release|Any CPU.ActiveCfg = Release|Any CPU
		{82CA6AE4-DD88-4CD7-A471-CD838739B749}..NET Release|Any CPU.Build.0 = Release|Any CPU
		{82CA6AE4-DD88-4CD7-A471-CD838739B749}.Debug|Any CPU.ActiveCfg = Debug|Any CPU
		{82CA6AE4-DD88-4CD7-A471-CD838739B749}.Debug|Any CPU.Build.0 = Debug|Any CPU
		{82CA6AE4-DD88-4CD7-A471-CD838739B749}.Release|Any CPU.ActiveCfg = Release|Any CPU
		{82CA6AE4-DD88-4CD7-A471-CD838739B749}.Release|Any CPU.Build.0 = Release|Any CPU
		{D0B22AFA-0E6F-46E4-9949-62DED6B65084}..NET Debug|Any CPU.ActiveCfg = Debug|Any CPU
		{D0B22AFA-0E6F-46E4-9949-62DED6B65084}..NET Debug|Any CPU.Build.0 = Debug|Any CPU
		{D0B22AFA-0E6F-46E4-9949-62DED6B65084}..NET Release|Any CPU.ActiveCfg = Release|Any CPU
		{D0B22AFA-0E6F-46E4-9949-62DED6B65084}..NET Release|Any CPU.Build.0 = Release|Any CPU
		{D0B22AFA-0E6F-46E4-9949-62DED6B65084}.Debug|Any CPU.ActiveCfg = Debug|Any CPU
		{D0B22AFA-0E6F-46E4-9949-62DED6B65084}.Debug|Any CPU.Build.0 = Debug|Any CPU
		{D0B22AFA-0E6F-46E4-9949-62DED6B65084}.Release|Any CPU.ActiveCfg = Release|Any CPU
		{D0B22AFA-0E6F-46E4-9949-62DED6B65084}.Release|Any CPU.Build.0 = Release|Any CPU
		{18FFB18D-B254-4F93-821F-2BBAE6389BB2}..NET Debug|Any CPU.ActiveCfg = Debug|Any CPU
		{18FFB18D-B254-4F93-821F-2BBAE6389BB2}..NET Debug|Any CPU.Build.0 = Debug|Any CPU
		{18FFB18D-B254-4F93-821F-2BBAE6389BB2}..NET Release|Any CPU.ActiveCfg = Release|Any CPU
		{18FFB18D-B254-4F93-821F-2BBAE6389BB2}..NET Release|Any CPU.Build.0 = Release|Any CPU
		{18FFB18D-B254-4F93-821F-2BBAE6389BB2}.Debug|Any CPU.ActiveCfg = Debug|Any CPU
		{18FFB18D-B254-4F93-821F-2BBAE6389BB2}.Debug|Any CPU.Build.0 = Debug|Any CPU
		{18FFB18D-B254-4F93-821F-2BBAE6389BB2}.Release|Any CPU.ActiveCfg = Release|Any CPU
		{18FFB18D-B254-4F93-821F-2BBAE6389BB2}.Release|Any CPU.Build.0 = Release|Any CPU
		{4D954FE4-0B5A-4699-A1A8-A2D02BE05B9C}..NET Debug|Any CPU.ActiveCfg = Debug|Any CPU
		{4D954FE4-0B5A-4699-A1A8-A2D02BE05B9C}..NET Debug|Any CPU.Build.0 = Debug|Any CPU
		{4D954FE4-0B5A-4699-A1A8-A2D02BE05B9C}..NET Release|Any CPU.ActiveCfg = Release|Any CPU
		{4D954FE4-0B5A-4699-A1A8-A2D02BE05B9C}..NET Release|Any CPU.Build.0 = Release|Any CPU
		{4D954FE4-0B5A-4699-A1A8-A2D02BE05B9C}.Debug|Any CPU.ActiveCfg = Debug|Any CPU
		{4D954FE4-0B5A-4699-A1A8-A2D02BE05B9C}.Debug|Any CPU.Build.0 = Debug|Any CPU
		{4D954FE4-0B5A-4699-A1A8-A2D02BE05B9C}.Release|Any CPU.ActiveCfg = Release|Any CPU
		{4D954FE4-0B5A-4699-A1A8-A2D02BE05B9C}.Release|Any CPU.Build.0 = Release|Any CPU
		{B0C5C991-048E-4AF3-BC40-8466FEFB543E}..NET Debug|Any CPU.ActiveCfg = Debug|Any CPU
		{B0C5C991-048E-4AF3-BC40-8466FEFB543E}..NET Debug|Any CPU.Build.0 = Debug|Any CPU
		{B0C5C991-048E-4AF3-BC40-8466FEFB543E}..NET Release|Any CPU.ActiveCfg = Release|Any CPU
		{B0C5C991-048E-4AF3-BC40-8466FEFB543E}..NET Release|Any CPU.Build.0 = Release|Any CPU
		{B0C5C991-048E-4AF3-BC40-8466FEFB543E}.Debug|Any CPU.ActiveCfg = Debug|Any CPU
		{B0C5C991-048E-4AF3-BC40-8466FEFB543E}.Debug|Any CPU.Build.0 = Debug|Any CPU
		{B0C5C991-048E-4AF3-BC40-8466FEFB543E}.Release|Any CPU.ActiveCfg = Release|Any CPU
		{B0C5C991-048E-4AF3-BC40-8466FEFB543E}.Release|Any CPU.Build.0 = Release|Any CPU
		{68AA6223-9707-4306-8B54-F5D965D08819}..NET Debug|Any CPU.ActiveCfg = Debug|Any CPU
		{68AA6223-9707-4306-8B54-F5D965D08819}..NET Debug|Any CPU.Build.0 = Debug|Any CPU
		{68AA6223-9707-4306-8B54-F5D965D08819}..NET Release|Any CPU.ActiveCfg = Release|Any CPU
		{68AA6223-9707-4306-8B54-F5D965D08819}..NET Release|Any CPU.Build.0 = Release|Any CPU
		{68AA6223-9707-4306-8B54-F5D965D08819}.Debug|Any CPU.ActiveCfg = Debug|Any CPU
		{68AA6223-9707-4306-8B54-F5D965D08819}.Debug|Any CPU.Build.0 = Debug|Any CPU
		{68AA6223-9707-4306-8B54-F5D965D08819}.Release|Any CPU.ActiveCfg = Release|Any CPU
		{68AA6223-9707-4306-8B54-F5D965D08819}.Release|Any CPU.Build.0 = Release|Any CPU
		{817A7927-9AFC-4BFF-B911-F2D73C854E6A}..NET Debug|Any CPU.ActiveCfg = Debug|Any CPU
		{817A7927-9AFC-4BFF-B911-F2D73C854E6A}..NET Debug|Any CPU.Build.0 = Debug|Any CPU
		{817A7927-9AFC-4BFF-B911-F2D73C854E6A}..NET Release|Any CPU.ActiveCfg = Release|Any CPU
		{817A7927-9AFC-4BFF-B911-F2D73C854E6A}..NET Release|Any CPU.Build.0 = Release|Any CPU
		{817A7927-9AFC-4BFF-B911-F2D73C854E6A}.Debug|Any CPU.ActiveCfg = Debug|Any CPU
		{817A7927-9AFC-4BFF-B911-F2D73C854E6A}.Debug|Any CPU.Build.0 = Debug|Any CPU
		{817A7927-9AFC-4BFF-B911-F2D73C854E6A}.Release|Any CPU.ActiveCfg = Release|Any CPU
		{817A7927-9AFC-4BFF-B911-F2D73C854E6A}.Release|Any CPU.Build.0 = Release|Any CPU
		{0AC54BBF-A08D-44CA-9140-EB5C47573BAE}..NET Debug|Any CPU.ActiveCfg = Debug|Any CPU
		{0AC54BBF-A08D-44CA-9140-EB5C47573BAE}..NET Debug|Any CPU.Build.0 = Debug|Any CPU
		{0AC54BBF-A08D-44CA-9140-EB5C47573BAE}..NET Release|Any CPU.ActiveCfg = Release|Any CPU
		{0AC54BBF-A08D-44CA-9140-EB5C47573BAE}..NET Release|Any CPU.Build.0 = Release|Any CPU
		{0AC54BBF-A08D-44CA-9140-EB5C47573BAE}.Debug|Any CPU.ActiveCfg = Debug|Any CPU
		{0AC54BBF-A08D-44CA-9140-EB5C47573BAE}.Debug|Any CPU.Build.0 = Debug|Any CPU
		{0AC54BBF-A08D-44CA-9140-EB5C47573BAE}.Release|Any CPU.ActiveCfg = Release|Any CPU
		{0AC54BBF-A08D-44CA-9140-EB5C47573BAE}.Release|Any CPU.Build.0 = Release|Any CPU
		{7BA60C7F-4DA9-4A62-A1DC-0F8FF87E4430}..NET Debug|Any CPU.ActiveCfg = Debug|Any CPU
		{7BA60C7F-4DA9-4A62-A1DC-0F8FF87E4430}..NET Debug|Any CPU.Build.0 = Debug|Any CPU
		{7BA60C7F-4DA9-4A62-A1DC-0F8FF87E4430}..NET Release|Any CPU.ActiveCfg = Release|Any CPU
		{7BA60C7F-4DA9-4A62-A1DC-0F8FF87E4430}..NET Release|Any CPU.Build.0 = Release|Any CPU
		{7BA60C7F-4DA9-4A62-A1DC-0F8FF87E4430}.Debug|Any CPU.ActiveCfg = Debug|Any CPU
		{7BA60C7F-4DA9-4A62-A1DC-0F8FF87E4430}.Debug|Any CPU.Build.0 = Debug|Any CPU
		{7BA60C7F-4DA9-4A62-A1DC-0F8FF87E4430}.Release|Any CPU.ActiveCfg = Release|Any CPU
		{7BA60C7F-4DA9-4A62-A1DC-0F8FF87E4430}.Release|Any CPU.Build.0 = Release|Any CPU
		{05223179-5A23-433E-B255-44AA4FEA733B}..NET Debug|Any CPU.ActiveCfg = Debug|Any CPU
		{05223179-5A23-433E-B255-44AA4FEA733B}..NET Debug|Any CPU.Build.0 = Debug|Any CPU
		{05223179-5A23-433E-B255-44AA4FEA733B}..NET Release|Any CPU.ActiveCfg = Release|Any CPU
		{05223179-5A23-433E-B255-44AA4FEA733B}..NET Release|Any CPU.Build.0 = Release|Any CPU
		{05223179-5A23-433E-B255-44AA4FEA733B}.Debug|Any CPU.ActiveCfg = Debug|Any CPU
		{05223179-5A23-433E-B255-44AA4FEA733B}.Debug|Any CPU.Build.0 = Debug|Any CPU
		{05223179-5A23-433E-B255-44AA4FEA733B}.Release|Any CPU.ActiveCfg = Release|Any CPU
		{05223179-5A23-433E-B255-44AA4FEA733B}.Release|Any CPU.Build.0 = Release|Any CPU
		{A9695331-C335-4C62-B5B3-7FB3ED512EA3}..NET Debug|Any CPU.ActiveCfg = Debug|Any CPU
		{A9695331-C335-4C62-B5B3-7FB3ED512EA3}..NET Debug|Any CPU.Build.0 = Debug|Any CPU
		{A9695331-C335-4C62-B5B3-7FB3ED512EA3}..NET Release|Any CPU.ActiveCfg = Release|Any CPU
		{A9695331-C335-4C62-B5B3-7FB3ED512EA3}..NET Release|Any CPU.Build.0 = Release|Any CPU
		{A9695331-C335-4C62-B5B3-7FB3ED512EA3}.Debug|Any CPU.ActiveCfg = Debug|Any CPU
		{A9695331-C335-4C62-B5B3-7FB3ED512EA3}.Debug|Any CPU.Build.0 = Debug|Any CPU
		{A9695331-C335-4C62-B5B3-7FB3ED512EA3}.Release|Any CPU.ActiveCfg = Release|Any CPU
		{A9695331-C335-4C62-B5B3-7FB3ED512EA3}.Release|Any CPU.Build.0 = Release|Any CPU
		{5B6A7706-0028-4634-AE35-18E2BEAFD3D4}..NET Debug|Any CPU.ActiveCfg = Debug|Any CPU
		{5B6A7706-0028-4634-AE35-18E2BEAFD3D4}..NET Debug|Any CPU.Build.0 = Debug|Any CPU
		{5B6A7706-0028-4634-AE35-18E2BEAFD3D4}..NET Release|Any CPU.ActiveCfg = Release|Any CPU
		{5B6A7706-0028-4634-AE35-18E2BEAFD3D4}..NET Release|Any CPU.Build.0 = Release|Any CPU
		{5B6A7706-0028-4634-AE35-18E2BEAFD3D4}.Debug|Any CPU.ActiveCfg = Debug|Any CPU
		{5B6A7706-0028-4634-AE35-18E2BEAFD3D4}.Debug|Any CPU.Build.0 = Debug|Any CPU
		{5B6A7706-0028-4634-AE35-18E2BEAFD3D4}.Release|Any CPU.ActiveCfg = Release|Any CPU
		{5B6A7706-0028-4634-AE35-18E2BEAFD3D4}.Release|Any CPU.Build.0 = Release|Any CPU
		{940E9927-13D3-4CC7-8034-37982E3885C2}..NET Debug|Any CPU.ActiveCfg = Debug|Any CPU
		{940E9927-13D3-4CC7-8034-37982E3885C2}..NET Debug|Any CPU.Build.0 = Debug|Any CPU
		{940E9927-13D3-4CC7-8034-37982E3885C2}..NET Release|Any CPU.ActiveCfg = Release|Any CPU
		{940E9927-13D3-4CC7-8034-37982E3885C2}..NET Release|Any CPU.Build.0 = Release|Any CPU
		{940E9927-13D3-4CC7-8034-37982E3885C2}.Debug|Any CPU.ActiveCfg = Debug|Any CPU
		{940E9927-13D3-4CC7-8034-37982E3885C2}.Debug|Any CPU.Build.0 = Debug|Any CPU
		{940E9927-13D3-4CC7-8034-37982E3885C2}.Release|Any CPU.ActiveCfg = Release|Any CPU
		{940E9927-13D3-4CC7-8034-37982E3885C2}.Release|Any CPU.Build.0 = Release|Any CPU
		{A88E268F-A8CC-48E4-8AE9-5CC7A774022D}..NET Debug|Any CPU.ActiveCfg = Debug|Any CPU
		{A88E268F-A8CC-48E4-8AE9-5CC7A774022D}..NET Debug|Any CPU.Build.0 = Debug|Any CPU
		{A88E268F-A8CC-48E4-8AE9-5CC7A774022D}..NET Release|Any CPU.ActiveCfg = Release|Any CPU
		{A88E268F-A8CC-48E4-8AE9-5CC7A774022D}..NET Release|Any CPU.Build.0 = Release|Any CPU
		{A88E268F-A8CC-48E4-8AE9-5CC7A774022D}.Debug|Any CPU.ActiveCfg = Debug|Any CPU
		{A88E268F-A8CC-48E4-8AE9-5CC7A774022D}.Debug|Any CPU.Build.0 = Debug|Any CPU
		{A88E268F-A8CC-48E4-8AE9-5CC7A774022D}.Release|Any CPU.ActiveCfg = Release|Any CPU
		{A88E268F-A8CC-48E4-8AE9-5CC7A774022D}.Release|Any CPU.Build.0 = Release|Any CPU
		{A1BCC739-3BDC-41AF-BD0B-78C5E55F88A2}..NET Debug|Any CPU.ActiveCfg = Debug|Any CPU
		{A1BCC739-3BDC-41AF-BD0B-78C5E55F88A2}..NET Debug|Any CPU.Build.0 = Debug|Any CPU
		{A1BCC739-3BDC-41AF-BD0B-78C5E55F88A2}..NET Release|Any CPU.ActiveCfg = Release|Any CPU
		{A1BCC739-3BDC-41AF-BD0B-78C5E55F88A2}..NET Release|Any CPU.Build.0 = Release|Any CPU
		{A1BCC739-3BDC-41AF-BD0B-78C5E55F88A2}.Debug|Any CPU.ActiveCfg = Debug|Any CPU
		{A1BCC739-3BDC-41AF-BD0B-78C5E55F88A2}.Debug|Any CPU.Build.0 = Debug|Any CPU
		{A1BCC739-3BDC-41AF-BD0B-78C5E55F88A2}.Release|Any CPU.ActiveCfg = Release|Any CPU
		{A1BCC739-3BDC-41AF-BD0B-78C5E55F88A2}.Release|Any CPU.Build.0 = Release|Any CPU
		{EB189B6E-AFA0-463D-8DE8-A51ED32969FD}..NET Debug|Any CPU.ActiveCfg = Debug|Any CPU
		{EB189B6E-AFA0-463D-8DE8-A51ED32969FD}..NET Debug|Any CPU.Build.0 = Debug|Any CPU
		{EB189B6E-AFA0-463D-8DE8-A51ED32969FD}..NET Release|Any CPU.ActiveCfg = Release|Any CPU
		{EB189B6E-AFA0-463D-8DE8-A51ED32969FD}..NET Release|Any CPU.Build.0 = Release|Any CPU
		{EB189B6E-AFA0-463D-8DE8-A51ED32969FD}.Debug|Any CPU.ActiveCfg = Debug|Any CPU
		{EB189B6E-AFA0-463D-8DE8-A51ED32969FD}.Debug|Any CPU.Build.0 = Debug|Any CPU
		{EB189B6E-AFA0-463D-8DE8-A51ED32969FD}.Release|Any CPU.ActiveCfg = Release|Any CPU
		{EB189B6E-AFA0-463D-8DE8-A51ED32969FD}.Release|Any CPU.Build.0 = Release|Any CPU
		{3EF82533-6397-496F-A70F-429BB3611A17}..NET Debug|Any CPU.ActiveCfg = Debug|x64
		{3EF82533-6397-496F-A70F-429BB3611A17}..NET Release|Any CPU.ActiveCfg = Release|x64
		{3EF82533-6397-496F-A70F-429BB3611A17}.Debug|Any CPU.ActiveCfg = Debug|x64
		{3EF82533-6397-496F-A70F-429BB3611A17}.Debug|Any CPU.Build.0 = Debug|x64
		{3EF82533-6397-496F-A70F-429BB3611A17}.Release|Any CPU.ActiveCfg = Release|x64
		{3EF82533-6397-496F-A70F-429BB3611A17}.Release|Any CPU.Build.0 = Release|x64
		{C2DB9627-2FE5-4BD9-8271-D3A86DACBA30}..NET Debug|Any CPU.ActiveCfg = Debug|Any CPU
		{C2DB9627-2FE5-4BD9-8271-D3A86DACBA30}..NET Debug|Any CPU.Build.0 = Debug|Any CPU
		{C2DB9627-2FE5-4BD9-8271-D3A86DACBA30}..NET Release|Any CPU.ActiveCfg = Release|Any CPU
		{C2DB9627-2FE5-4BD9-8271-D3A86DACBA30}..NET Release|Any CPU.Build.0 = Release|Any CPU
		{C2DB9627-2FE5-4BD9-8271-D3A86DACBA30}.Debug|Any CPU.ActiveCfg = Debug|Any CPU
		{C2DB9627-2FE5-4BD9-8271-D3A86DACBA30}.Debug|Any CPU.Build.0 = Debug|Any CPU
		{C2DB9627-2FE5-4BD9-8271-D3A86DACBA30}.Release|Any CPU.ActiveCfg = Release|Any CPU
		{C2DB9627-2FE5-4BD9-8271-D3A86DACBA30}.Release|Any CPU.Build.0 = Release|Any CPU
		{9370AE74-CA9A-440C-BD03-A9D802579B32}..NET Debug|Any CPU.ActiveCfg = Debug|Any CPU
		{9370AE74-CA9A-440C-BD03-A9D802579B32}..NET Debug|Any CPU.Build.0 = Debug|Any CPU
		{9370AE74-CA9A-440C-BD03-A9D802579B32}..NET Release|Any CPU.ActiveCfg = Release|Any CPU
		{9370AE74-CA9A-440C-BD03-A9D802579B32}..NET Release|Any CPU.Build.0 = Release|Any CPU
		{9370AE74-CA9A-440C-BD03-A9D802579B32}.Debug|Any CPU.ActiveCfg = Debug|Any CPU
		{9370AE74-CA9A-440C-BD03-A9D802579B32}.Debug|Any CPU.Build.0 = Debug|Any CPU
		{9370AE74-CA9A-440C-BD03-A9D802579B32}.Release|Any CPU.ActiveCfg = Release|Any CPU
		{9370AE74-CA9A-440C-BD03-A9D802579B32}.Release|Any CPU.Build.0 = Release|Any CPU
		{1D12643E-5707-406E-872D-1D66CE14ECA0}..NET Debug|Any CPU.ActiveCfg = Debug|Any CPU
		{1D12643E-5707-406E-872D-1D66CE14ECA0}..NET Debug|Any CPU.Build.0 = Debug|Any CPU
		{1D12643E-5707-406E-872D-1D66CE14ECA0}..NET Release|Any CPU.ActiveCfg = Release|Any CPU
		{1D12643E-5707-406E-872D-1D66CE14ECA0}..NET Release|Any CPU.Build.0 = Release|Any CPU
		{1D12643E-5707-406E-872D-1D66CE14ECA0}.Debug|Any CPU.ActiveCfg = Debug|Any CPU
		{1D12643E-5707-406E-872D-1D66CE14ECA0}.Debug|Any CPU.Build.0 = Debug|Any CPU
		{1D12643E-5707-406E-872D-1D66CE14ECA0}.Release|Any CPU.ActiveCfg = Release|Any CPU
		{1D12643E-5707-406E-872D-1D66CE14ECA0}.Release|Any CPU.Build.0 = Release|Any CPU
		{21580B80-AE14-4A11-8C79-74AB0B9DF41E}..NET Debug|Any CPU.ActiveCfg = Debug|Any CPU
		{21580B80-AE14-4A11-8C79-74AB0B9DF41E}..NET Debug|Any CPU.Build.0 = Debug|Any CPU
		{21580B80-AE14-4A11-8C79-74AB0B9DF41E}..NET Release|Any CPU.ActiveCfg = Release|Any CPU
		{21580B80-AE14-4A11-8C79-74AB0B9DF41E}..NET Release|Any CPU.Build.0 = Release|Any CPU
		{21580B80-AE14-4A11-8C79-74AB0B9DF41E}.Debug|Any CPU.ActiveCfg = Debug|Any CPU
		{21580B80-AE14-4A11-8C79-74AB0B9DF41E}.Debug|Any CPU.Build.0 = Debug|Any CPU
		{21580B80-AE14-4A11-8C79-74AB0B9DF41E}.Release|Any CPU.ActiveCfg = Release|Any CPU
		{21580B80-AE14-4A11-8C79-74AB0B9DF41E}.Release|Any CPU.Build.0 = Release|Any CPU
		{768A8FB1-DE70-45F1-B593-638A81E8C419}..NET Debug|Any CPU.ActiveCfg = Debug|Any CPU
		{768A8FB1-DE70-45F1-B593-638A81E8C419}..NET Debug|Any CPU.Build.0 = Debug|Any CPU
		{768A8FB1-DE70-45F1-B593-638A81E8C419}..NET Release|Any CPU.ActiveCfg = Release|Any CPU
		{768A8FB1-DE70-45F1-B593-638A81E8C419}..NET Release|Any CPU.Build.0 = Release|Any CPU
		{768A8FB1-DE70-45F1-B593-638A81E8C419}.Debug|Any CPU.ActiveCfg = Debug|Any CPU
		{768A8FB1-DE70-45F1-B593-638A81E8C419}.Debug|Any CPU.Build.0 = Debug|Any CPU
		{768A8FB1-DE70-45F1-B593-638A81E8C419}.Release|Any CPU.ActiveCfg = Release|Any CPU
		{768A8FB1-DE70-45F1-B593-638A81E8C419}.Release|Any CPU.Build.0 = Release|Any CPU
		{101C4A12-CAA4-4CF1-B9CC-59957165E0BA}..NET Debug|Any CPU.ActiveCfg = Debug|Any CPU
		{101C4A12-CAA4-4CF1-B9CC-59957165E0BA}..NET Debug|Any CPU.Build.0 = Debug|Any CPU
		{101C4A12-CAA4-4CF1-B9CC-59957165E0BA}..NET Release|Any CPU.ActiveCfg = Release|Any CPU
		{101C4A12-CAA4-4CF1-B9CC-59957165E0BA}..NET Release|Any CPU.Build.0 = Release|Any CPU
		{101C4A12-CAA4-4CF1-B9CC-59957165E0BA}.Debug|Any CPU.ActiveCfg = Debug|Any CPU
		{101C4A12-CAA4-4CF1-B9CC-59957165E0BA}.Debug|Any CPU.Build.0 = Debug|Any CPU
		{101C4A12-CAA4-4CF1-B9CC-59957165E0BA}.Release|Any CPU.ActiveCfg = Release|Any CPU
		{101C4A12-CAA4-4CF1-B9CC-59957165E0BA}.Release|Any CPU.Build.0 = Release|Any CPU
		{1F02AC54-9FC2-4922-B2DA-E76BC41E95C6}..NET Debug|Any CPU.ActiveCfg = Debug|Any CPU
		{1F02AC54-9FC2-4922-B2DA-E76BC41E95C6}..NET Debug|Any CPU.Build.0 = Debug|Any CPU
		{1F02AC54-9FC2-4922-B2DA-E76BC41E95C6}..NET Release|Any CPU.ActiveCfg = Release|Any CPU
		{1F02AC54-9FC2-4922-B2DA-E76BC41E95C6}..NET Release|Any CPU.Build.0 = Release|Any CPU
		{1F02AC54-9FC2-4922-B2DA-E76BC41E95C6}.Debug|Any CPU.ActiveCfg = Debug|Any CPU
		{1F02AC54-9FC2-4922-B2DA-E76BC41E95C6}.Debug|Any CPU.Build.0 = Debug|Any CPU
		{1F02AC54-9FC2-4922-B2DA-E76BC41E95C6}.Release|Any CPU.ActiveCfg = Release|Any CPU
		{1F02AC54-9FC2-4922-B2DA-E76BC41E95C6}.Release|Any CPU.Build.0 = Release|Any CPU
		{FADD190B-0608-4128-B59E-459E3C776728}..NET Debug|Any CPU.ActiveCfg = Debug|Any CPU
		{FADD190B-0608-4128-B59E-459E3C776728}..NET Debug|Any CPU.Build.0 = Debug|Any CPU
		{FADD190B-0608-4128-B59E-459E3C776728}..NET Release|Any CPU.ActiveCfg = Release|Any CPU
		{FADD190B-0608-4128-B59E-459E3C776728}..NET Release|Any CPU.Build.0 = Release|Any CPU
		{FADD190B-0608-4128-B59E-459E3C776728}.Debug|Any CPU.ActiveCfg = Debug|Any CPU
		{FADD190B-0608-4128-B59E-459E3C776728}.Debug|Any CPU.Build.0 = Debug|Any CPU
		{FADD190B-0608-4128-B59E-459E3C776728}.Release|Any CPU.ActiveCfg = Release|Any CPU
		{FADD190B-0608-4128-B59E-459E3C776728}.Release|Any CPU.Build.0 = Release|Any CPU
		{6EF1EA92-13A6-4B3D-A465-54B6C9319AC5}..NET Debug|Any CPU.ActiveCfg = Debug|Any CPU
		{6EF1EA92-13A6-4B3D-A465-54B6C9319AC5}..NET Debug|Any CPU.Build.0 = Debug|Any CPU
		{6EF1EA92-13A6-4B3D-A465-54B6C9319AC5}..NET Release|Any CPU.ActiveCfg = Release|Any CPU
		{6EF1EA92-13A6-4B3D-A465-54B6C9319AC5}..NET Release|Any CPU.Build.0 = Release|Any CPU
		{6EF1EA92-13A6-4B3D-A465-54B6C9319AC5}.Debug|Any CPU.ActiveCfg = Debug|Any CPU
		{6EF1EA92-13A6-4B3D-A465-54B6C9319AC5}.Debug|Any CPU.Build.0 = Debug|Any CPU
		{6EF1EA92-13A6-4B3D-A465-54B6C9319AC5}.Release|Any CPU.ActiveCfg = Release|Any CPU
		{6EF1EA92-13A6-4B3D-A465-54B6C9319AC5}.Release|Any CPU.Build.0 = Release|Any CPU
		{D1180437-8B35-4A18-8A08-425B876159B2}..NET Debug|Any CPU.ActiveCfg = Debug|Any CPU
		{D1180437-8B35-4A18-8A08-425B876159B2}..NET Debug|Any CPU.Build.0 = Debug|Any CPU
		{D1180437-8B35-4A18-8A08-425B876159B2}..NET Release|Any CPU.ActiveCfg = Release|Any CPU
		{D1180437-8B35-4A18-8A08-425B876159B2}..NET Release|Any CPU.Build.0 = Release|Any CPU
		{D1180437-8B35-4A18-8A08-425B876159B2}.Debug|Any CPU.ActiveCfg = Debug|Any CPU
		{D1180437-8B35-4A18-8A08-425B876159B2}.Debug|Any CPU.Build.0 = Debug|Any CPU
		{D1180437-8B35-4A18-8A08-425B876159B2}.Release|Any CPU.ActiveCfg = Release|Any CPU
		{D1180437-8B35-4A18-8A08-425B876159B2}.Release|Any CPU.Build.0 = Release|Any CPU
		{F0A7BD0D-C717-45D5-9544-4C3AECC3740F}..NET Debug|Any CPU.ActiveCfg = Debug|Any CPU
		{F0A7BD0D-C717-45D5-9544-4C3AECC3740F}..NET Debug|Any CPU.Build.0 = Debug|Any CPU
		{F0A7BD0D-C717-45D5-9544-4C3AECC3740F}..NET Release|Any CPU.ActiveCfg = Release|Any CPU
		{F0A7BD0D-C717-45D5-9544-4C3AECC3740F}..NET Release|Any CPU.Build.0 = Release|Any CPU
		{F0A7BD0D-C717-45D5-9544-4C3AECC3740F}.Debug|Any CPU.ActiveCfg = Debug|Any CPU
		{F0A7BD0D-C717-45D5-9544-4C3AECC3740F}.Debug|Any CPU.Build.0 = Debug|Any CPU
		{F0A7BD0D-C717-45D5-9544-4C3AECC3740F}.Release|Any CPU.ActiveCfg = Release|Any CPU
		{F0A7BD0D-C717-45D5-9544-4C3AECC3740F}.Release|Any CPU.Build.0 = Release|Any CPU
		{1D074EA4-9964-43EC-9389-7E60C2545C13}..NET Debug|Any CPU.ActiveCfg = Debug|Any CPU
		{1D074EA4-9964-43EC-9389-7E60C2545C13}..NET Debug|Any CPU.Build.0 = Debug|Any CPU
		{1D074EA4-9964-43EC-9389-7E60C2545C13}..NET Release|Any CPU.ActiveCfg = Release|Any CPU
		{1D074EA4-9964-43EC-9389-7E60C2545C13}..NET Release|Any CPU.Build.0 = Release|Any CPU
		{1D074EA4-9964-43EC-9389-7E60C2545C13}.Debug|Any CPU.ActiveCfg = Debug|Any CPU
		{1D074EA4-9964-43EC-9389-7E60C2545C13}.Debug|Any CPU.Build.0 = Debug|Any CPU
		{1D074EA4-9964-43EC-9389-7E60C2545C13}.Release|Any CPU.ActiveCfg = Release|Any CPU
		{1D074EA4-9964-43EC-9389-7E60C2545C13}.Release|Any CPU.Build.0 = Release|Any CPU
		{EAD6D51F-5106-4E11-A4E4-104A18C0235B}..NET Debug|Any CPU.ActiveCfg = Debug|Any CPU
		{EAD6D51F-5106-4E11-A4E4-104A18C0235B}..NET Debug|Any CPU.Build.0 = Debug|Any CPU
		{EAD6D51F-5106-4E11-A4E4-104A18C0235B}..NET Release|Any CPU.ActiveCfg = Release|Any CPU
		{EAD6D51F-5106-4E11-A4E4-104A18C0235B}..NET Release|Any CPU.Build.0 = Release|Any CPU
		{EAD6D51F-5106-4E11-A4E4-104A18C0235B}.Debug|Any CPU.ActiveCfg = Debug|Any CPU
		{EAD6D51F-5106-4E11-A4E4-104A18C0235B}.Debug|Any CPU.Build.0 = Debug|Any CPU
		{EAD6D51F-5106-4E11-A4E4-104A18C0235B}.Release|Any CPU.ActiveCfg = Release|Any CPU
		{EAD6D51F-5106-4E11-A4E4-104A18C0235B}.Release|Any CPU.Build.0 = Release|Any CPU
		{CA7DCF50-324E-4C36-B476-49940EBA393A}..NET Debug|Any CPU.ActiveCfg = Debug|Any CPU
		{CA7DCF50-324E-4C36-B476-49940EBA393A}..NET Debug|Any CPU.Build.0 = Debug|Any CPU
		{CA7DCF50-324E-4C36-B476-49940EBA393A}..NET Release|Any CPU.ActiveCfg = Release|Any CPU
		{CA7DCF50-324E-4C36-B476-49940EBA393A}..NET Release|Any CPU.Build.0 = Release|Any CPU
		{CA7DCF50-324E-4C36-B476-49940EBA393A}.Debug|Any CPU.ActiveCfg = Debug|Any CPU
		{CA7DCF50-324E-4C36-B476-49940EBA393A}.Debug|Any CPU.Build.0 = Debug|Any CPU
		{CA7DCF50-324E-4C36-B476-49940EBA393A}.Release|Any CPU.ActiveCfg = Release|Any CPU
		{CA7DCF50-324E-4C36-B476-49940EBA393A}.Release|Any CPU.Build.0 = Release|Any CPU
		{4A16893C-3E9B-4547-AE22-FDF7FD216137}..NET Debug|Any CPU.ActiveCfg = Debug|Any CPU
		{4A16893C-3E9B-4547-AE22-FDF7FD216137}..NET Debug|Any CPU.Build.0 = Debug|Any CPU
		{4A16893C-3E9B-4547-AE22-FDF7FD216137}..NET Release|Any CPU.ActiveCfg = Release|Any CPU
		{4A16893C-3E9B-4547-AE22-FDF7FD216137}..NET Release|Any CPU.Build.0 = Release|Any CPU
		{4A16893C-3E9B-4547-AE22-FDF7FD216137}.Debug|Any CPU.ActiveCfg = Debug|Any CPU
		{4A16893C-3E9B-4547-AE22-FDF7FD216137}.Debug|Any CPU.Build.0 = Debug|Any CPU
		{4A16893C-3E9B-4547-AE22-FDF7FD216137}.Release|Any CPU.ActiveCfg = Release|Any CPU
		{4A16893C-3E9B-4547-AE22-FDF7FD216137}.Release|Any CPU.Build.0 = Release|Any CPU
		{CF6D785D-602A-46E0-9DCB-5F703E3544F0}..NET Debug|Any CPU.ActiveCfg = Debug|Any CPU
		{CF6D785D-602A-46E0-9DCB-5F703E3544F0}..NET Debug|Any CPU.Build.0 = Debug|Any CPU
		{CF6D785D-602A-46E0-9DCB-5F703E3544F0}..NET Release|Any CPU.ActiveCfg = Release|Any CPU
		{CF6D785D-602A-46E0-9DCB-5F703E3544F0}..NET Release|Any CPU.Build.0 = Release|Any CPU
		{CF6D785D-602A-46E0-9DCB-5F703E3544F0}.Debug|Any CPU.ActiveCfg = Debug|Any CPU
		{CF6D785D-602A-46E0-9DCB-5F703E3544F0}.Debug|Any CPU.Build.0 = Debug|Any CPU
		{CF6D785D-602A-46E0-9DCB-5F703E3544F0}.Release|Any CPU.ActiveCfg = Release|Any CPU
		{CF6D785D-602A-46E0-9DCB-5F703E3544F0}.Release|Any CPU.Build.0 = Release|Any CPU
		{A635E041-7F5D-4CD5-BB87-0F692EA1AD3E}..NET Debug|Any CPU.ActiveCfg = Debug|Any CPU
		{A635E041-7F5D-4CD5-BB87-0F692EA1AD3E}..NET Debug|Any CPU.Build.0 = Debug|Any CPU
		{A635E041-7F5D-4CD5-BB87-0F692EA1AD3E}..NET Release|Any CPU.ActiveCfg = Release|Any CPU
		{A635E041-7F5D-4CD5-BB87-0F692EA1AD3E}..NET Release|Any CPU.Build.0 = Release|Any CPU
		{A635E041-7F5D-4CD5-BB87-0F692EA1AD3E}.Debug|Any CPU.ActiveCfg = Debug|Any CPU
		{A635E041-7F5D-4CD5-BB87-0F692EA1AD3E}.Debug|Any CPU.Build.0 = Debug|Any CPU
		{A635E041-7F5D-4CD5-BB87-0F692EA1AD3E}.Release|Any CPU.ActiveCfg = Release|Any CPU
		{A635E041-7F5D-4CD5-BB87-0F692EA1AD3E}.Release|Any CPU.Build.0 = Release|Any CPU
		{E9AE2FAE-4335-4C75-9272-3B6C6D70072B}..NET Debug|Any CPU.ActiveCfg = Debug|Any CPU
		{E9AE2FAE-4335-4C75-9272-3B6C6D70072B}..NET Debug|Any CPU.Build.0 = Debug|Any CPU
		{E9AE2FAE-4335-4C75-9272-3B6C6D70072B}..NET Release|Any CPU.ActiveCfg = Release|Any CPU
		{E9AE2FAE-4335-4C75-9272-3B6C6D70072B}..NET Release|Any CPU.Build.0 = Release|Any CPU
		{E9AE2FAE-4335-4C75-9272-3B6C6D70072B}.Debug|Any CPU.ActiveCfg = Debug|Any CPU
		{E9AE2FAE-4335-4C75-9272-3B6C6D70072B}.Debug|Any CPU.Build.0 = Debug|Any CPU
		{E9AE2FAE-4335-4C75-9272-3B6C6D70072B}.Release|Any CPU.ActiveCfg = Release|Any CPU
		{E9AE2FAE-4335-4C75-9272-3B6C6D70072B}.Release|Any CPU.Build.0 = Release|Any CPU
		{3603444C-3A1B-487D-AA6B-9AACB5530DD6}..NET Debug|Any CPU.ActiveCfg = Debug|Any CPU
		{3603444C-3A1B-487D-AA6B-9AACB5530DD6}..NET Debug|Any CPU.Build.0 = Debug|Any CPU
		{3603444C-3A1B-487D-AA6B-9AACB5530DD6}..NET Release|Any CPU.ActiveCfg = Release|Any CPU
		{3603444C-3A1B-487D-AA6B-9AACB5530DD6}..NET Release|Any CPU.Build.0 = Release|Any CPU
		{3603444C-3A1B-487D-AA6B-9AACB5530DD6}.Debug|Any CPU.ActiveCfg = Debug|Any CPU
		{3603444C-3A1B-487D-AA6B-9AACB5530DD6}.Debug|Any CPU.Build.0 = Debug|Any CPU
		{3603444C-3A1B-487D-AA6B-9AACB5530DD6}.Release|Any CPU.ActiveCfg = Release|Any CPU
		{3603444C-3A1B-487D-AA6B-9AACB5530DD6}.Release|Any CPU.Build.0 = Release|Any CPU
		{788CDE3D-77D8-4910-8D1A-C829EFD591D2}..NET Debug|Any CPU.ActiveCfg = Debug|Any CPU
		{788CDE3D-77D8-4910-8D1A-C829EFD591D2}..NET Debug|Any CPU.Build.0 = Debug|Any CPU
		{788CDE3D-77D8-4910-8D1A-C829EFD591D2}..NET Release|Any CPU.ActiveCfg = Release|Any CPU
		{788CDE3D-77D8-4910-8D1A-C829EFD591D2}..NET Release|Any CPU.Build.0 = Release|Any CPU
		{788CDE3D-77D8-4910-8D1A-C829EFD591D2}.Debug|Any CPU.ActiveCfg = Debug|Any CPU
		{788CDE3D-77D8-4910-8D1A-C829EFD591D2}.Debug|Any CPU.Build.0 = Debug|Any CPU
		{788CDE3D-77D8-4910-8D1A-C829EFD591D2}.Release|Any CPU.ActiveCfg = Release|Any CPU
		{788CDE3D-77D8-4910-8D1A-C829EFD591D2}.Release|Any CPU.Build.0 = Release|Any CPU
		{A8DAC079-E416-4574-9B54-19EED185D368}..NET Debug|Any CPU.ActiveCfg = Debug|Any CPU
		{A8DAC079-E416-4574-9B54-19EED185D368}..NET Debug|Any CPU.Build.0 = Debug|Any CPU
		{A8DAC079-E416-4574-9B54-19EED185D368}..NET Release|Any CPU.ActiveCfg = Release|Any CPU
		{A8DAC079-E416-4574-9B54-19EED185D368}..NET Release|Any CPU.Build.0 = Release|Any CPU
		{A8DAC079-E416-4574-9B54-19EED185D368}.Debug|Any CPU.ActiveCfg = Debug|Any CPU
		{A8DAC079-E416-4574-9B54-19EED185D368}.Debug|Any CPU.Build.0 = Debug|Any CPU
		{A8DAC079-E416-4574-9B54-19EED185D368}.Release|Any CPU.ActiveCfg = Release|Any CPU
		{A8DAC079-E416-4574-9B54-19EED185D368}.Release|Any CPU.Build.0 = Release|Any CPU
		{D58EEC5B-962C-4888-953B-4A443015E45D}..NET Debug|Any CPU.ActiveCfg = Release|Any CPU
		{D58EEC5B-962C-4888-953B-4A443015E45D}..NET Debug|Any CPU.Build.0 = Release|Any CPU
		{D58EEC5B-962C-4888-953B-4A443015E45D}..NET Release|Any CPU.ActiveCfg = Release|Any CPU
		{D58EEC5B-962C-4888-953B-4A443015E45D}..NET Release|Any CPU.Build.0 = Release|Any CPU
		{D58EEC5B-962C-4888-953B-4A443015E45D}.Debug|Any CPU.ActiveCfg = Debug|Any CPU
		{D58EEC5B-962C-4888-953B-4A443015E45D}.Debug|Any CPU.Build.0 = Debug|Any CPU
		{D58EEC5B-962C-4888-953B-4A443015E45D}.Release|Any CPU.ActiveCfg = Release|Any CPU
		{D58EEC5B-962C-4888-953B-4A443015E45D}.Release|Any CPU.Build.0 = Release|Any CPU
	EndGlobalSection
	GlobalSection(SolutionProperties) = preSolution
		HideSolutionNode = FALSE
	EndGlobalSection
	GlobalSection(NestedProjects) = preSolution
		{D5B36CD1-5B5D-4CE9-A673-209AD386D68A} = {0FB7CD6A-EE31-467D-A590-267DCD028618}
		{5A6A483A-527E-4B96-9174-F0E648BCA950} = {402B2669-D594-4DFA-965B-02A92626ADC6}
		{E3882222-BB73-4FBE-9185-BB5C76E56912} = {4FBC958A-4685-4DF2-8D4F-98850BAE61B3}
		{F6E4E1DF-ACC6-4DDE-912F-C6465CB3D393} = {4FBC958A-4685-4DF2-8D4F-98850BAE61B3}
		{C02F5C8B-16A0-4591-A65D-8A7E845D5F59} = {4FBC958A-4685-4DF2-8D4F-98850BAE61B3}
		{812E9C9B-C5AA-459B-9C30-FCAE79A0B3B9} = {9AEB4887-7C23-4992-A26D-A1E73DC4FE53}
		{CC70D894-EAFB-43F8-9DF3-3AC6DE95E093} = {402B2669-D594-4DFA-965B-02A92626ADC6}
		{B2B253FE-1A8D-473D-9501-748C2E37E34D} = {0FB7CD6A-EE31-467D-A590-267DCD028618}
		{11D9F155-69EA-4486-908B-51CB799E4E01} = {9C52D787-9819-4B89-989B-EEA6FEB20731}
		{ECE73C11-C9A0-4132-9FF3-DD52126846E5} = {0FB7CD6A-EE31-467D-A590-267DCD028618}
		{78C8F66C-3CCC-4EE3-8D97-9272D1D02FA7} = {9C52D787-9819-4B89-989B-EEA6FEB20731}
		{40EA5893-1C3F-4D11-9D2A-6E5529FEBB31} = {4FBC958A-4685-4DF2-8D4F-98850BAE61B3}
		{8A94810E-753B-4CB4-810A-1DF2745A885B} = {0FB7CD6A-EE31-467D-A590-267DCD028618}
		{8580F123-1AA8-4FB0-BCEC-26BF04D64767} = {4FBC958A-4685-4DF2-8D4F-98850BAE61B3}
		{9B1D6729-66A0-4688-AC16-8C6B741B92A7} = {402B2669-D594-4DFA-965B-02A92626ADC6}
		{7F0C3E2D-9D30-4030-9D70-F13EFC27288C} = {9C52D787-9819-4B89-989B-EEA6FEB20731}
		{56EBB7A8-93E2-40E1-B887-A9E82C89FBFF} = {939E8104-3A37-41FC-A411-CAEE67A803B6}
		{3A619AFC-1FC1-4653-9AE9-F6C31B598A9B} = {402B2669-D594-4DFA-965B-02A92626ADC6}
		{D9B50EAF-4718-43C2-B34D-0E045D56B08E} = {939E8104-3A37-41FC-A411-CAEE67A803B6}
		{67810138-DACB-4A93-87FC-647BF73672AC} = {402B2669-D594-4DFA-965B-02A92626ADC6}
		{710AF1D3-1C65-4D1E-B6E9-A94AED61049E} = {0FB7CD6A-EE31-467D-A590-267DCD028618}
		{D62EEF15-D847-4422-B5DC-3505037BFA8C} = {9C52D787-9819-4B89-989B-EEA6FEB20731}
		{6B85D492-8683-4D76-83FA-FFBBB43DC701} = {402B2669-D594-4DFA-965B-02A92626ADC6}
		{4DAF2966-1683-4B89-A36B-0F216197B961} = {402B2669-D594-4DFA-965B-02A92626ADC6}
		{E7E9B1CF-8EFD-4E3A-A28B-481FD8E5D372} = {9C52D787-9819-4B89-989B-EEA6FEB20731}
		{FDA95A63-22BA-4356-B248-0A1D30D8AEBC} = {402B2669-D594-4DFA-965B-02A92626ADC6}
		{361031B7-10FD-438A-8DAF-9F38267EBD11} = {402B2669-D594-4DFA-965B-02A92626ADC6}
		{6A8C8D2D-33DB-40BB-AD31-162B846BB61D} = {402B2669-D594-4DFA-965B-02A92626ADC6}
		{CFD7082A-3556-4656-8AE3-7096ABC3979F} = {402B2669-D594-4DFA-965B-02A92626ADC6}
		{50473DB5-C28D-4AB2-9E99-FDB24EA95F3D} = {9C52D787-9819-4B89-989B-EEA6FEB20731}
		{4AEB5DD5-A59E-49F8-8610-7DAA72C2081B} = {9C52D787-9819-4B89-989B-EEA6FEB20731}
		{F1FE729B-FEF5-43DF-B7C9-3760F9C233EC} = {9C52D787-9819-4B89-989B-EEA6FEB20731}
		{2DCDC52F-3144-49EB-A1CD-87F7BDC0BF07} = {4FBC958A-4685-4DF2-8D4F-98850BAE61B3}
		{A0A7EC73-F1F3-4A15-8152-0D78C493581C} = {9C52D787-9819-4B89-989B-EEA6FEB20731}
		{C4B15D99-4BA7-4AC0-9516-8719401F0455} = {402B2669-D594-4DFA-965B-02A92626ADC6}
		{89DC17A7-971E-45C8-AF97-240A2A8EBDAC} = {402B2669-D594-4DFA-965B-02A92626ADC6}
		{3036445D-2A99-4AE0-B047-7D7F202EBFA6} = {939E8104-3A37-41FC-A411-CAEE67A803B6}
		{08487D2A-8091-4DC9-AC31-3130CE0842D1} = {9C52D787-9819-4B89-989B-EEA6FEB20731}
		{696CDCFC-6AC4-4062-82A0-CAD2EB4EB2CE} = {9C52D787-9819-4B89-989B-EEA6FEB20731}
		{340458E3-FE2B-470E-9C4F-D3E58F218670} = {9C52D787-9819-4B89-989B-EEA6FEB20731}
		{1B89F510-3B9A-4A3B-A08F-4FFB5C5B817B} = {402B2669-D594-4DFA-965B-02A92626ADC6}
		{41706B1E-DFF9-472F-AD74-A936B10D80F6} = {9C52D787-9819-4B89-989B-EEA6FEB20731}
		{198657C3-DC06-4AA6-A594-6D4D82218CA8} = {939E8104-3A37-41FC-A411-CAEE67A803B6}
		{8D0CBCCA-3F3E-4775-B001-2DDA4D962A8A} = {0FB7CD6A-EE31-467D-A590-267DCD028618}
		{77ADD488-0297-4EB7-9884-2068F84A9C67} = {402B2669-D594-4DFA-965B-02A92626ADC6}
		{78098226-72BC-4492-9BA6-0283B4B9D2AB} = {DC4CA2F6-9A43-4112-92A8-8ACFF5E6C5A2}
		{0C9861ED-5DCA-4DED-98B8-109031DE471B} = {DC4CA2F6-9A43-4112-92A8-8ACFF5E6C5A2}
		{E74CBCC4-B979-44FD-AFFA-A89693483BF2} = {DC4CA2F6-9A43-4112-92A8-8ACFF5E6C5A2}
		{6B47410F-F5F8-4F79-B4D7-936C698E6805} = {DC4CA2F6-9A43-4112-92A8-8ACFF5E6C5A2}
		{064EB64F-FAFF-4FE8-8711-EC2CF260669C} = {DC4CA2F6-9A43-4112-92A8-8ACFF5E6C5A2}
		{DBDBCB21-AD60-4344-9E9A-600E1D36C845} = {0FB7CD6A-EE31-467D-A590-267DCD028618}
		{D4AF702B-145A-4052-B347-15166C43AB3F} = {9AEB4887-7C23-4992-A26D-A1E73DC4FE53}
		{408B6E0A-20C1-4C55-A6BF-5342F2A16668} = {9C52D787-9819-4B89-989B-EEA6FEB20731}
		{82CA6AE4-DD88-4CD7-A471-CD838739B749} = {C9B53164-6989-479B-81BE-0D00822B8B46}
		{D0B22AFA-0E6F-46E4-9949-62DED6B65084} = {C9B53164-6989-479B-81BE-0D00822B8B46}
		{18FFB18D-B254-4F93-821F-2BBAE6389BB2} = {9C52D787-9819-4B89-989B-EEA6FEB20731}
		{4D954FE4-0B5A-4699-A1A8-A2D02BE05B9C} = {9C52D787-9819-4B89-989B-EEA6FEB20731}
		{B0C5C991-048E-4AF3-BC40-8466FEFB543E} = {402B2669-D594-4DFA-965B-02A92626ADC6}
		{68AA6223-9707-4306-8B54-F5D965D08819} = {402B2669-D594-4DFA-965B-02A92626ADC6}
		{817A7927-9AFC-4BFF-B911-F2D73C854E6A} = {402B2669-D594-4DFA-965B-02A92626ADC6}
		{0AC54BBF-A08D-44CA-9140-EB5C47573BAE} = {402B2669-D594-4DFA-965B-02A92626ADC6}
		{7BA60C7F-4DA9-4A62-A1DC-0F8FF87E4430} = {402B2669-D594-4DFA-965B-02A92626ADC6}
		{05223179-5A23-433E-B255-44AA4FEA733B} = {0FB7CD6A-EE31-467D-A590-267DCD028618}
		{A9695331-C335-4C62-B5B3-7FB3ED512EA3} = {9C52D787-9819-4B89-989B-EEA6FEB20731}
		{5B6A7706-0028-4634-AE35-18E2BEAFD3D4} = {402B2669-D594-4DFA-965B-02A92626ADC6}
		{940E9927-13D3-4CC7-8034-37982E3885C2} = {402B2669-D594-4DFA-965B-02A92626ADC6}
		{A88E268F-A8CC-48E4-8AE9-5CC7A774022D} = {402B2669-D594-4DFA-965B-02A92626ADC6}
		{A1BCC739-3BDC-41AF-BD0B-78C5E55F88A2} = {402B2669-D594-4DFA-965B-02A92626ADC6}
		{EB189B6E-AFA0-463D-8DE8-A51ED32969FD} = {0FB7CD6A-EE31-467D-A590-267DCD028618}
		{3EF82533-6397-496F-A70F-429BB3611A17} = {9AEB4887-7C23-4992-A26D-A1E73DC4FE53}
		{C2DB9627-2FE5-4BD9-8271-D3A86DACBA30} = {402B2669-D594-4DFA-965B-02A92626ADC6}
		{9370AE74-CA9A-440C-BD03-A9D802579B32} = {0FB7CD6A-EE31-467D-A590-267DCD028618}
		{1D12643E-5707-406E-872D-1D66CE14ECA0} = {402B2669-D594-4DFA-965B-02A92626ADC6}
		{21580B80-AE14-4A11-8C79-74AB0B9DF41E} = {0FB7CD6A-EE31-467D-A590-267DCD028618}
		{768A8FB1-DE70-45F1-B593-638A81E8C419} = {9C52D787-9819-4B89-989B-EEA6FEB20731}
		{101C4A12-CAA4-4CF1-B9CC-59957165E0BA} = {402B2669-D594-4DFA-965B-02A92626ADC6}
		{1F02AC54-9FC2-4922-B2DA-E76BC41E95C6} = {402B2669-D594-4DFA-965B-02A92626ADC6}
		{FADD190B-0608-4128-B59E-459E3C776728} = {9C52D787-9819-4B89-989B-EEA6FEB20731}
		{6EF1EA92-13A6-4B3D-A465-54B6C9319AC5} = {0FB7CD6A-EE31-467D-A590-267DCD028618}
		{D1180437-8B35-4A18-8A08-425B876159B2} = {9C52D787-9819-4B89-989B-EEA6FEB20731}
		{F0A7BD0D-C717-45D5-9544-4C3AECC3740F} = {9C52D787-9819-4B89-989B-EEA6FEB20731}
		{1D074EA4-9964-43EC-9389-7E60C2545C13} = {0FB7CD6A-EE31-467D-A590-267DCD028618}
		{EAD6D51F-5106-4E11-A4E4-104A18C0235B} = {9C52D787-9819-4B89-989B-EEA6FEB20731}
		{4A16893C-3E9B-4547-AE22-FDF7FD216137} = {402B2669-D594-4DFA-965B-02A92626ADC6}
		{CF6D785D-602A-46E0-9DCB-5F703E3544F0} = {402B2669-D594-4DFA-965B-02A92626ADC6}
		{A635E041-7F5D-4CD5-BB87-0F692EA1AD3E} = {4FBC958A-4685-4DF2-8D4F-98850BAE61B3}
		{E9AE2FAE-4335-4C75-9272-3B6C6D70072B} = {402B2669-D594-4DFA-965B-02A92626ADC6}
		{3603444C-3A1B-487D-AA6B-9AACB5530DD6} = {4FBC958A-4685-4DF2-8D4F-98850BAE61B3}
		{788CDE3D-77D8-4910-8D1A-C829EFD591D2} = {EC12F6FC-5753-430C-AE13-09EFD219E432}
		{A8DAC079-E416-4574-9B54-19EED185D368} = {9C52D787-9819-4B89-989B-EEA6FEB20731}
		{D58EEC5B-962C-4888-953B-4A443015E45D} = {402B2669-D594-4DFA-965B-02A92626ADC6}
	EndGlobalSection
	GlobalSection(ExtensibilityGlobals) = postSolution
		SolutionGuid = {1DF3960B-4FE5-4E56-92D4-2FC0A912E823}
	EndGlobalSection
EndGlobal
