Microsoft Visual Studio Solution File, Format Version 12.00
# Visual Studio Version 16
VisualStudioVersion = 16.0.28822.285
MinimumVisualStudioVersion = 10.0.40219.1
Project("{9A19103F-16F7-4668-BE54-9A1E7A4F7556}") = "OpenKh.Kh2", "OpenKh.Kh2\OpenKh.Kh2.csproj", "{D5B36CD1-5B5D-4CE9-A673-209AD386D68A}"
EndProject
Project("{2150E333-8FDC-42A3-9474-1A3956D46DE8}") = "Solution Items", "Solution Items", "{DC4CA2F6-9A43-4112-92A8-8ACFF5E6C5A2}"
	ProjectSection(SolutionItems) = preProject
		LICENSE = LICENSE
		README.md = README.md
	EndProjectSection
EndProject
Project("{9A19103F-16F7-4668-BE54-9A1E7A4F7556}") = "OpenKh.Tools.BarEditor", "OpenKh.Tools.BarEditor\OpenKh.Tools.BarEditor.csproj", "{5A6A483A-527E-4B96-9174-F0E648BCA950}"
EndProject
Project("{9A19103F-16F7-4668-BE54-9A1E7A4F7556}") = "Xe", "XeEngine.Tools.Public\Xe\Xe.csproj", "{E3882222-BB73-4FBE-9185-BB5C76E56912}"
EndProject
Project("{9A19103F-16F7-4668-BE54-9A1E7A4F7556}") = "Xe.Tools.Wpf", "XeEngine.Tools.Public\Xe.Tools.Wpf\Xe.Tools.Wpf.csproj", "{F6E4E1DF-ACC6-4DDE-912F-C6465CB3D393}"
EndProject
Project("{9A19103F-16F7-4668-BE54-9A1E7A4F7556}") = "Xe.Tools", "XeEngine.Tools.Public\Xe.Tools\Xe.Tools.csproj", "{C02F5C8B-16A0-4591-A65D-8A7E845D5F59}"
EndProject
Project("{9A19103F-16F7-4668-BE54-9A1E7A4F7556}") = "ConsoleApp1", "ConsoleApp1\ConsoleApp1.csproj", "{812E9C9B-C5AA-459B-9C30-FCAE79A0B3B9}"
EndProject
Project("{9A19103F-16F7-4668-BE54-9A1E7A4F7556}") = "OpenKh.Tools.DpdViewer", "OpenKh.Tools.DpdViewer\OpenKh.Tools.DpdViewer.csproj", "{CC70D894-EAFB-43F8-9DF3-3AC6DE95E093}"
EndProject
Project("{9A19103F-16F7-4668-BE54-9A1E7A4F7556}") = "OpenKh.Tests", "OpenKh.Tests\OpenKh.Tests.csproj", "{B2B253FE-1A8D-473D-9501-748C2E37E34D}"
EndProject
Project("{2150E333-8FDC-42A3-9474-1A3956D46DE8}") = "Research", "Research", "{9AEB4887-7C23-4992-A26D-A1E73DC4FE53}"
EndProject
Project("{9A19103F-16F7-4668-BE54-9A1E7A4F7556}") = "OpenKh.Command.IdxImg", "OpenKh.Command.IdxImg\OpenKh.Command.IdxImg.csproj", "{11D9F155-69EA-4486-908B-51CB799E4E01}"
EndProject
Project("{9A19103F-16F7-4668-BE54-9A1E7A4F7556}") = "OpenKh.Common", "OpenKh.Common\OpenKh.Common.csproj", "{ECE73C11-C9A0-4132-9FF3-DD52126846E5}"
EndProject
Project("{9A19103F-16F7-4668-BE54-9A1E7A4F7556}") = "OpenKh.Command.MsgTool", "OpenKh.Command.MsgTool\OpenKh.Command.MsgTool.csproj", "{78C8F66C-3CCC-4EE3-8D97-9272D1D02FA7}"
EndProject
Project("{2150E333-8FDC-42A3-9474-1A3956D46DE8}") = "Libraries", "Libraries", "{0FB7CD6A-EE31-467D-A590-267DCD028618}"
EndProject
Project("{2150E333-8FDC-42A3-9474-1A3956D46DE8}") = "Command tools", "Command tools", "{9C52D787-9819-4B89-989B-EEA6FEB20731}"
EndProject
Project("{2150E333-8FDC-42A3-9474-1A3956D46DE8}") = "Graphical tools", "Graphical tools", "{402B2669-D594-4DFA-965B-02A92626ADC6}"
EndProject
Project("{2150E333-8FDC-42A3-9474-1A3956D46DE8}") = "3rd party libraries", "3rd party libraries", "{4FBC958A-4685-4DF2-8D4F-98850BAE61B3}"
EndProject
Project("{9A19103F-16F7-4668-BE54-9A1E7A4F7556}") = "Xe.Drawing", "XeEngine.Tools.Public\Xe.Drawing\Xe.Drawing.csproj", "{40EA5893-1C3F-4D11-9D2A-6E5529FEBB31}"
EndProject
Project("{9A19103F-16F7-4668-BE54-9A1E7A4F7556}") = "OpenKh.Imaging", "OpenKh.Imaging\OpenKh.Imaging.csproj", "{8A94810E-753B-4CB4-810A-1DF2745A885B}"
EndProject
Project("{9A19103F-16F7-4668-BE54-9A1E7A4F7556}") = "OpenKh.Tools.LayoutViewer", "OpenKh.Tools.LayoutViewer\OpenKh.Tools.LayoutViewer.csproj", "{FF37C4CF-FC13-4986-8FE5-1458A8676F2C}"
EndProject
Project("{9A19103F-16F7-4668-BE54-9A1E7A4F7556}") = "Xe.Drawing.Direct3D", "XeEngine.Tools.Public\Xe.Drawing.Direct3D\Xe.Drawing.Direct3D.csproj", "{8580F123-1AA8-4FB0-BCEC-26BF04D64767}"
EndProject
Project("{9A19103F-16F7-4668-BE54-9A1E7A4F7556}") = "OpenKh.Tools.Common", "OpenKh.Tools.Common\OpenKh.Tools.Common.csproj", "{9B1D6729-66A0-4688-AC16-8C6B741B92A7}"
EndProject
Project("{9A19103F-16F7-4668-BE54-9A1E7A4F7556}") = "OpenKh.Command.HdAssets", "OpenKh.Command.HdAssets\OpenKh.Command.HdAssets.csproj", "{7F0C3E2D-9D30-4030-9D70-F13EFC27288C}"
EndProject
Project("{2150E333-8FDC-42A3-9474-1A3956D46DE8}") = "Engine", "Engine", "{939E8104-3A37-41FC-A411-CAEE67A803B6}"
EndProject
Project("{9A19103F-16F7-4668-BE54-9A1E7A4F7556}") = "OpenKh.Engine", "OpenKh.Engine\OpenKh.Engine.csproj", "{56EBB7A8-93E2-40E1-B887-A9E82C89FBFF}"
EndProject
Project("{9A19103F-16F7-4668-BE54-9A1E7A4F7556}") = "OpenKh.Tools.Kh2TextEditor", "OpenKh.Tools.Kh2TextEditor\OpenKh.Tools.Kh2TextEditor.csproj", "{3A619AFC-1FC1-4653-9AE9-F6C31B598A9B}"
EndProject
Project("{9A19103F-16F7-4668-BE54-9A1E7A4F7556}") = "OpenKh.Game", "OpenKh.Game\OpenKh.Game.csproj", "{D9B50EAF-4718-43C2-B34D-0E045D56B08E}"
EndProject
Project("{9A19103F-16F7-4668-BE54-9A1E7A4F7556}") = "OpenKh.Tools.Kh2BattleEditor", "OpenKh.Tools.Kh2BattleEditor\OpenKh.Tools.Kh2BattleEditor.csproj", "{67810138-DACB-4A93-87FC-647BF73672AC}"
EndProject
Project("{9A19103F-16F7-4668-BE54-9A1E7A4F7556}") = "OpenKh.Bbs", "OpenKh.Bbs\OpenKh.Bbs.csproj", "{710AF1D3-1C65-4D1E-B6E9-A94AED61049E}"
EndProject
Project("{9A19103F-16F7-4668-BE54-9A1E7A4F7556}") = "OpenKh.Command.Bbsa", "OpenKh.Command.Bbsa\OpenKh.Command.Bbsa.csproj", "{D62EEF15-D847-4422-B5DC-3505037BFA8C}"
EndProject
Project("{9A19103F-16F7-4668-BE54-9A1E7A4F7556}") = "OpenKh.Tools.BbsEventTableEditor", "OpenKh.Tools.BbsEventTableEditor\OpenKh.Tools.BbsEventTableEditor.csproj", "{6B85D492-8683-4D76-83FA-FFBBB43DC701}"
EndProject
Project("{9A19103F-16F7-4668-BE54-9A1E7A4F7556}") = "OpenKh.Tools.ImageViewer", "OpenKh.Tools.ImageViewer\OpenKh.Tools.ImageViewer.csproj", "{4DAF2966-1683-4B89-A36B-0F216197B961}"
EndProject
Project("{9A19103F-16F7-4668-BE54-9A1E7A4F7556}") = "OpenKh.Command.Arc", "OpenKh.Command.Arc\OpenKh.Command.Arc.csproj", "{E7E9B1CF-8EFD-4E3A-A28B-481FD8E5D372}"
EndProject
Project("{9A19103F-16F7-4668-BE54-9A1E7A4F7556}") = "OpenKh.Tools.CtdEditor", "OpenKh.Tools.CtdEditor\OpenKh.Tools.CtdEditor.csproj", "{FDA95A63-22BA-4356-B248-0A1D30D8AEBC}"
EndProject
Project("{9A19103F-16F7-4668-BE54-9A1E7A4F7556}") = "OpenKh.Tools.ObjentryEditor", "OpenKh.Tools.ObjentryEditor\OpenKh.Tools.ObjentryEditor.csproj", "{361031B7-10FD-438A-8DAF-9F38267EBD11}"
EndProject
Project("{9A19103F-16F7-4668-BE54-9A1E7A4F7556}") = "OpenKh.Tools.Kh2SystemEditor", "OpenKh.Tools.Kh2SystemEditor\OpenKh.Tools.Kh2SystemEditor.csproj", "{6A8C8D2D-33DB-40BB-AD31-162B846BB61D}"
EndProject
Project("{9A19103F-16F7-4668-BE54-9A1E7A4F7556}") = "OpenKh.Tools.Kh2PlaceEditor", "OpenKh.Tools.Kh2PlaceEditor\OpenKh.Tools.Kh2PlaceEditor.csproj", "{CFD7082A-3556-4656-8AE3-7096ABC3979F}"
EndProject
Project("{9A19103F-16F7-4668-BE54-9A1E7A4F7556}") = "OpenKh.Command.Layout", "OpenKh.Command.Layout\OpenKh.Command.Layout.csproj", "{50473DB5-C28D-4AB2-9E99-FDB24EA95F3D}"
EndProject
Project("{9A19103F-16F7-4668-BE54-9A1E7A4F7556}") = "OpenKh.Command.Bar", "OpenKh.Command.Bar\OpenKh.Command.Bar.csproj", "{4AEB5DD5-A59E-49F8-8610-7DAA72C2081B}"
EndProject
Project("{9A19103F-16F7-4668-BE54-9A1E7A4F7556}") = "OpenKh.Command.ImgTool", "OpenKh.Command.ImgTool\OpenKh.Command.ImgTool.csproj", "{F1FE729B-FEF5-43DF-B7C9-3760F9C233EC}"
EndProject
Project("{9A19103F-16F7-4668-BE54-9A1E7A4F7556}") = "nQuant.Core", "nQuant\nQuant.Core\nQuant.Core.csproj", "{2DCDC52F-3144-49EB-A1CD-87F7BDC0BF07}"
EndProject
Project("{9A19103F-16F7-4668-BE54-9A1E7A4F7556}") = "OpenKh.Tools.LayoutEditor", "OpenKh.Tools.LayoutEditor\OpenKh.Tools.LayoutEditor.csproj", "{C4B15D99-4BA7-4AC0-9516-8719401F0455}"
EndProject
Project("{9A19103F-16F7-4668-BE54-9A1E7A4F7556}") = "OpenKh.Tools.Common.CustomImGui", "OpenKh.Tools.Common.CustomImGui\OpenKh.Tools.Common.CustomImGui.csproj", "{89DC17A7-971E-45C8-AF97-240A2A8EBDAC}"
EndProject
Project("{FAE04EC0-301F-11D3-BF4B-00C04F79EFBC}") = "OpenKh.Engine.MonoGame", "OpenKh.Engine.MonoGame\OpenKh.Engine.MonoGame.csproj", "{3036445D-2A99-4AE0-B047-7D7F202EBFA6}"
EndProject
Global
	GlobalSection(SolutionConfigurationPlatforms) = preSolution
		Debug|Any CPU = Debug|Any CPU
		Debug|ARM = Debug|ARM
		Debug|x64 = Debug|x64
		Debug|x86 = Debug|x86
		Release|Any CPU = Release|Any CPU
		Release|ARM = Release|ARM
		Release|x64 = Release|x64
		Release|x86 = Release|x86
	EndGlobalSection
	GlobalSection(ProjectConfigurationPlatforms) = postSolution
		{D5B36CD1-5B5D-4CE9-A673-209AD386D68A}.Debug|Any CPU.ActiveCfg = Debug|Any CPU
		{D5B36CD1-5B5D-4CE9-A673-209AD386D68A}.Debug|Any CPU.Build.0 = Debug|Any CPU
		{D5B36CD1-5B5D-4CE9-A673-209AD386D68A}.Debug|ARM.ActiveCfg = Debug|Any CPU
		{D5B36CD1-5B5D-4CE9-A673-209AD386D68A}.Debug|ARM.Build.0 = Debug|Any CPU
		{D5B36CD1-5B5D-4CE9-A673-209AD386D68A}.Debug|x64.ActiveCfg = Debug|Any CPU
		{D5B36CD1-5B5D-4CE9-A673-209AD386D68A}.Debug|x64.Build.0 = Debug|Any CPU
		{D5B36CD1-5B5D-4CE9-A673-209AD386D68A}.Debug|x86.ActiveCfg = Debug|Any CPU
		{D5B36CD1-5B5D-4CE9-A673-209AD386D68A}.Debug|x86.Build.0 = Debug|Any CPU
		{D5B36CD1-5B5D-4CE9-A673-209AD386D68A}.Release|Any CPU.ActiveCfg = Release|Any CPU
		{D5B36CD1-5B5D-4CE9-A673-209AD386D68A}.Release|Any CPU.Build.0 = Release|Any CPU
		{D5B36CD1-5B5D-4CE9-A673-209AD386D68A}.Release|ARM.ActiveCfg = Release|Any CPU
		{D5B36CD1-5B5D-4CE9-A673-209AD386D68A}.Release|ARM.Build.0 = Release|Any CPU
		{D5B36CD1-5B5D-4CE9-A673-209AD386D68A}.Release|x64.ActiveCfg = Release|Any CPU
		{D5B36CD1-5B5D-4CE9-A673-209AD386D68A}.Release|x64.Build.0 = Release|Any CPU
		{D5B36CD1-5B5D-4CE9-A673-209AD386D68A}.Release|x86.ActiveCfg = Release|Any CPU
		{D5B36CD1-5B5D-4CE9-A673-209AD386D68A}.Release|x86.Build.0 = Release|Any CPU
		{5A6A483A-527E-4B96-9174-F0E648BCA950}.Debug|Any CPU.ActiveCfg = Debug|Any CPU
		{5A6A483A-527E-4B96-9174-F0E648BCA950}.Debug|Any CPU.Build.0 = Debug|Any CPU
		{5A6A483A-527E-4B96-9174-F0E648BCA950}.Debug|ARM.ActiveCfg = Debug|Any CPU
		{5A6A483A-527E-4B96-9174-F0E648BCA950}.Debug|ARM.Build.0 = Debug|Any CPU
		{5A6A483A-527E-4B96-9174-F0E648BCA950}.Debug|x64.ActiveCfg = Debug|Any CPU
		{5A6A483A-527E-4B96-9174-F0E648BCA950}.Debug|x64.Build.0 = Debug|Any CPU
		{5A6A483A-527E-4B96-9174-F0E648BCA950}.Debug|x86.ActiveCfg = Debug|Any CPU
		{5A6A483A-527E-4B96-9174-F0E648BCA950}.Debug|x86.Build.0 = Debug|Any CPU
		{5A6A483A-527E-4B96-9174-F0E648BCA950}.Release|Any CPU.ActiveCfg = Release|Any CPU
		{5A6A483A-527E-4B96-9174-F0E648BCA950}.Release|Any CPU.Build.0 = Release|Any CPU
		{5A6A483A-527E-4B96-9174-F0E648BCA950}.Release|ARM.ActiveCfg = Release|Any CPU
		{5A6A483A-527E-4B96-9174-F0E648BCA950}.Release|ARM.Build.0 = Release|Any CPU
		{5A6A483A-527E-4B96-9174-F0E648BCA950}.Release|x64.ActiveCfg = Release|Any CPU
		{5A6A483A-527E-4B96-9174-F0E648BCA950}.Release|x64.Build.0 = Release|Any CPU
		{5A6A483A-527E-4B96-9174-F0E648BCA950}.Release|x86.ActiveCfg = Release|Any CPU
		{5A6A483A-527E-4B96-9174-F0E648BCA950}.Release|x86.Build.0 = Release|Any CPU
		{E3882222-BB73-4FBE-9185-BB5C76E56912}.Debug|Any CPU.ActiveCfg = Debug|Any CPU
		{E3882222-BB73-4FBE-9185-BB5C76E56912}.Debug|Any CPU.Build.0 = Debug|Any CPU
		{E3882222-BB73-4FBE-9185-BB5C76E56912}.Debug|ARM.ActiveCfg = Debug|Any CPU
		{E3882222-BB73-4FBE-9185-BB5C76E56912}.Debug|ARM.Build.0 = Debug|Any CPU
		{E3882222-BB73-4FBE-9185-BB5C76E56912}.Debug|x64.ActiveCfg = Debug|Any CPU
		{E3882222-BB73-4FBE-9185-BB5C76E56912}.Debug|x64.Build.0 = Debug|Any CPU
		{E3882222-BB73-4FBE-9185-BB5C76E56912}.Debug|x86.ActiveCfg = Debug|Any CPU
		{E3882222-BB73-4FBE-9185-BB5C76E56912}.Debug|x86.Build.0 = Debug|Any CPU
		{E3882222-BB73-4FBE-9185-BB5C76E56912}.Release|Any CPU.ActiveCfg = Release|Any CPU
		{E3882222-BB73-4FBE-9185-BB5C76E56912}.Release|Any CPU.Build.0 = Release|Any CPU
		{E3882222-BB73-4FBE-9185-BB5C76E56912}.Release|ARM.ActiveCfg = Release|Any CPU
		{E3882222-BB73-4FBE-9185-BB5C76E56912}.Release|ARM.Build.0 = Release|Any CPU
		{E3882222-BB73-4FBE-9185-BB5C76E56912}.Release|x64.ActiveCfg = Release|Any CPU
		{E3882222-BB73-4FBE-9185-BB5C76E56912}.Release|x64.Build.0 = Release|Any CPU
		{E3882222-BB73-4FBE-9185-BB5C76E56912}.Release|x86.ActiveCfg = Release|Any CPU
		{E3882222-BB73-4FBE-9185-BB5C76E56912}.Release|x86.Build.0 = Release|Any CPU
		{F6E4E1DF-ACC6-4DDE-912F-C6465CB3D393}.Debug|Any CPU.ActiveCfg = Debug|Any CPU
		{F6E4E1DF-ACC6-4DDE-912F-C6465CB3D393}.Debug|Any CPU.Build.0 = Debug|Any CPU
		{F6E4E1DF-ACC6-4DDE-912F-C6465CB3D393}.Debug|ARM.ActiveCfg = Debug|Any CPU
		{F6E4E1DF-ACC6-4DDE-912F-C6465CB3D393}.Debug|ARM.Build.0 = Debug|Any CPU
		{F6E4E1DF-ACC6-4DDE-912F-C6465CB3D393}.Debug|x64.ActiveCfg = Debug|Any CPU
		{F6E4E1DF-ACC6-4DDE-912F-C6465CB3D393}.Debug|x64.Build.0 = Debug|Any CPU
		{F6E4E1DF-ACC6-4DDE-912F-C6465CB3D393}.Debug|x86.ActiveCfg = Debug|Any CPU
		{F6E4E1DF-ACC6-4DDE-912F-C6465CB3D393}.Debug|x86.Build.0 = Debug|Any CPU
		{F6E4E1DF-ACC6-4DDE-912F-C6465CB3D393}.Release|Any CPU.ActiveCfg = Release|Any CPU
		{F6E4E1DF-ACC6-4DDE-912F-C6465CB3D393}.Release|Any CPU.Build.0 = Release|Any CPU
		{F6E4E1DF-ACC6-4DDE-912F-C6465CB3D393}.Release|ARM.ActiveCfg = Release|Any CPU
		{F6E4E1DF-ACC6-4DDE-912F-C6465CB3D393}.Release|ARM.Build.0 = Release|Any CPU
		{F6E4E1DF-ACC6-4DDE-912F-C6465CB3D393}.Release|x64.ActiveCfg = Release|Any CPU
		{F6E4E1DF-ACC6-4DDE-912F-C6465CB3D393}.Release|x64.Build.0 = Release|Any CPU
		{F6E4E1DF-ACC6-4DDE-912F-C6465CB3D393}.Release|x86.ActiveCfg = Release|Any CPU
		{F6E4E1DF-ACC6-4DDE-912F-C6465CB3D393}.Release|x86.Build.0 = Release|Any CPU
		{C02F5C8B-16A0-4591-A65D-8A7E845D5F59}.Debug|Any CPU.ActiveCfg = Debug|Any CPU
		{C02F5C8B-16A0-4591-A65D-8A7E845D5F59}.Debug|Any CPU.Build.0 = Debug|Any CPU
		{C02F5C8B-16A0-4591-A65D-8A7E845D5F59}.Debug|ARM.ActiveCfg = Debug|Any CPU
		{C02F5C8B-16A0-4591-A65D-8A7E845D5F59}.Debug|ARM.Build.0 = Debug|Any CPU
		{C02F5C8B-16A0-4591-A65D-8A7E845D5F59}.Debug|x64.ActiveCfg = Debug|Any CPU
		{C02F5C8B-16A0-4591-A65D-8A7E845D5F59}.Debug|x64.Build.0 = Debug|Any CPU
		{C02F5C8B-16A0-4591-A65D-8A7E845D5F59}.Debug|x86.ActiveCfg = Debug|Any CPU
		{C02F5C8B-16A0-4591-A65D-8A7E845D5F59}.Debug|x86.Build.0 = Debug|Any CPU
		{C02F5C8B-16A0-4591-A65D-8A7E845D5F59}.Release|Any CPU.ActiveCfg = Release|Any CPU
		{C02F5C8B-16A0-4591-A65D-8A7E845D5F59}.Release|Any CPU.Build.0 = Release|Any CPU
		{C02F5C8B-16A0-4591-A65D-8A7E845D5F59}.Release|ARM.ActiveCfg = Release|Any CPU
		{C02F5C8B-16A0-4591-A65D-8A7E845D5F59}.Release|ARM.Build.0 = Release|Any CPU
		{C02F5C8B-16A0-4591-A65D-8A7E845D5F59}.Release|x64.ActiveCfg = Release|Any CPU
		{C02F5C8B-16A0-4591-A65D-8A7E845D5F59}.Release|x64.Build.0 = Release|Any CPU
		{C02F5C8B-16A0-4591-A65D-8A7E845D5F59}.Release|x86.ActiveCfg = Release|Any CPU
		{C02F5C8B-16A0-4591-A65D-8A7E845D5F59}.Release|x86.Build.0 = Release|Any CPU
		{812E9C9B-C5AA-459B-9C30-FCAE79A0B3B9}.Debug|Any CPU.ActiveCfg = Debug|Any CPU
		{812E9C9B-C5AA-459B-9C30-FCAE79A0B3B9}.Debug|Any CPU.Build.0 = Debug|Any CPU
		{812E9C9B-C5AA-459B-9C30-FCAE79A0B3B9}.Debug|ARM.ActiveCfg = Debug|Any CPU
		{812E9C9B-C5AA-459B-9C30-FCAE79A0B3B9}.Debug|ARM.Build.0 = Debug|Any CPU
		{812E9C9B-C5AA-459B-9C30-FCAE79A0B3B9}.Debug|x64.ActiveCfg = Debug|Any CPU
		{812E9C9B-C5AA-459B-9C30-FCAE79A0B3B9}.Debug|x64.Build.0 = Debug|Any CPU
		{812E9C9B-C5AA-459B-9C30-FCAE79A0B3B9}.Debug|x86.ActiveCfg = Debug|Any CPU
		{812E9C9B-C5AA-459B-9C30-FCAE79A0B3B9}.Debug|x86.Build.0 = Debug|Any CPU
		{812E9C9B-C5AA-459B-9C30-FCAE79A0B3B9}.Release|Any CPU.ActiveCfg = Release|Any CPU
		{812E9C9B-C5AA-459B-9C30-FCAE79A0B3B9}.Release|Any CPU.Build.0 = Release|Any CPU
		{812E9C9B-C5AA-459B-9C30-FCAE79A0B3B9}.Release|ARM.ActiveCfg = Release|Any CPU
		{812E9C9B-C5AA-459B-9C30-FCAE79A0B3B9}.Release|ARM.Build.0 = Release|Any CPU
		{812E9C9B-C5AA-459B-9C30-FCAE79A0B3B9}.Release|x64.ActiveCfg = Release|Any CPU
		{812E9C9B-C5AA-459B-9C30-FCAE79A0B3B9}.Release|x64.Build.0 = Release|Any CPU
		{812E9C9B-C5AA-459B-9C30-FCAE79A0B3B9}.Release|x86.ActiveCfg = Release|Any CPU
		{812E9C9B-C5AA-459B-9C30-FCAE79A0B3B9}.Release|x86.Build.0 = Release|Any CPU
		{CC70D894-EAFB-43F8-9DF3-3AC6DE95E093}.Debug|Any CPU.ActiveCfg = Debug|Any CPU
		{CC70D894-EAFB-43F8-9DF3-3AC6DE95E093}.Debug|Any CPU.Build.0 = Debug|Any CPU
		{CC70D894-EAFB-43F8-9DF3-3AC6DE95E093}.Debug|ARM.ActiveCfg = Debug|Any CPU
		{CC70D894-EAFB-43F8-9DF3-3AC6DE95E093}.Debug|ARM.Build.0 = Debug|Any CPU
		{CC70D894-EAFB-43F8-9DF3-3AC6DE95E093}.Debug|x64.ActiveCfg = Debug|Any CPU
		{CC70D894-EAFB-43F8-9DF3-3AC6DE95E093}.Debug|x64.Build.0 = Debug|Any CPU
		{CC70D894-EAFB-43F8-9DF3-3AC6DE95E093}.Debug|x86.ActiveCfg = Debug|Any CPU
		{CC70D894-EAFB-43F8-9DF3-3AC6DE95E093}.Debug|x86.Build.0 = Debug|Any CPU
		{CC70D894-EAFB-43F8-9DF3-3AC6DE95E093}.Release|Any CPU.ActiveCfg = Release|Any CPU
		{CC70D894-EAFB-43F8-9DF3-3AC6DE95E093}.Release|Any CPU.Build.0 = Release|Any CPU
		{CC70D894-EAFB-43F8-9DF3-3AC6DE95E093}.Release|ARM.ActiveCfg = Release|Any CPU
		{CC70D894-EAFB-43F8-9DF3-3AC6DE95E093}.Release|ARM.Build.0 = Release|Any CPU
		{CC70D894-EAFB-43F8-9DF3-3AC6DE95E093}.Release|x64.ActiveCfg = Release|Any CPU
		{CC70D894-EAFB-43F8-9DF3-3AC6DE95E093}.Release|x64.Build.0 = Release|Any CPU
		{CC70D894-EAFB-43F8-9DF3-3AC6DE95E093}.Release|x86.ActiveCfg = Release|Any CPU
		{CC70D894-EAFB-43F8-9DF3-3AC6DE95E093}.Release|x86.Build.0 = Release|Any CPU
		{B2B253FE-1A8D-473D-9501-748C2E37E34D}.Debug|Any CPU.ActiveCfg = Debug|Any CPU
		{B2B253FE-1A8D-473D-9501-748C2E37E34D}.Debug|Any CPU.Build.0 = Debug|Any CPU
		{B2B253FE-1A8D-473D-9501-748C2E37E34D}.Debug|ARM.ActiveCfg = Debug|Any CPU
		{B2B253FE-1A8D-473D-9501-748C2E37E34D}.Debug|ARM.Build.0 = Debug|Any CPU
		{B2B253FE-1A8D-473D-9501-748C2E37E34D}.Debug|x64.ActiveCfg = Debug|Any CPU
		{B2B253FE-1A8D-473D-9501-748C2E37E34D}.Debug|x64.Build.0 = Debug|Any CPU
		{B2B253FE-1A8D-473D-9501-748C2E37E34D}.Debug|x86.ActiveCfg = Debug|Any CPU
		{B2B253FE-1A8D-473D-9501-748C2E37E34D}.Debug|x86.Build.0 = Debug|Any CPU
		{B2B253FE-1A8D-473D-9501-748C2E37E34D}.Release|Any CPU.ActiveCfg = Release|Any CPU
		{B2B253FE-1A8D-473D-9501-748C2E37E34D}.Release|Any CPU.Build.0 = Release|Any CPU
		{B2B253FE-1A8D-473D-9501-748C2E37E34D}.Release|ARM.ActiveCfg = Release|Any CPU
		{B2B253FE-1A8D-473D-9501-748C2E37E34D}.Release|ARM.Build.0 = Release|Any CPU
		{B2B253FE-1A8D-473D-9501-748C2E37E34D}.Release|x64.ActiveCfg = Release|Any CPU
		{B2B253FE-1A8D-473D-9501-748C2E37E34D}.Release|x64.Build.0 = Release|Any CPU
		{B2B253FE-1A8D-473D-9501-748C2E37E34D}.Release|x86.ActiveCfg = Release|Any CPU
		{B2B253FE-1A8D-473D-9501-748C2E37E34D}.Release|x86.Build.0 = Release|Any CPU
		{11D9F155-69EA-4486-908B-51CB799E4E01}.Debug|Any CPU.ActiveCfg = Debug|Any CPU
		{11D9F155-69EA-4486-908B-51CB799E4E01}.Debug|Any CPU.Build.0 = Debug|Any CPU
		{11D9F155-69EA-4486-908B-51CB799E4E01}.Debug|ARM.ActiveCfg = Debug|Any CPU
		{11D9F155-69EA-4486-908B-51CB799E4E01}.Debug|ARM.Build.0 = Debug|Any CPU
		{11D9F155-69EA-4486-908B-51CB799E4E01}.Debug|x64.ActiveCfg = Debug|Any CPU
		{11D9F155-69EA-4486-908B-51CB799E4E01}.Debug|x64.Build.0 = Debug|Any CPU
		{11D9F155-69EA-4486-908B-51CB799E4E01}.Debug|x86.ActiveCfg = Debug|Any CPU
		{11D9F155-69EA-4486-908B-51CB799E4E01}.Debug|x86.Build.0 = Debug|Any CPU
		{11D9F155-69EA-4486-908B-51CB799E4E01}.Release|Any CPU.ActiveCfg = Release|Any CPU
		{11D9F155-69EA-4486-908B-51CB799E4E01}.Release|Any CPU.Build.0 = Release|Any CPU
		{11D9F155-69EA-4486-908B-51CB799E4E01}.Release|ARM.ActiveCfg = Release|Any CPU
		{11D9F155-69EA-4486-908B-51CB799E4E01}.Release|ARM.Build.0 = Release|Any CPU
		{11D9F155-69EA-4486-908B-51CB799E4E01}.Release|x64.ActiveCfg = Release|Any CPU
		{11D9F155-69EA-4486-908B-51CB799E4E01}.Release|x64.Build.0 = Release|Any CPU
		{11D9F155-69EA-4486-908B-51CB799E4E01}.Release|x86.ActiveCfg = Release|Any CPU
		{11D9F155-69EA-4486-908B-51CB799E4E01}.Release|x86.Build.0 = Release|Any CPU
		{ECE73C11-C9A0-4132-9FF3-DD52126846E5}.Debug|Any CPU.ActiveCfg = Debug|Any CPU
		{ECE73C11-C9A0-4132-9FF3-DD52126846E5}.Debug|Any CPU.Build.0 = Debug|Any CPU
		{ECE73C11-C9A0-4132-9FF3-DD52126846E5}.Debug|ARM.ActiveCfg = Debug|Any CPU
		{ECE73C11-C9A0-4132-9FF3-DD52126846E5}.Debug|ARM.Build.0 = Debug|Any CPU
		{ECE73C11-C9A0-4132-9FF3-DD52126846E5}.Debug|x64.ActiveCfg = Debug|Any CPU
		{ECE73C11-C9A0-4132-9FF3-DD52126846E5}.Debug|x64.Build.0 = Debug|Any CPU
		{ECE73C11-C9A0-4132-9FF3-DD52126846E5}.Debug|x86.ActiveCfg = Debug|Any CPU
		{ECE73C11-C9A0-4132-9FF3-DD52126846E5}.Debug|x86.Build.0 = Debug|Any CPU
		{ECE73C11-C9A0-4132-9FF3-DD52126846E5}.Release|Any CPU.ActiveCfg = Release|Any CPU
		{ECE73C11-C9A0-4132-9FF3-DD52126846E5}.Release|Any CPU.Build.0 = Release|Any CPU
		{ECE73C11-C9A0-4132-9FF3-DD52126846E5}.Release|ARM.ActiveCfg = Release|Any CPU
		{ECE73C11-C9A0-4132-9FF3-DD52126846E5}.Release|ARM.Build.0 = Release|Any CPU
		{ECE73C11-C9A0-4132-9FF3-DD52126846E5}.Release|x64.ActiveCfg = Release|Any CPU
		{ECE73C11-C9A0-4132-9FF3-DD52126846E5}.Release|x64.Build.0 = Release|Any CPU
		{ECE73C11-C9A0-4132-9FF3-DD52126846E5}.Release|x86.ActiveCfg = Release|Any CPU
		{ECE73C11-C9A0-4132-9FF3-DD52126846E5}.Release|x86.Build.0 = Release|Any CPU
		{78C8F66C-3CCC-4EE3-8D97-9272D1D02FA7}.Debug|Any CPU.ActiveCfg = Debug|Any CPU
		{78C8F66C-3CCC-4EE3-8D97-9272D1D02FA7}.Debug|Any CPU.Build.0 = Debug|Any CPU
		{78C8F66C-3CCC-4EE3-8D97-9272D1D02FA7}.Debug|ARM.ActiveCfg = Debug|Any CPU
		{78C8F66C-3CCC-4EE3-8D97-9272D1D02FA7}.Debug|ARM.Build.0 = Debug|Any CPU
		{78C8F66C-3CCC-4EE3-8D97-9272D1D02FA7}.Debug|x64.ActiveCfg = Debug|Any CPU
		{78C8F66C-3CCC-4EE3-8D97-9272D1D02FA7}.Debug|x64.Build.0 = Debug|Any CPU
		{78C8F66C-3CCC-4EE3-8D97-9272D1D02FA7}.Debug|x86.ActiveCfg = Debug|Any CPU
		{78C8F66C-3CCC-4EE3-8D97-9272D1D02FA7}.Debug|x86.Build.0 = Debug|Any CPU
		{78C8F66C-3CCC-4EE3-8D97-9272D1D02FA7}.Release|Any CPU.ActiveCfg = Release|Any CPU
		{78C8F66C-3CCC-4EE3-8D97-9272D1D02FA7}.Release|Any CPU.Build.0 = Release|Any CPU
		{78C8F66C-3CCC-4EE3-8D97-9272D1D02FA7}.Release|ARM.ActiveCfg = Release|Any CPU
		{78C8F66C-3CCC-4EE3-8D97-9272D1D02FA7}.Release|ARM.Build.0 = Release|Any CPU
		{78C8F66C-3CCC-4EE3-8D97-9272D1D02FA7}.Release|x64.ActiveCfg = Release|Any CPU
		{78C8F66C-3CCC-4EE3-8D97-9272D1D02FA7}.Release|x64.Build.0 = Release|Any CPU
		{78C8F66C-3CCC-4EE3-8D97-9272D1D02FA7}.Release|x86.ActiveCfg = Release|Any CPU
		{78C8F66C-3CCC-4EE3-8D97-9272D1D02FA7}.Release|x86.Build.0 = Release|Any CPU
		{40EA5893-1C3F-4D11-9D2A-6E5529FEBB31}.Debug|Any CPU.ActiveCfg = Debug|Any CPU
		{40EA5893-1C3F-4D11-9D2A-6E5529FEBB31}.Debug|Any CPU.Build.0 = Debug|Any CPU
		{40EA5893-1C3F-4D11-9D2A-6E5529FEBB31}.Debug|ARM.ActiveCfg = Debug|Any CPU
		{40EA5893-1C3F-4D11-9D2A-6E5529FEBB31}.Debug|ARM.Build.0 = Debug|Any CPU
		{40EA5893-1C3F-4D11-9D2A-6E5529FEBB31}.Debug|x64.ActiveCfg = Debug|Any CPU
		{40EA5893-1C3F-4D11-9D2A-6E5529FEBB31}.Debug|x64.Build.0 = Debug|Any CPU
		{40EA5893-1C3F-4D11-9D2A-6E5529FEBB31}.Debug|x86.ActiveCfg = Debug|Any CPU
		{40EA5893-1C3F-4D11-9D2A-6E5529FEBB31}.Debug|x86.Build.0 = Debug|Any CPU
		{40EA5893-1C3F-4D11-9D2A-6E5529FEBB31}.Release|Any CPU.ActiveCfg = Release|Any CPU
		{40EA5893-1C3F-4D11-9D2A-6E5529FEBB31}.Release|Any CPU.Build.0 = Release|Any CPU
		{40EA5893-1C3F-4D11-9D2A-6E5529FEBB31}.Release|ARM.ActiveCfg = Release|Any CPU
		{40EA5893-1C3F-4D11-9D2A-6E5529FEBB31}.Release|ARM.Build.0 = Release|Any CPU
		{40EA5893-1C3F-4D11-9D2A-6E5529FEBB31}.Release|x64.ActiveCfg = Release|Any CPU
		{40EA5893-1C3F-4D11-9D2A-6E5529FEBB31}.Release|x64.Build.0 = Release|Any CPU
		{40EA5893-1C3F-4D11-9D2A-6E5529FEBB31}.Release|x86.ActiveCfg = Release|Any CPU
		{40EA5893-1C3F-4D11-9D2A-6E5529FEBB31}.Release|x86.Build.0 = Release|Any CPU
		{8A94810E-753B-4CB4-810A-1DF2745A885B}.Debug|Any CPU.ActiveCfg = Debug|Any CPU
		{8A94810E-753B-4CB4-810A-1DF2745A885B}.Debug|Any CPU.Build.0 = Debug|Any CPU
		{8A94810E-753B-4CB4-810A-1DF2745A885B}.Debug|ARM.ActiveCfg = Debug|Any CPU
		{8A94810E-753B-4CB4-810A-1DF2745A885B}.Debug|ARM.Build.0 = Debug|Any CPU
		{8A94810E-753B-4CB4-810A-1DF2745A885B}.Debug|x64.ActiveCfg = Debug|Any CPU
		{8A94810E-753B-4CB4-810A-1DF2745A885B}.Debug|x64.Build.0 = Debug|Any CPU
		{8A94810E-753B-4CB4-810A-1DF2745A885B}.Debug|x86.ActiveCfg = Debug|Any CPU
		{8A94810E-753B-4CB4-810A-1DF2745A885B}.Debug|x86.Build.0 = Debug|Any CPU
		{8A94810E-753B-4CB4-810A-1DF2745A885B}.Release|Any CPU.ActiveCfg = Release|Any CPU
		{8A94810E-753B-4CB4-810A-1DF2745A885B}.Release|Any CPU.Build.0 = Release|Any CPU
		{8A94810E-753B-4CB4-810A-1DF2745A885B}.Release|ARM.ActiveCfg = Release|Any CPU
		{8A94810E-753B-4CB4-810A-1DF2745A885B}.Release|ARM.Build.0 = Release|Any CPU
		{8A94810E-753B-4CB4-810A-1DF2745A885B}.Release|x64.ActiveCfg = Release|Any CPU
		{8A94810E-753B-4CB4-810A-1DF2745A885B}.Release|x64.Build.0 = Release|Any CPU
		{8A94810E-753B-4CB4-810A-1DF2745A885B}.Release|x86.ActiveCfg = Release|Any CPU
		{8A94810E-753B-4CB4-810A-1DF2745A885B}.Release|x86.Build.0 = Release|Any CPU
		{FF37C4CF-FC13-4986-8FE5-1458A8676F2C}.Debug|Any CPU.ActiveCfg = Debug|Any CPU
		{FF37C4CF-FC13-4986-8FE5-1458A8676F2C}.Debug|Any CPU.Build.0 = Debug|Any CPU
		{FF37C4CF-FC13-4986-8FE5-1458A8676F2C}.Debug|ARM.ActiveCfg = Debug|Any CPU
		{FF37C4CF-FC13-4986-8FE5-1458A8676F2C}.Debug|ARM.Build.0 = Debug|Any CPU
		{FF37C4CF-FC13-4986-8FE5-1458A8676F2C}.Debug|x64.ActiveCfg = Debug|Any CPU
		{FF37C4CF-FC13-4986-8FE5-1458A8676F2C}.Debug|x64.Build.0 = Debug|Any CPU
		{FF37C4CF-FC13-4986-8FE5-1458A8676F2C}.Debug|x86.ActiveCfg = Debug|Any CPU
		{FF37C4CF-FC13-4986-8FE5-1458A8676F2C}.Debug|x86.Build.0 = Debug|Any CPU
		{FF37C4CF-FC13-4986-8FE5-1458A8676F2C}.Release|Any CPU.ActiveCfg = Release|Any CPU
		{FF37C4CF-FC13-4986-8FE5-1458A8676F2C}.Release|Any CPU.Build.0 = Release|Any CPU
		{FF37C4CF-FC13-4986-8FE5-1458A8676F2C}.Release|ARM.ActiveCfg = Release|Any CPU
		{FF37C4CF-FC13-4986-8FE5-1458A8676F2C}.Release|ARM.Build.0 = Release|Any CPU
		{FF37C4CF-FC13-4986-8FE5-1458A8676F2C}.Release|x64.ActiveCfg = Release|Any CPU
		{FF37C4CF-FC13-4986-8FE5-1458A8676F2C}.Release|x64.Build.0 = Release|Any CPU
		{FF37C4CF-FC13-4986-8FE5-1458A8676F2C}.Release|x86.ActiveCfg = Release|Any CPU
		{FF37C4CF-FC13-4986-8FE5-1458A8676F2C}.Release|x86.Build.0 = Release|Any CPU
		{8580F123-1AA8-4FB0-BCEC-26BF04D64767}.Debug|Any CPU.ActiveCfg = Debug|Any CPU
		{8580F123-1AA8-4FB0-BCEC-26BF04D64767}.Debug|Any CPU.Build.0 = Debug|Any CPU
		{8580F123-1AA8-4FB0-BCEC-26BF04D64767}.Debug|ARM.ActiveCfg = Debug|Any CPU
		{8580F123-1AA8-4FB0-BCEC-26BF04D64767}.Debug|ARM.Build.0 = Debug|Any CPU
		{8580F123-1AA8-4FB0-BCEC-26BF04D64767}.Debug|x64.ActiveCfg = Debug|Any CPU
		{8580F123-1AA8-4FB0-BCEC-26BF04D64767}.Debug|x64.Build.0 = Debug|Any CPU
		{8580F123-1AA8-4FB0-BCEC-26BF04D64767}.Debug|x86.ActiveCfg = Debug|Any CPU
		{8580F123-1AA8-4FB0-BCEC-26BF04D64767}.Debug|x86.Build.0 = Debug|Any CPU
		{8580F123-1AA8-4FB0-BCEC-26BF04D64767}.Release|Any CPU.ActiveCfg = Release|Any CPU
		{8580F123-1AA8-4FB0-BCEC-26BF04D64767}.Release|Any CPU.Build.0 = Release|Any CPU
		{8580F123-1AA8-4FB0-BCEC-26BF04D64767}.Release|ARM.ActiveCfg = Release|Any CPU
		{8580F123-1AA8-4FB0-BCEC-26BF04D64767}.Release|ARM.Build.0 = Release|Any CPU
		{8580F123-1AA8-4FB0-BCEC-26BF04D64767}.Release|x64.ActiveCfg = Release|Any CPU
		{8580F123-1AA8-4FB0-BCEC-26BF04D64767}.Release|x64.Build.0 = Release|Any CPU
		{8580F123-1AA8-4FB0-BCEC-26BF04D64767}.Release|x86.ActiveCfg = Release|Any CPU
		{8580F123-1AA8-4FB0-BCEC-26BF04D64767}.Release|x86.Build.0 = Release|Any CPU
		{9B1D6729-66A0-4688-AC16-8C6B741B92A7}.Debug|Any CPU.ActiveCfg = Debug|Any CPU
		{9B1D6729-66A0-4688-AC16-8C6B741B92A7}.Debug|Any CPU.Build.0 = Debug|Any CPU
		{9B1D6729-66A0-4688-AC16-8C6B741B92A7}.Debug|ARM.ActiveCfg = Debug|Any CPU
		{9B1D6729-66A0-4688-AC16-8C6B741B92A7}.Debug|ARM.Build.0 = Debug|Any CPU
		{9B1D6729-66A0-4688-AC16-8C6B741B92A7}.Debug|x64.ActiveCfg = Debug|Any CPU
		{9B1D6729-66A0-4688-AC16-8C6B741B92A7}.Debug|x64.Build.0 = Debug|Any CPU
		{9B1D6729-66A0-4688-AC16-8C6B741B92A7}.Debug|x86.ActiveCfg = Debug|Any CPU
		{9B1D6729-66A0-4688-AC16-8C6B741B92A7}.Debug|x86.Build.0 = Debug|Any CPU
		{9B1D6729-66A0-4688-AC16-8C6B741B92A7}.Release|Any CPU.ActiveCfg = Release|Any CPU
		{9B1D6729-66A0-4688-AC16-8C6B741B92A7}.Release|Any CPU.Build.0 = Release|Any CPU
		{9B1D6729-66A0-4688-AC16-8C6B741B92A7}.Release|ARM.ActiveCfg = Release|Any CPU
		{9B1D6729-66A0-4688-AC16-8C6B741B92A7}.Release|ARM.Build.0 = Release|Any CPU
		{9B1D6729-66A0-4688-AC16-8C6B741B92A7}.Release|x64.ActiveCfg = Release|Any CPU
		{9B1D6729-66A0-4688-AC16-8C6B741B92A7}.Release|x64.Build.0 = Release|Any CPU
		{9B1D6729-66A0-4688-AC16-8C6B741B92A7}.Release|x86.ActiveCfg = Release|Any CPU
		{9B1D6729-66A0-4688-AC16-8C6B741B92A7}.Release|x86.Build.0 = Release|Any CPU
		{7F0C3E2D-9D30-4030-9D70-F13EFC27288C}.Debug|Any CPU.ActiveCfg = Debug|Any CPU
		{7F0C3E2D-9D30-4030-9D70-F13EFC27288C}.Debug|Any CPU.Build.0 = Debug|Any CPU
		{7F0C3E2D-9D30-4030-9D70-F13EFC27288C}.Debug|ARM.ActiveCfg = Debug|Any CPU
		{7F0C3E2D-9D30-4030-9D70-F13EFC27288C}.Debug|ARM.Build.0 = Debug|Any CPU
		{7F0C3E2D-9D30-4030-9D70-F13EFC27288C}.Debug|x64.ActiveCfg = Debug|Any CPU
		{7F0C3E2D-9D30-4030-9D70-F13EFC27288C}.Debug|x64.Build.0 = Debug|Any CPU
		{7F0C3E2D-9D30-4030-9D70-F13EFC27288C}.Debug|x86.ActiveCfg = Debug|Any CPU
		{7F0C3E2D-9D30-4030-9D70-F13EFC27288C}.Debug|x86.Build.0 = Debug|Any CPU
		{7F0C3E2D-9D30-4030-9D70-F13EFC27288C}.Release|Any CPU.ActiveCfg = Release|Any CPU
		{7F0C3E2D-9D30-4030-9D70-F13EFC27288C}.Release|Any CPU.Build.0 = Release|Any CPU
		{7F0C3E2D-9D30-4030-9D70-F13EFC27288C}.Release|ARM.ActiveCfg = Release|Any CPU
		{7F0C3E2D-9D30-4030-9D70-F13EFC27288C}.Release|ARM.Build.0 = Release|Any CPU
		{7F0C3E2D-9D30-4030-9D70-F13EFC27288C}.Release|x64.ActiveCfg = Release|Any CPU
		{7F0C3E2D-9D30-4030-9D70-F13EFC27288C}.Release|x64.Build.0 = Release|Any CPU
		{7F0C3E2D-9D30-4030-9D70-F13EFC27288C}.Release|x86.ActiveCfg = Release|Any CPU
		{7F0C3E2D-9D30-4030-9D70-F13EFC27288C}.Release|x86.Build.0 = Release|Any CPU
		{56EBB7A8-93E2-40E1-B887-A9E82C89FBFF}.Debug|Any CPU.ActiveCfg = Debug|Any CPU
		{56EBB7A8-93E2-40E1-B887-A9E82C89FBFF}.Debug|Any CPU.Build.0 = Debug|Any CPU
		{56EBB7A8-93E2-40E1-B887-A9E82C89FBFF}.Debug|ARM.ActiveCfg = Debug|Any CPU
		{56EBB7A8-93E2-40E1-B887-A9E82C89FBFF}.Debug|ARM.Build.0 = Debug|Any CPU
		{56EBB7A8-93E2-40E1-B887-A9E82C89FBFF}.Debug|x64.ActiveCfg = Debug|Any CPU
		{56EBB7A8-93E2-40E1-B887-A9E82C89FBFF}.Debug|x64.Build.0 = Debug|Any CPU
		{56EBB7A8-93E2-40E1-B887-A9E82C89FBFF}.Debug|x86.ActiveCfg = Debug|Any CPU
		{56EBB7A8-93E2-40E1-B887-A9E82C89FBFF}.Debug|x86.Build.0 = Debug|Any CPU
		{56EBB7A8-93E2-40E1-B887-A9E82C89FBFF}.Release|Any CPU.ActiveCfg = Release|Any CPU
		{56EBB7A8-93E2-40E1-B887-A9E82C89FBFF}.Release|Any CPU.Build.0 = Release|Any CPU
		{56EBB7A8-93E2-40E1-B887-A9E82C89FBFF}.Release|ARM.ActiveCfg = Release|Any CPU
		{56EBB7A8-93E2-40E1-B887-A9E82C89FBFF}.Release|ARM.Build.0 = Release|Any CPU
		{56EBB7A8-93E2-40E1-B887-A9E82C89FBFF}.Release|x64.ActiveCfg = Release|Any CPU
		{56EBB7A8-93E2-40E1-B887-A9E82C89FBFF}.Release|x64.Build.0 = Release|Any CPU
		{56EBB7A8-93E2-40E1-B887-A9E82C89FBFF}.Release|x86.ActiveCfg = Release|Any CPU
		{56EBB7A8-93E2-40E1-B887-A9E82C89FBFF}.Release|x86.Build.0 = Release|Any CPU
		{3A619AFC-1FC1-4653-9AE9-F6C31B598A9B}.Debug|Any CPU.ActiveCfg = Debug|Any CPU
		{3A619AFC-1FC1-4653-9AE9-F6C31B598A9B}.Debug|Any CPU.Build.0 = Debug|Any CPU
		{3A619AFC-1FC1-4653-9AE9-F6C31B598A9B}.Debug|ARM.ActiveCfg = Debug|Any CPU
		{3A619AFC-1FC1-4653-9AE9-F6C31B598A9B}.Debug|ARM.Build.0 = Debug|Any CPU
		{3A619AFC-1FC1-4653-9AE9-F6C31B598A9B}.Debug|x64.ActiveCfg = Debug|Any CPU
		{3A619AFC-1FC1-4653-9AE9-F6C31B598A9B}.Debug|x64.Build.0 = Debug|Any CPU
		{3A619AFC-1FC1-4653-9AE9-F6C31B598A9B}.Debug|x86.ActiveCfg = Debug|Any CPU
		{3A619AFC-1FC1-4653-9AE9-F6C31B598A9B}.Debug|x86.Build.0 = Debug|Any CPU
		{3A619AFC-1FC1-4653-9AE9-F6C31B598A9B}.Release|Any CPU.ActiveCfg = Release|Any CPU
		{3A619AFC-1FC1-4653-9AE9-F6C31B598A9B}.Release|Any CPU.Build.0 = Release|Any CPU
		{3A619AFC-1FC1-4653-9AE9-F6C31B598A9B}.Release|ARM.ActiveCfg = Release|Any CPU
		{3A619AFC-1FC1-4653-9AE9-F6C31B598A9B}.Release|ARM.Build.0 = Release|Any CPU
		{3A619AFC-1FC1-4653-9AE9-F6C31B598A9B}.Release|x64.ActiveCfg = Release|Any CPU
		{3A619AFC-1FC1-4653-9AE9-F6C31B598A9B}.Release|x64.Build.0 = Release|Any CPU
		{3A619AFC-1FC1-4653-9AE9-F6C31B598A9B}.Release|x86.ActiveCfg = Release|Any CPU
		{3A619AFC-1FC1-4653-9AE9-F6C31B598A9B}.Release|x86.Build.0 = Release|Any CPU
		{D9B50EAF-4718-43C2-B34D-0E045D56B08E}.Debug|Any CPU.ActiveCfg = Debug|Any CPU
		{D9B50EAF-4718-43C2-B34D-0E045D56B08E}.Debug|Any CPU.Build.0 = Debug|Any CPU
		{D9B50EAF-4718-43C2-B34D-0E045D56B08E}.Debug|ARM.ActiveCfg = Debug|Any CPU
		{D9B50EAF-4718-43C2-B34D-0E045D56B08E}.Debug|ARM.Build.0 = Debug|Any CPU
		{D9B50EAF-4718-43C2-B34D-0E045D56B08E}.Debug|x64.ActiveCfg = Debug|Any CPU
		{D9B50EAF-4718-43C2-B34D-0E045D56B08E}.Debug|x64.Build.0 = Debug|Any CPU
		{D9B50EAF-4718-43C2-B34D-0E045D56B08E}.Debug|x86.ActiveCfg = Debug|Any CPU
		{D9B50EAF-4718-43C2-B34D-0E045D56B08E}.Debug|x86.Build.0 = Debug|Any CPU
		{D9B50EAF-4718-43C2-B34D-0E045D56B08E}.Release|Any CPU.ActiveCfg = Release|Any CPU
		{D9B50EAF-4718-43C2-B34D-0E045D56B08E}.Release|Any CPU.Build.0 = Release|Any CPU
		{D9B50EAF-4718-43C2-B34D-0E045D56B08E}.Release|ARM.ActiveCfg = Release|Any CPU
		{D9B50EAF-4718-43C2-B34D-0E045D56B08E}.Release|ARM.Build.0 = Release|Any CPU
		{D9B50EAF-4718-43C2-B34D-0E045D56B08E}.Release|x64.ActiveCfg = Release|Any CPU
		{D9B50EAF-4718-43C2-B34D-0E045D56B08E}.Release|x64.Build.0 = Release|Any CPU
		{D9B50EAF-4718-43C2-B34D-0E045D56B08E}.Release|x86.ActiveCfg = Release|Any CPU
		{D9B50EAF-4718-43C2-B34D-0E045D56B08E}.Release|x86.Build.0 = Release|Any CPU
		{67810138-DACB-4A93-87FC-647BF73672AC}.Debug|Any CPU.ActiveCfg = Debug|Any CPU
		{67810138-DACB-4A93-87FC-647BF73672AC}.Debug|Any CPU.Build.0 = Debug|Any CPU
		{67810138-DACB-4A93-87FC-647BF73672AC}.Debug|ARM.ActiveCfg = Debug|Any CPU
		{67810138-DACB-4A93-87FC-647BF73672AC}.Debug|ARM.Build.0 = Debug|Any CPU
		{67810138-DACB-4A93-87FC-647BF73672AC}.Debug|x64.ActiveCfg = Debug|Any CPU
		{67810138-DACB-4A93-87FC-647BF73672AC}.Debug|x64.Build.0 = Debug|Any CPU
		{67810138-DACB-4A93-87FC-647BF73672AC}.Debug|x86.ActiveCfg = Debug|Any CPU
		{67810138-DACB-4A93-87FC-647BF73672AC}.Debug|x86.Build.0 = Debug|Any CPU
		{67810138-DACB-4A93-87FC-647BF73672AC}.Release|Any CPU.ActiveCfg = Release|Any CPU
		{67810138-DACB-4A93-87FC-647BF73672AC}.Release|Any CPU.Build.0 = Release|Any CPU
		{67810138-DACB-4A93-87FC-647BF73672AC}.Release|ARM.ActiveCfg = Release|Any CPU
		{67810138-DACB-4A93-87FC-647BF73672AC}.Release|ARM.Build.0 = Release|Any CPU
		{67810138-DACB-4A93-87FC-647BF73672AC}.Release|x64.ActiveCfg = Release|Any CPU
		{67810138-DACB-4A93-87FC-647BF73672AC}.Release|x64.Build.0 = Release|Any CPU
		{67810138-DACB-4A93-87FC-647BF73672AC}.Release|x86.ActiveCfg = Release|Any CPU
		{67810138-DACB-4A93-87FC-647BF73672AC}.Release|x86.Build.0 = Release|Any CPU
		{710AF1D3-1C65-4D1E-B6E9-A94AED61049E}.Debug|Any CPU.ActiveCfg = Debug|Any CPU
		{710AF1D3-1C65-4D1E-B6E9-A94AED61049E}.Debug|Any CPU.Build.0 = Debug|Any CPU
		{710AF1D3-1C65-4D1E-B6E9-A94AED61049E}.Debug|ARM.ActiveCfg = Debug|Any CPU
		{710AF1D3-1C65-4D1E-B6E9-A94AED61049E}.Debug|ARM.Build.0 = Debug|Any CPU
		{710AF1D3-1C65-4D1E-B6E9-A94AED61049E}.Debug|x64.ActiveCfg = Debug|Any CPU
		{710AF1D3-1C65-4D1E-B6E9-A94AED61049E}.Debug|x64.Build.0 = Debug|Any CPU
		{710AF1D3-1C65-4D1E-B6E9-A94AED61049E}.Debug|x86.ActiveCfg = Debug|Any CPU
		{710AF1D3-1C65-4D1E-B6E9-A94AED61049E}.Debug|x86.Build.0 = Debug|Any CPU
		{710AF1D3-1C65-4D1E-B6E9-A94AED61049E}.Release|Any CPU.ActiveCfg = Release|Any CPU
		{710AF1D3-1C65-4D1E-B6E9-A94AED61049E}.Release|Any CPU.Build.0 = Release|Any CPU
		{710AF1D3-1C65-4D1E-B6E9-A94AED61049E}.Release|ARM.ActiveCfg = Release|Any CPU
		{710AF1D3-1C65-4D1E-B6E9-A94AED61049E}.Release|ARM.Build.0 = Release|Any CPU
		{710AF1D3-1C65-4D1E-B6E9-A94AED61049E}.Release|x64.ActiveCfg = Release|Any CPU
		{710AF1D3-1C65-4D1E-B6E9-A94AED61049E}.Release|x64.Build.0 = Release|Any CPU
		{710AF1D3-1C65-4D1E-B6E9-A94AED61049E}.Release|x86.ActiveCfg = Release|Any CPU
		{710AF1D3-1C65-4D1E-B6E9-A94AED61049E}.Release|x86.Build.0 = Release|Any CPU
		{D62EEF15-D847-4422-B5DC-3505037BFA8C}.Debug|Any CPU.ActiveCfg = Debug|Any CPU
		{D62EEF15-D847-4422-B5DC-3505037BFA8C}.Debug|Any CPU.Build.0 = Debug|Any CPU
		{D62EEF15-D847-4422-B5DC-3505037BFA8C}.Debug|ARM.ActiveCfg = Debug|Any CPU
		{D62EEF15-D847-4422-B5DC-3505037BFA8C}.Debug|ARM.Build.0 = Debug|Any CPU
		{D62EEF15-D847-4422-B5DC-3505037BFA8C}.Debug|x64.ActiveCfg = Debug|Any CPU
		{D62EEF15-D847-4422-B5DC-3505037BFA8C}.Debug|x64.Build.0 = Debug|Any CPU
		{D62EEF15-D847-4422-B5DC-3505037BFA8C}.Debug|x86.ActiveCfg = Debug|Any CPU
		{D62EEF15-D847-4422-B5DC-3505037BFA8C}.Debug|x86.Build.0 = Debug|Any CPU
		{D62EEF15-D847-4422-B5DC-3505037BFA8C}.Release|Any CPU.ActiveCfg = Release|Any CPU
		{D62EEF15-D847-4422-B5DC-3505037BFA8C}.Release|Any CPU.Build.0 = Release|Any CPU
		{D62EEF15-D847-4422-B5DC-3505037BFA8C}.Release|ARM.ActiveCfg = Release|Any CPU
		{D62EEF15-D847-4422-B5DC-3505037BFA8C}.Release|ARM.Build.0 = Release|Any CPU
		{D62EEF15-D847-4422-B5DC-3505037BFA8C}.Release|x64.ActiveCfg = Release|Any CPU
		{D62EEF15-D847-4422-B5DC-3505037BFA8C}.Release|x64.Build.0 = Release|Any CPU
		{D62EEF15-D847-4422-B5DC-3505037BFA8C}.Release|x86.ActiveCfg = Release|Any CPU
		{D62EEF15-D847-4422-B5DC-3505037BFA8C}.Release|x86.Build.0 = Release|Any CPU
		{6B85D492-8683-4D76-83FA-FFBBB43DC701}.Debug|Any CPU.ActiveCfg = Debug|Any CPU
		{6B85D492-8683-4D76-83FA-FFBBB43DC701}.Debug|Any CPU.Build.0 = Debug|Any CPU
		{6B85D492-8683-4D76-83FA-FFBBB43DC701}.Debug|ARM.ActiveCfg = Debug|Any CPU
		{6B85D492-8683-4D76-83FA-FFBBB43DC701}.Debug|ARM.Build.0 = Debug|Any CPU
		{6B85D492-8683-4D76-83FA-FFBBB43DC701}.Debug|x64.ActiveCfg = Debug|Any CPU
		{6B85D492-8683-4D76-83FA-FFBBB43DC701}.Debug|x64.Build.0 = Debug|Any CPU
		{6B85D492-8683-4D76-83FA-FFBBB43DC701}.Debug|x86.ActiveCfg = Debug|Any CPU
		{6B85D492-8683-4D76-83FA-FFBBB43DC701}.Debug|x86.Build.0 = Debug|Any CPU
		{6B85D492-8683-4D76-83FA-FFBBB43DC701}.Release|Any CPU.ActiveCfg = Release|Any CPU
		{6B85D492-8683-4D76-83FA-FFBBB43DC701}.Release|Any CPU.Build.0 = Release|Any CPU
		{6B85D492-8683-4D76-83FA-FFBBB43DC701}.Release|ARM.ActiveCfg = Release|Any CPU
		{6B85D492-8683-4D76-83FA-FFBBB43DC701}.Release|ARM.Build.0 = Release|Any CPU
		{6B85D492-8683-4D76-83FA-FFBBB43DC701}.Release|x64.ActiveCfg = Release|Any CPU
		{6B85D492-8683-4D76-83FA-FFBBB43DC701}.Release|x64.Build.0 = Release|Any CPU
		{6B85D492-8683-4D76-83FA-FFBBB43DC701}.Release|x86.ActiveCfg = Release|Any CPU
		{6B85D492-8683-4D76-83FA-FFBBB43DC701}.Release|x86.Build.0 = Release|Any CPU
		{4DAF2966-1683-4B89-A36B-0F216197B961}.Debug|Any CPU.ActiveCfg = Debug|Any CPU
		{4DAF2966-1683-4B89-A36B-0F216197B961}.Debug|Any CPU.Build.0 = Debug|Any CPU
		{4DAF2966-1683-4B89-A36B-0F216197B961}.Debug|ARM.ActiveCfg = Debug|Any CPU
		{4DAF2966-1683-4B89-A36B-0F216197B961}.Debug|ARM.Build.0 = Debug|Any CPU
		{4DAF2966-1683-4B89-A36B-0F216197B961}.Debug|x64.ActiveCfg = Debug|Any CPU
		{4DAF2966-1683-4B89-A36B-0F216197B961}.Debug|x64.Build.0 = Debug|Any CPU
		{4DAF2966-1683-4B89-A36B-0F216197B961}.Debug|x86.ActiveCfg = Debug|Any CPU
		{4DAF2966-1683-4B89-A36B-0F216197B961}.Debug|x86.Build.0 = Debug|Any CPU
		{4DAF2966-1683-4B89-A36B-0F216197B961}.Release|Any CPU.ActiveCfg = Release|Any CPU
		{4DAF2966-1683-4B89-A36B-0F216197B961}.Release|Any CPU.Build.0 = Release|Any CPU
		{4DAF2966-1683-4B89-A36B-0F216197B961}.Release|ARM.ActiveCfg = Release|Any CPU
		{4DAF2966-1683-4B89-A36B-0F216197B961}.Release|ARM.Build.0 = Release|Any CPU
		{4DAF2966-1683-4B89-A36B-0F216197B961}.Release|x64.ActiveCfg = Release|Any CPU
		{4DAF2966-1683-4B89-A36B-0F216197B961}.Release|x64.Build.0 = Release|Any CPU
		{4DAF2966-1683-4B89-A36B-0F216197B961}.Release|x86.ActiveCfg = Release|Any CPU
		{4DAF2966-1683-4B89-A36B-0F216197B961}.Release|x86.Build.0 = Release|Any CPU
		{E7E9B1CF-8EFD-4E3A-A28B-481FD8E5D372}.Debug|Any CPU.ActiveCfg = Debug|Any CPU
		{E7E9B1CF-8EFD-4E3A-A28B-481FD8E5D372}.Debug|Any CPU.Build.0 = Debug|Any CPU
		{E7E9B1CF-8EFD-4E3A-A28B-481FD8E5D372}.Debug|ARM.ActiveCfg = Debug|Any CPU
		{E7E9B1CF-8EFD-4E3A-A28B-481FD8E5D372}.Debug|ARM.Build.0 = Debug|Any CPU
		{E7E9B1CF-8EFD-4E3A-A28B-481FD8E5D372}.Debug|x64.ActiveCfg = Debug|Any CPU
		{E7E9B1CF-8EFD-4E3A-A28B-481FD8E5D372}.Debug|x64.Build.0 = Debug|Any CPU
		{E7E9B1CF-8EFD-4E3A-A28B-481FD8E5D372}.Debug|x86.ActiveCfg = Debug|Any CPU
		{E7E9B1CF-8EFD-4E3A-A28B-481FD8E5D372}.Debug|x86.Build.0 = Debug|Any CPU
		{E7E9B1CF-8EFD-4E3A-A28B-481FD8E5D372}.Release|Any CPU.ActiveCfg = Release|Any CPU
		{E7E9B1CF-8EFD-4E3A-A28B-481FD8E5D372}.Release|Any CPU.Build.0 = Release|Any CPU
		{E7E9B1CF-8EFD-4E3A-A28B-481FD8E5D372}.Release|ARM.ActiveCfg = Release|Any CPU
		{E7E9B1CF-8EFD-4E3A-A28B-481FD8E5D372}.Release|ARM.Build.0 = Release|Any CPU
		{E7E9B1CF-8EFD-4E3A-A28B-481FD8E5D372}.Release|x64.ActiveCfg = Release|Any CPU
		{E7E9B1CF-8EFD-4E3A-A28B-481FD8E5D372}.Release|x86.ActiveCfg = Release|Any CPU
		{E7E9B1CF-8EFD-4E3A-A28B-481FD8E5D372}.Release|x86.Build.0 = Release|Any CPU
		{FDA95A63-22BA-4356-B248-0A1D30D8AEBC}.Debug|Any CPU.ActiveCfg = Debug|Any CPU
		{FDA95A63-22BA-4356-B248-0A1D30D8AEBC}.Debug|Any CPU.Build.0 = Debug|Any CPU
		{FDA95A63-22BA-4356-B248-0A1D30D8AEBC}.Debug|ARM.ActiveCfg = Debug|Any CPU
		{FDA95A63-22BA-4356-B248-0A1D30D8AEBC}.Debug|ARM.Build.0 = Debug|Any CPU
		{FDA95A63-22BA-4356-B248-0A1D30D8AEBC}.Debug|x64.ActiveCfg = Debug|Any CPU
		{FDA95A63-22BA-4356-B248-0A1D30D8AEBC}.Debug|x64.Build.0 = Debug|Any CPU
		{FDA95A63-22BA-4356-B248-0A1D30D8AEBC}.Debug|x86.ActiveCfg = Debug|Any CPU
		{FDA95A63-22BA-4356-B248-0A1D30D8AEBC}.Debug|x86.Build.0 = Debug|Any CPU
		{FDA95A63-22BA-4356-B248-0A1D30D8AEBC}.Release|Any CPU.ActiveCfg = Release|Any CPU
		{FDA95A63-22BA-4356-B248-0A1D30D8AEBC}.Release|Any CPU.Build.0 = Release|Any CPU
		{FDA95A63-22BA-4356-B248-0A1D30D8AEBC}.Release|ARM.ActiveCfg = Release|Any CPU
		{FDA95A63-22BA-4356-B248-0A1D30D8AEBC}.Release|ARM.Build.0 = Release|Any CPU
		{FDA95A63-22BA-4356-B248-0A1D30D8AEBC}.Release|x64.ActiveCfg = Release|Any CPU
		{FDA95A63-22BA-4356-B248-0A1D30D8AEBC}.Release|x64.Build.0 = Release|Any CPU
		{FDA95A63-22BA-4356-B248-0A1D30D8AEBC}.Release|x86.ActiveCfg = Release|Any CPU
		{FDA95A63-22BA-4356-B248-0A1D30D8AEBC}.Release|x86.Build.0 = Release|Any CPU
		{361031B7-10FD-438A-8DAF-9F38267EBD11}.Debug|Any CPU.ActiveCfg = Debug|Any CPU
		{361031B7-10FD-438A-8DAF-9F38267EBD11}.Debug|Any CPU.Build.0 = Debug|Any CPU
		{361031B7-10FD-438A-8DAF-9F38267EBD11}.Debug|ARM.ActiveCfg = Debug|Any CPU
		{361031B7-10FD-438A-8DAF-9F38267EBD11}.Debug|ARM.Build.0 = Debug|Any CPU
		{361031B7-10FD-438A-8DAF-9F38267EBD11}.Debug|x64.ActiveCfg = Debug|Any CPU
		{361031B7-10FD-438A-8DAF-9F38267EBD11}.Debug|x64.Build.0 = Debug|Any CPU
		{361031B7-10FD-438A-8DAF-9F38267EBD11}.Debug|x86.ActiveCfg = Debug|Any CPU
		{361031B7-10FD-438A-8DAF-9F38267EBD11}.Debug|x86.Build.0 = Debug|Any CPU
		{361031B7-10FD-438A-8DAF-9F38267EBD11}.Release|Any CPU.ActiveCfg = Release|Any CPU
		{361031B7-10FD-438A-8DAF-9F38267EBD11}.Release|Any CPU.Build.0 = Release|Any CPU
		{361031B7-10FD-438A-8DAF-9F38267EBD11}.Release|ARM.ActiveCfg = Release|Any CPU
		{361031B7-10FD-438A-8DAF-9F38267EBD11}.Release|ARM.Build.0 = Release|Any CPU
		{361031B7-10FD-438A-8DAF-9F38267EBD11}.Release|x64.ActiveCfg = Release|Any CPU
		{361031B7-10FD-438A-8DAF-9F38267EBD11}.Release|x64.Build.0 = Release|Any CPU
		{361031B7-10FD-438A-8DAF-9F38267EBD11}.Release|x86.ActiveCfg = Release|Any CPU
		{361031B7-10FD-438A-8DAF-9F38267EBD11}.Release|x86.Build.0 = Release|Any CPU
		{6A8C8D2D-33DB-40BB-AD31-162B846BB61D}.Debug|Any CPU.ActiveCfg = Debug|Any CPU
		{6A8C8D2D-33DB-40BB-AD31-162B846BB61D}.Debug|Any CPU.Build.0 = Debug|Any CPU
		{6A8C8D2D-33DB-40BB-AD31-162B846BB61D}.Debug|ARM.ActiveCfg = Debug|Any CPU
		{6A8C8D2D-33DB-40BB-AD31-162B846BB61D}.Debug|ARM.Build.0 = Debug|Any CPU
		{6A8C8D2D-33DB-40BB-AD31-162B846BB61D}.Debug|x64.ActiveCfg = Debug|Any CPU
		{6A8C8D2D-33DB-40BB-AD31-162B846BB61D}.Debug|x64.Build.0 = Debug|Any CPU
		{6A8C8D2D-33DB-40BB-AD31-162B846BB61D}.Debug|x86.ActiveCfg = Debug|Any CPU
		{6A8C8D2D-33DB-40BB-AD31-162B846BB61D}.Debug|x86.Build.0 = Debug|Any CPU
		{6A8C8D2D-33DB-40BB-AD31-162B846BB61D}.Release|Any CPU.ActiveCfg = Release|Any CPU
		{6A8C8D2D-33DB-40BB-AD31-162B846BB61D}.Release|Any CPU.Build.0 = Release|Any CPU
		{6A8C8D2D-33DB-40BB-AD31-162B846BB61D}.Release|ARM.ActiveCfg = Release|Any CPU
		{6A8C8D2D-33DB-40BB-AD31-162B846BB61D}.Release|ARM.Build.0 = Release|Any CPU
		{6A8C8D2D-33DB-40BB-AD31-162B846BB61D}.Release|x64.ActiveCfg = Release|Any CPU
		{6A8C8D2D-33DB-40BB-AD31-162B846BB61D}.Release|x64.Build.0 = Release|Any CPU
		{6A8C8D2D-33DB-40BB-AD31-162B846BB61D}.Release|x86.ActiveCfg = Release|Any CPU
		{6A8C8D2D-33DB-40BB-AD31-162B846BB61D}.Release|x86.Build.0 = Release|Any CPU
		{CFD7082A-3556-4656-8AE3-7096ABC3979F}.Debug|Any CPU.ActiveCfg = Debug|Any CPU
		{CFD7082A-3556-4656-8AE3-7096ABC3979F}.Debug|Any CPU.Build.0 = Debug|Any CPU
		{CFD7082A-3556-4656-8AE3-7096ABC3979F}.Debug|ARM.ActiveCfg = Debug|Any CPU
		{CFD7082A-3556-4656-8AE3-7096ABC3979F}.Debug|ARM.Build.0 = Debug|Any CPU
		{CFD7082A-3556-4656-8AE3-7096ABC3979F}.Debug|x64.ActiveCfg = Debug|Any CPU
		{CFD7082A-3556-4656-8AE3-7096ABC3979F}.Debug|x64.Build.0 = Debug|Any CPU
		{CFD7082A-3556-4656-8AE3-7096ABC3979F}.Debug|x86.ActiveCfg = Debug|Any CPU
		{CFD7082A-3556-4656-8AE3-7096ABC3979F}.Debug|x86.Build.0 = Debug|Any CPU
		{CFD7082A-3556-4656-8AE3-7096ABC3979F}.Release|Any CPU.ActiveCfg = Release|Any CPU
		{CFD7082A-3556-4656-8AE3-7096ABC3979F}.Release|Any CPU.Build.0 = Release|Any CPU
		{CFD7082A-3556-4656-8AE3-7096ABC3979F}.Release|ARM.ActiveCfg = Release|Any CPU
		{CFD7082A-3556-4656-8AE3-7096ABC3979F}.Release|ARM.Build.0 = Release|Any CPU
		{CFD7082A-3556-4656-8AE3-7096ABC3979F}.Release|x64.ActiveCfg = Release|Any CPU
		{CFD7082A-3556-4656-8AE3-7096ABC3979F}.Release|x64.Build.0 = Release|Any CPU
		{CFD7082A-3556-4656-8AE3-7096ABC3979F}.Release|x86.ActiveCfg = Release|Any CPU
		{CFD7082A-3556-4656-8AE3-7096ABC3979F}.Release|x86.Build.0 = Release|Any CPU
		{50473DB5-C28D-4AB2-9E99-FDB24EA95F3D}.Debug|Any CPU.ActiveCfg = Debug|Any CPU
		{50473DB5-C28D-4AB2-9E99-FDB24EA95F3D}.Debug|Any CPU.Build.0 = Debug|Any CPU
		{50473DB5-C28D-4AB2-9E99-FDB24EA95F3D}.Debug|ARM.ActiveCfg = Debug|Any CPU
		{50473DB5-C28D-4AB2-9E99-FDB24EA95F3D}.Debug|ARM.Build.0 = Debug|Any CPU
		{50473DB5-C28D-4AB2-9E99-FDB24EA95F3D}.Debug|x64.ActiveCfg = Debug|Any CPU
		{50473DB5-C28D-4AB2-9E99-FDB24EA95F3D}.Debug|x64.Build.0 = Debug|Any CPU
		{50473DB5-C28D-4AB2-9E99-FDB24EA95F3D}.Debug|x86.ActiveCfg = Debug|Any CPU
		{50473DB5-C28D-4AB2-9E99-FDB24EA95F3D}.Debug|x86.Build.0 = Debug|Any CPU
		{50473DB5-C28D-4AB2-9E99-FDB24EA95F3D}.Release|Any CPU.ActiveCfg = Release|Any CPU
		{50473DB5-C28D-4AB2-9E99-FDB24EA95F3D}.Release|Any CPU.Build.0 = Release|Any CPU
		{50473DB5-C28D-4AB2-9E99-FDB24EA95F3D}.Release|ARM.ActiveCfg = Release|Any CPU
		{50473DB5-C28D-4AB2-9E99-FDB24EA95F3D}.Release|ARM.Build.0 = Release|Any CPU
		{50473DB5-C28D-4AB2-9E99-FDB24EA95F3D}.Release|x64.ActiveCfg = Release|Any CPU
		{50473DB5-C28D-4AB2-9E99-FDB24EA95F3D}.Release|x64.Build.0 = Release|Any CPU
		{50473DB5-C28D-4AB2-9E99-FDB24EA95F3D}.Release|x86.ActiveCfg = Release|Any CPU
		{50473DB5-C28D-4AB2-9E99-FDB24EA95F3D}.Release|x86.Build.0 = Release|Any CPU
		{4AEB5DD5-A59E-49F8-8610-7DAA72C2081B}.Debug|Any CPU.ActiveCfg = Debug|Any CPU
		{4AEB5DD5-A59E-49F8-8610-7DAA72C2081B}.Debug|Any CPU.Build.0 = Debug|Any CPU
		{4AEB5DD5-A59E-49F8-8610-7DAA72C2081B}.Debug|ARM.ActiveCfg = Debug|Any CPU
		{4AEB5DD5-A59E-49F8-8610-7DAA72C2081B}.Debug|ARM.Build.0 = Debug|Any CPU
		{4AEB5DD5-A59E-49F8-8610-7DAA72C2081B}.Debug|x64.ActiveCfg = Debug|Any CPU
		{4AEB5DD5-A59E-49F8-8610-7DAA72C2081B}.Debug|x64.Build.0 = Debug|Any CPU
		{4AEB5DD5-A59E-49F8-8610-7DAA72C2081B}.Debug|x86.ActiveCfg = Debug|Any CPU
		{4AEB5DD5-A59E-49F8-8610-7DAA72C2081B}.Debug|x86.Build.0 = Debug|Any CPU
		{4AEB5DD5-A59E-49F8-8610-7DAA72C2081B}.Release|Any CPU.ActiveCfg = Release|Any CPU
		{4AEB5DD5-A59E-49F8-8610-7DAA72C2081B}.Release|Any CPU.Build.0 = Release|Any CPU
		{4AEB5DD5-A59E-49F8-8610-7DAA72C2081B}.Release|ARM.ActiveCfg = Release|Any CPU
		{4AEB5DD5-A59E-49F8-8610-7DAA72C2081B}.Release|ARM.Build.0 = Release|Any CPU
		{4AEB5DD5-A59E-49F8-8610-7DAA72C2081B}.Release|x64.ActiveCfg = Release|Any CPU
		{4AEB5DD5-A59E-49F8-8610-7DAA72C2081B}.Release|x64.Build.0 = Release|Any CPU
		{4AEB5DD5-A59E-49F8-8610-7DAA72C2081B}.Release|x86.ActiveCfg = Release|Any CPU
		{4AEB5DD5-A59E-49F8-8610-7DAA72C2081B}.Release|x86.Build.0 = Release|Any CPU
		{F1FE729B-FEF5-43DF-B7C9-3760F9C233EC}.Debug|Any CPU.ActiveCfg = Debug|Any CPU
		{F1FE729B-FEF5-43DF-B7C9-3760F9C233EC}.Debug|Any CPU.Build.0 = Debug|Any CPU
		{F1FE729B-FEF5-43DF-B7C9-3760F9C233EC}.Debug|ARM.ActiveCfg = Debug|Any CPU
		{F1FE729B-FEF5-43DF-B7C9-3760F9C233EC}.Debug|ARM.Build.0 = Debug|Any CPU
		{F1FE729B-FEF5-43DF-B7C9-3760F9C233EC}.Debug|x64.ActiveCfg = Debug|Any CPU
		{F1FE729B-FEF5-43DF-B7C9-3760F9C233EC}.Debug|x64.Build.0 = Debug|Any CPU
		{F1FE729B-FEF5-43DF-B7C9-3760F9C233EC}.Debug|x86.ActiveCfg = Debug|Any CPU
		{F1FE729B-FEF5-43DF-B7C9-3760F9C233EC}.Debug|x86.Build.0 = Debug|Any CPU
		{F1FE729B-FEF5-43DF-B7C9-3760F9C233EC}.Release|Any CPU.ActiveCfg = Release|Any CPU
		{F1FE729B-FEF5-43DF-B7C9-3760F9C233EC}.Release|Any CPU.Build.0 = Release|Any CPU
		{F1FE729B-FEF5-43DF-B7C9-3760F9C233EC}.Release|ARM.ActiveCfg = Release|Any CPU
		{F1FE729B-FEF5-43DF-B7C9-3760F9C233EC}.Release|ARM.Build.0 = Release|Any CPU
		{F1FE729B-FEF5-43DF-B7C9-3760F9C233EC}.Release|x64.ActiveCfg = Release|Any CPU
		{F1FE729B-FEF5-43DF-B7C9-3760F9C233EC}.Release|x64.Build.0 = Release|Any CPU
		{F1FE729B-FEF5-43DF-B7C9-3760F9C233EC}.Release|x86.ActiveCfg = Release|Any CPU
		{F1FE729B-FEF5-43DF-B7C9-3760F9C233EC}.Release|x86.Build.0 = Release|Any CPU
		{2DCDC52F-3144-49EB-A1CD-87F7BDC0BF07}.Debug|Any CPU.ActiveCfg = Debug|Any CPU
		{2DCDC52F-3144-49EB-A1CD-87F7BDC0BF07}.Debug|Any CPU.Build.0 = Debug|Any CPU
		{2DCDC52F-3144-49EB-A1CD-87F7BDC0BF07}.Debug|ARM.ActiveCfg = Debug|Any CPU
		{2DCDC52F-3144-49EB-A1CD-87F7BDC0BF07}.Debug|ARM.Build.0 = Debug|Any CPU
		{2DCDC52F-3144-49EB-A1CD-87F7BDC0BF07}.Debug|x64.ActiveCfg = Debug|Any CPU
		{2DCDC52F-3144-49EB-A1CD-87F7BDC0BF07}.Debug|x64.Build.0 = Debug|Any CPU
		{2DCDC52F-3144-49EB-A1CD-87F7BDC0BF07}.Debug|x86.ActiveCfg = Debug|Any CPU
		{2DCDC52F-3144-49EB-A1CD-87F7BDC0BF07}.Debug|x86.Build.0 = Debug|Any CPU
		{2DCDC52F-3144-49EB-A1CD-87F7BDC0BF07}.Release|Any CPU.ActiveCfg = Release|Any CPU
		{2DCDC52F-3144-49EB-A1CD-87F7BDC0BF07}.Release|Any CPU.Build.0 = Release|Any CPU
		{2DCDC52F-3144-49EB-A1CD-87F7BDC0BF07}.Release|ARM.ActiveCfg = Release|Any CPU
		{2DCDC52F-3144-49EB-A1CD-87F7BDC0BF07}.Release|ARM.Build.0 = Release|Any CPU
		{2DCDC52F-3144-49EB-A1CD-87F7BDC0BF07}.Release|x64.ActiveCfg = Release|Any CPU
		{2DCDC52F-3144-49EB-A1CD-87F7BDC0BF07}.Release|x64.Build.0 = Release|Any CPU
		{2DCDC52F-3144-49EB-A1CD-87F7BDC0BF07}.Release|x86.ActiveCfg = Release|Any CPU
		{2DCDC52F-3144-49EB-A1CD-87F7BDC0BF07}.Release|x86.Build.0 = Release|Any CPU
		{C4B15D99-4BA7-4AC0-9516-8719401F0455}.Debug|Any CPU.ActiveCfg = Debug|Any CPU
		{C4B15D99-4BA7-4AC0-9516-8719401F0455}.Debug|Any CPU.Build.0 = Debug|Any CPU
		{C4B15D99-4BA7-4AC0-9516-8719401F0455}.Debug|ARM.ActiveCfg = Debug|Any CPU
		{C4B15D99-4BA7-4AC0-9516-8719401F0455}.Debug|ARM.Build.0 = Debug|Any CPU
		{C4B15D99-4BA7-4AC0-9516-8719401F0455}.Debug|x64.ActiveCfg = Debug|Any CPU
		{C4B15D99-4BA7-4AC0-9516-8719401F0455}.Debug|x64.Build.0 = Debug|Any CPU
		{C4B15D99-4BA7-4AC0-9516-8719401F0455}.Debug|x86.ActiveCfg = Debug|Any CPU
		{C4B15D99-4BA7-4AC0-9516-8719401F0455}.Debug|x86.Build.0 = Debug|Any CPU
		{C4B15D99-4BA7-4AC0-9516-8719401F0455}.Release|Any CPU.ActiveCfg = Release|Any CPU
		{C4B15D99-4BA7-4AC0-9516-8719401F0455}.Release|Any CPU.Build.0 = Release|Any CPU
		{C4B15D99-4BA7-4AC0-9516-8719401F0455}.Release|ARM.ActiveCfg = Release|Any CPU
		{C4B15D99-4BA7-4AC0-9516-8719401F0455}.Release|ARM.Build.0 = Release|Any CPU
		{C4B15D99-4BA7-4AC0-9516-8719401F0455}.Release|x64.ActiveCfg = Release|Any CPU
		{C4B15D99-4BA7-4AC0-9516-8719401F0455}.Release|x64.Build.0 = Release|Any CPU
		{C4B15D99-4BA7-4AC0-9516-8719401F0455}.Release|x86.ActiveCfg = Release|Any CPU
		{C4B15D99-4BA7-4AC0-9516-8719401F0455}.Release|x86.Build.0 = Release|Any CPU
		{89DC17A7-971E-45C8-AF97-240A2A8EBDAC}.Debug|Any CPU.ActiveCfg = Debug|Any CPU
		{89DC17A7-971E-45C8-AF97-240A2A8EBDAC}.Debug|Any CPU.Build.0 = Debug|Any CPU
		{89DC17A7-971E-45C8-AF97-240A2A8EBDAC}.Debug|ARM.ActiveCfg = Debug|Any CPU
		{89DC17A7-971E-45C8-AF97-240A2A8EBDAC}.Debug|ARM.Build.0 = Debug|Any CPU
		{89DC17A7-971E-45C8-AF97-240A2A8EBDAC}.Debug|x64.ActiveCfg = Debug|Any CPU
		{89DC17A7-971E-45C8-AF97-240A2A8EBDAC}.Debug|x64.Build.0 = Debug|Any CPU
		{89DC17A7-971E-45C8-AF97-240A2A8EBDAC}.Debug|x86.ActiveCfg = Debug|Any CPU
		{89DC17A7-971E-45C8-AF97-240A2A8EBDAC}.Debug|x86.Build.0 = Debug|Any CPU
		{89DC17A7-971E-45C8-AF97-240A2A8EBDAC}.Release|Any CPU.ActiveCfg = Release|Any CPU
		{89DC17A7-971E-45C8-AF97-240A2A8EBDAC}.Release|Any CPU.Build.0 = Release|Any CPU
		{89DC17A7-971E-45C8-AF97-240A2A8EBDAC}.Release|ARM.ActiveCfg = Release|Any CPU
		{89DC17A7-971E-45C8-AF97-240A2A8EBDAC}.Release|ARM.Build.0 = Release|Any CPU
		{89DC17A7-971E-45C8-AF97-240A2A8EBDAC}.Release|x64.ActiveCfg = Release|Any CPU
		{89DC17A7-971E-45C8-AF97-240A2A8EBDAC}.Release|x64.Build.0 = Release|Any CPU
		{89DC17A7-971E-45C8-AF97-240A2A8EBDAC}.Release|x86.ActiveCfg = Release|Any CPU
		{89DC17A7-971E-45C8-AF97-240A2A8EBDAC}.Release|x86.Build.0 = Release|Any CPU
		{3036445D-2A99-4AE0-B047-7D7F202EBFA6}.Debug|Any CPU.ActiveCfg = Debug|Any CPU
		{3036445D-2A99-4AE0-B047-7D7F202EBFA6}.Debug|Any CPU.Build.0 = Debug|Any CPU
		{3036445D-2A99-4AE0-B047-7D7F202EBFA6}.Debug|ARM.ActiveCfg = Debug|Any CPU
		{3036445D-2A99-4AE0-B047-7D7F202EBFA6}.Debug|ARM.Build.0 = Debug|Any CPU
		{3036445D-2A99-4AE0-B047-7D7F202EBFA6}.Debug|x64.ActiveCfg = Debug|Any CPU
		{3036445D-2A99-4AE0-B047-7D7F202EBFA6}.Debug|x64.Build.0 = Debug|Any CPU
		{3036445D-2A99-4AE0-B047-7D7F202EBFA6}.Debug|x86.ActiveCfg = Debug|Any CPU
		{3036445D-2A99-4AE0-B047-7D7F202EBFA6}.Debug|x86.Build.0 = Debug|Any CPU
		{3036445D-2A99-4AE0-B047-7D7F202EBFA6}.Release|Any CPU.ActiveCfg = Release|Any CPU
		{3036445D-2A99-4AE0-B047-7D7F202EBFA6}.Release|Any CPU.Build.0 = Release|Any CPU
		{3036445D-2A99-4AE0-B047-7D7F202EBFA6}.Release|ARM.ActiveCfg = Release|Any CPU
		{3036445D-2A99-4AE0-B047-7D7F202EBFA6}.Release|ARM.Build.0 = Release|Any CPU
		{3036445D-2A99-4AE0-B047-7D7F202EBFA6}.Release|x64.ActiveCfg = Release|Any CPU
		{3036445D-2A99-4AE0-B047-7D7F202EBFA6}.Release|x64.Build.0 = Release|Any CPU
		{3036445D-2A99-4AE0-B047-7D7F202EBFA6}.Release|x86.ActiveCfg = Release|Any CPU
		{3036445D-2A99-4AE0-B047-7D7F202EBFA6}.Release|x86.Build.0 = Release|Any CPU
	EndGlobalSection
	GlobalSection(SolutionProperties) = preSolution
		HideSolutionNode = FALSE
	EndGlobalSection
	GlobalSection(NestedProjects) = preSolution
		{D5B36CD1-5B5D-4CE9-A673-209AD386D68A} = {0FB7CD6A-EE31-467D-A590-267DCD028618}
		{5A6A483A-527E-4B96-9174-F0E648BCA950} = {402B2669-D594-4DFA-965B-02A92626ADC6}
		{E3882222-BB73-4FBE-9185-BB5C76E56912} = {4FBC958A-4685-4DF2-8D4F-98850BAE61B3}
		{F6E4E1DF-ACC6-4DDE-912F-C6465CB3D393} = {4FBC958A-4685-4DF2-8D4F-98850BAE61B3}
		{C02F5C8B-16A0-4591-A65D-8A7E845D5F59} = {4FBC958A-4685-4DF2-8D4F-98850BAE61B3}
		{812E9C9B-C5AA-459B-9C30-FCAE79A0B3B9} = {9AEB4887-7C23-4992-A26D-A1E73DC4FE53}
		{CC70D894-EAFB-43F8-9DF3-3AC6DE95E093} = {402B2669-D594-4DFA-965B-02A92626ADC6}
		{B2B253FE-1A8D-473D-9501-748C2E37E34D} = {0FB7CD6A-EE31-467D-A590-267DCD028618}
		{11D9F155-69EA-4486-908B-51CB799E4E01} = {9C52D787-9819-4B89-989B-EEA6FEB20731}
		{ECE73C11-C9A0-4132-9FF3-DD52126846E5} = {0FB7CD6A-EE31-467D-A590-267DCD028618}
		{78C8F66C-3CCC-4EE3-8D97-9272D1D02FA7} = {9C52D787-9819-4B89-989B-EEA6FEB20731}
		{40EA5893-1C3F-4D11-9D2A-6E5529FEBB31} = {4FBC958A-4685-4DF2-8D4F-98850BAE61B3}
		{8A94810E-753B-4CB4-810A-1DF2745A885B} = {0FB7CD6A-EE31-467D-A590-267DCD028618}
		{FF37C4CF-FC13-4986-8FE5-1458A8676F2C} = {402B2669-D594-4DFA-965B-02A92626ADC6}
		{8580F123-1AA8-4FB0-BCEC-26BF04D64767} = {4FBC958A-4685-4DF2-8D4F-98850BAE61B3}
		{9B1D6729-66A0-4688-AC16-8C6B741B92A7} = {402B2669-D594-4DFA-965B-02A92626ADC6}
		{7F0C3E2D-9D30-4030-9D70-F13EFC27288C} = {9C52D787-9819-4B89-989B-EEA6FEB20731}
		{56EBB7A8-93E2-40E1-B887-A9E82C89FBFF} = {939E8104-3A37-41FC-A411-CAEE67A803B6}
		{3A619AFC-1FC1-4653-9AE9-F6C31B598A9B} = {402B2669-D594-4DFA-965B-02A92626ADC6}
		{D9B50EAF-4718-43C2-B34D-0E045D56B08E} = {939E8104-3A37-41FC-A411-CAEE67A803B6}
		{67810138-DACB-4A93-87FC-647BF73672AC} = {402B2669-D594-4DFA-965B-02A92626ADC6}
		{710AF1D3-1C65-4D1E-B6E9-A94AED61049E} = {0FB7CD6A-EE31-467D-A590-267DCD028618}
		{D62EEF15-D847-4422-B5DC-3505037BFA8C} = {9C52D787-9819-4B89-989B-EEA6FEB20731}
		{6B85D492-8683-4D76-83FA-FFBBB43DC701} = {402B2669-D594-4DFA-965B-02A92626ADC6}
		{4DAF2966-1683-4B89-A36B-0F216197B961} = {402B2669-D594-4DFA-965B-02A92626ADC6}
		{E7E9B1CF-8EFD-4E3A-A28B-481FD8E5D372} = {9C52D787-9819-4B89-989B-EEA6FEB20731}
		{FDA95A63-22BA-4356-B248-0A1D30D8AEBC} = {402B2669-D594-4DFA-965B-02A92626ADC6}
		{361031B7-10FD-438A-8DAF-9F38267EBD11} = {402B2669-D594-4DFA-965B-02A92626ADC6}
		{6A8C8D2D-33DB-40BB-AD31-162B846BB61D} = {402B2669-D594-4DFA-965B-02A92626ADC6}
		{CFD7082A-3556-4656-8AE3-7096ABC3979F} = {402B2669-D594-4DFA-965B-02A92626ADC6}
		{50473DB5-C28D-4AB2-9E99-FDB24EA95F3D} = {9C52D787-9819-4B89-989B-EEA6FEB20731}
		{4AEB5DD5-A59E-49F8-8610-7DAA72C2081B} = {9C52D787-9819-4B89-989B-EEA6FEB20731}
		{F1FE729B-FEF5-43DF-B7C9-3760F9C233EC} = {9C52D787-9819-4B89-989B-EEA6FEB20731}
		{2DCDC52F-3144-49EB-A1CD-87F7BDC0BF07} = {4FBC958A-4685-4DF2-8D4F-98850BAE61B3}
		{C4B15D99-4BA7-4AC0-9516-8719401F0455} = {402B2669-D594-4DFA-965B-02A92626ADC6}
		{89DC17A7-971E-45C8-AF97-240A2A8EBDAC} = {402B2669-D594-4DFA-965B-02A92626ADC6}
		{3036445D-2A99-4AE0-B047-7D7F202EBFA6} = {939E8104-3A37-41FC-A411-CAEE67A803B6}
	EndGlobalSection
	GlobalSection(ExtensibilityGlobals) = postSolution
		SolutionGuid = {1DF3960B-4FE5-4E56-92D4-2FC0A912E823}
	EndGlobalSection
EndGlobal
